// !$*UTF8*$!
{
	archiveVersion = 1;
	classes = {
	};
	objectVersion = 46;
	objects = {

/* Begin PBXBuildFile section */
		22222CB814F7E97F00210FBD /* KSHTMLWriterNormalSnippetTests.m in Sources */ = {isa = PBXBuildFile; fileRef = 22222CB514F7E97F00210FBD /* KSHTMLWriterNormalSnippetTests.m */; };
		22222CB914F7E97F00210FBD /* KSHTMLWriterPrettyPrintSnippetTests.m in Sources */ = {isa = PBXBuildFile; fileRef = 22222CB614F7E97F00210FBD /* KSHTMLWriterPrettyPrintSnippetTests.m */; };
		223269E814FA8125003055A2 /* ECParameterisedTestCase.m in Sources */ = {isa = PBXBuildFile; fileRef = 223269E714FA8125003055A2 /* ECParameterisedTestCase.m */; };
		22352B9414C6FCB00031F5DD /* Cocoa.framework in Frameworks */ = {isa = PBXBuildFile; fileRef = 22352B9314C6FCB00031F5DD /* Cocoa.framework */; };
		22352BA614C6FCB00031F5DD /* SenTestingKit.framework in Frameworks */ = {isa = PBXBuildFile; fileRef = 22352BA514C6FCB00031F5DD /* SenTestingKit.framework */; };
		22352BA714C6FCB00031F5DD /* Cocoa.framework in Frameworks */ = {isa = PBXBuildFile; fileRef = 22352B9314C6FCB00031F5DD /* Cocoa.framework */; };
		22352BAA14C6FCB00031F5DD /* libKSHTMLWriter.a in Frameworks */ = {isa = PBXBuildFile; fileRef = 22352B9014C6FCB00031F5DD /* libKSHTMLWriter.a */; };
		22352BD114C6FD260031F5DD /* KSCSSWriter.h in Headers */ = {isa = PBXBuildFile; fileRef = 22352BC014C6FD260031F5DD /* KSCSSWriter.h */; };
		22352BD214C6FD260031F5DD /* KSCSSWriter.m in Sources */ = {isa = PBXBuildFile; fileRef = 22352BC114C6FD260031F5DD /* KSCSSWriter.m */; };
		22352BD314C6FD260031F5DD /* KSXMLWriterDOMAdaptor.h in Headers */ = {isa = PBXBuildFile; fileRef = 22352BC314C6FD260031F5DD /* KSXMLWriterDOMAdaptor.h */; };
		22352BD414C6FD260031F5DD /* KSXMLWriterDOMAdaptor.m in Sources */ = {isa = PBXBuildFile; fileRef = 22352BC414C6FD260031F5DD /* KSXMLWriterDOMAdaptor.m */; };
		22352BD614C6FD260031F5DD /* KSHTMLWriter.h in Headers */ = {isa = PBXBuildFile; fileRef = 22352BC714C6FD260031F5DD /* KSHTMLWriter.h */; };
		22352BD714C6FD260031F5DD /* KSHTMLWriter.m in Sources */ = {isa = PBXBuildFile; fileRef = 22352BC814C6FD260031F5DD /* KSHTMLWriter.m */; };
		22352BD814C6FD260031F5DD /* KSStringXMLEntityEscaping.h in Headers */ = {isa = PBXBuildFile; fileRef = 22352BC914C6FD260031F5DD /* KSStringXMLEntityEscaping.h */; };
		22352BD914C6FD260031F5DD /* KSStringXMLEntityEscaping.m in Sources */ = {isa = PBXBuildFile; fileRef = 22352BCA14C6FD260031F5DD /* KSStringXMLEntityEscaping.m */; };
		22352BDA14C6FD260031F5DD /* KSXMLAttributes.h in Headers */ = {isa = PBXBuildFile; fileRef = 22352BCC14C6FD260031F5DD /* KSXMLAttributes.h */; };
		22352BDB14C6FD260031F5DD /* KSXMLAttributes.m in Sources */ = {isa = PBXBuildFile; fileRef = 22352BCD14C6FD260031F5DD /* KSXMLAttributes.m */; };
		22352BDC14C6FD260031F5DD /* KSXMLWriter.h in Headers */ = {isa = PBXBuildFile; fileRef = 22352BCE14C6FD260031F5DD /* KSXMLWriter.h */; };
		22352BDD14C6FD260031F5DD /* KSXMLWriter.m in Sources */ = {isa = PBXBuildFile; fileRef = 22352BCF14C6FD260031F5DD /* KSXMLWriter.m */; };
		2278062214F7B4F7001205E1 /* WebKit.framework in Frameworks */ = {isa = PBXBuildFile; fileRef = 22C1948714C709A1009A4406 /* WebKit.framework */; };
		22C1943E14C6FE9D009A4406 /* KSBufferedWriter.h in Headers */ = {isa = PBXBuildFile; fileRef = 22C1943214C6FE9D009A4406 /* KSBufferedWriter.h */; };
		22C1943F14C6FE9D009A4406 /* KSBufferedWriter.m in Sources */ = {isa = PBXBuildFile; fileRef = 22C1943314C6FE9D009A4406 /* KSBufferedWriter.m */; };
		22C1944014C6FE9D009A4406 /* KSForwardingWriter.h in Headers */ = {isa = PBXBuildFile; fileRef = 22C1943414C6FE9D009A4406 /* KSForwardingWriter.h */; };
		22C1944114C6FE9D009A4406 /* KSForwardingWriter.m in Sources */ = {isa = PBXBuildFile; fileRef = 22C1943514C6FE9D009A4406 /* KSForwardingWriter.m */; };
		22C1944214C6FE9D009A4406 /* KSMutableDataWriter.h in Headers */ = {isa = PBXBuildFile; fileRef = 22C1943614C6FE9D009A4406 /* KSMutableDataWriter.h */; };
		22C1944314C6FE9D009A4406 /* KSMutableDataWriter.m in Sources */ = {isa = PBXBuildFile; fileRef = 22C1943714C6FE9D009A4406 /* KSMutableDataWriter.m */; };
		22C1944414C6FE9D009A4406 /* KSOutputStreamWriter.h in Headers */ = {isa = PBXBuildFile; fileRef = 22C1943814C6FE9D009A4406 /* KSOutputStreamWriter.h */; };
		22C1944514C6FE9D009A4406 /* KSOutputStreamWriter.m in Sources */ = {isa = PBXBuildFile; fileRef = 22C1943914C6FE9D009A4406 /* KSOutputStreamWriter.m */; };
		22C1944614C6FE9D009A4406 /* KSStringWriter.h in Headers */ = {isa = PBXBuildFile; fileRef = 22C1943A14C6FE9D009A4406 /* KSStringWriter.h */; };
		22C1944714C6FE9D009A4406 /* KSStringWriter.m in Sources */ = {isa = PBXBuildFile; fileRef = 22C1943B14C6FE9D009A4406 /* KSStringWriter.m */; };
		22C1944814C6FE9D009A4406 /* KSWriter.h in Headers */ = {isa = PBXBuildFile; fileRef = 22C1943C14C6FE9D009A4406 /* KSWriter.h */; };
		22C1944914C6FE9D009A4406 /* KSWriter.m in Sources */ = {isa = PBXBuildFile; fileRef = 22C1943D14C6FE9D009A4406 /* KSWriter.m */; };
		22C91F0614F7BDBC00FCFF8F /* KSHTMLWriterSnippetTests.m in Sources */ = {isa = PBXBuildFile; fileRef = 22C91F0214F7BDBC00FCFF8F /* KSHTMLWriterSnippetTests.m */; };
		22C91F0814F7BDBC00FCFF8F /* KSXMLWriterCompoundTests.m in Sources */ = {isa = PBXBuildFile; fileRef = 22C91F0414F7BDBC00FCFF8F /* KSXMLWriterCompoundTests.m */; };
		22C91F0914F7BDBC00FCFF8F /* KSXMLWriterTests.m in Sources */ = {isa = PBXBuildFile; fileRef = 22C91F0514F7BDBC00FCFF8F /* KSXMLWriterTests.m */; };
		22C91F2A14F7BDCB00FCFF8F /* KSXMLWriterCompoundTests.plist in Resources */ = {isa = PBXBuildFile; fileRef = 22C91F0B14F7BDCB00FCFF8F /* KSXMLWriterCompoundTests.plist */; };
		22C91F2B14F7BDCB00FCFF8F /* KSHTMLWriterTests.plist in Resources */ = {isa = PBXBuildFile; fileRef = 22C91F0C14F7BDCB00FCFF8F /* KSHTMLWriterTests.plist */; };
		22C91F2C14F7BDCB00FCFF8F /* Simple.html in Resources */ = {isa = PBXBuildFile; fileRef = 22C91F0F14F7BDCB00FCFF8F /* Simple.html */; };
		22C91F2D14F7BDCB00FCFF8F /* input.html in Resources */ = {isa = PBXBuildFile; fileRef = 22C91F1214F7BDCB00FCFF8F /* input.html */; };
		22C91F2E14F7BDCB00FCFF8F /* output.html in Resources */ = {isa = PBXBuildFile; fileRef = 22C91F1314F7BDCB00FCFF8F /* output.html */; };
		22C91F2F14F7BDCB00FCFF8F /* input.html in Resources */ = {isa = PBXBuildFile; fileRef = 22C91F1514F7BDCB00FCFF8F /* input.html */; };
		22C91F3014F7BDCB00FCFF8F /* output.html in Resources */ = {isa = PBXBuildFile; fileRef = 22C91F1614F7BDCB00FCFF8F /* output.html */; };
		22C91F3114F7BDCB00FCFF8F /* input.html in Resources */ = {isa = PBXBuildFile; fileRef = 22C91F1814F7BDCB00FCFF8F /* input.html */; };
		22C91F3214F7BDCB00FCFF8F /* output.html in Resources */ = {isa = PBXBuildFile; fileRef = 22C91F1914F7BDCB00FCFF8F /* output.html */; };
		22C91F3314F7BDCB00FCFF8F /* input.html in Resources */ = {isa = PBXBuildFile; fileRef = 22C91F1B14F7BDCB00FCFF8F /* input.html */; };
		22C91F3414F7BDCB00FCFF8F /* output.html in Resources */ = {isa = PBXBuildFile; fileRef = 22C91F1C14F7BDCB00FCFF8F /* output.html */; };
		22C91F3514F7BDCB00FCFF8F /* input.html in Resources */ = {isa = PBXBuildFile; fileRef = 22C91F1E14F7BDCB00FCFF8F /* input.html */; };
		22C91F3614F7BDCB00FCFF8F /* output.html in Resources */ = {isa = PBXBuildFile; fileRef = 22C91F1F14F7BDCB00FCFF8F /* output.html */; };
		22C91F3714F7BDCB00FCFF8F /* input.html in Resources */ = {isa = PBXBuildFile; fileRef = 22C91F2114F7BDCB00FCFF8F /* input.html */; };
		22C91F3814F7BDCB00FCFF8F /* output.html in Resources */ = {isa = PBXBuildFile; fileRef = 22C91F2214F7BDCB00FCFF8F /* output.html */; };
		22C91F3914F7BDCB00FCFF8F /* input.html in Resources */ = {isa = PBXBuildFile; fileRef = 22C91F2414F7BDCB00FCFF8F /* input.html */; };
		22C91F3A14F7BDCB00FCFF8F /* output.html in Resources */ = {isa = PBXBuildFile; fileRef = 22C91F2514F7BDCB00FCFF8F /* output.html */; };
		22C91F3B14F7BDCB00FCFF8F /* input.html in Resources */ = {isa = PBXBuildFile; fileRef = 22C91F2714F7BDCB00FCFF8F /* input.html */; };
		22C91F3C14F7BDCB00FCFF8F /* output.html in Resources */ = {isa = PBXBuildFile; fileRef = 22C91F2814F7BDCB00FCFF8F /* output.html */; };
		22C91F3D14F7BDCB00FCFF8F /* Stub.html in Resources */ = {isa = PBXBuildFile; fileRef = 22C91F2914F7BDCB00FCFF8F /* Stub.html */; };
		22C91F4B14F7BEED00FCFF8F /* ECTestCase.m in Sources */ = {isa = PBXBuildFile; fileRef = 22C91F4314F7BEED00FCFF8F /* ECTestCase.m */; };
		22C91F4C14F7BEED00FCFF8F /* README.mdown in Resources */ = {isa = PBXBuildFile; fileRef = 22C91F4414F7BEED00FCFF8F /* README.mdown */; };
		22C91F4D14F7BEED00FCFF8F /* Test.bundle in Resources */ = {isa = PBXBuildFile; fileRef = 22C91F4614F7BEED00FCFF8F /* Test.bundle */; };
		22C91F4E14F7BEED00FCFF8F /* ocunit2junit.rb in Resources */ = {isa = PBXBuildFile; fileRef = 22C91F4814F7BEED00FCFF8F /* ocunit2junit.rb */; };
		22C91F4F14F7BEED00FCFF8F /* test-common.sh in Resources */ = {isa = PBXBuildFile; fileRef = 22C91F4914F7BEED00FCFF8F /* test-common.sh */; };
		22F1017414D1C6DB006E2E95 /* KSWriter.m in Sources */ = {isa = PBXBuildFile; fileRef = 22C1943D14C6FE9D009A4406 /* KSWriter.m */; };
		9FC4242E15F57A0F001B9220 /* Cocoa.framework in Frameworks */ = {isa = PBXBuildFile; fileRef = 22352B9314C6FCB00031F5DD /* Cocoa.framework */; };
		9FC4243415F57A0F001B9220 /* InfoPlist.strings in Resources */ = {isa = PBXBuildFile; fileRef = 9FC4243215F57A0F001B9220 /* InfoPlist.strings */; };
		9FC4243D15F5801E001B9220 /* KSCSSWriter.m in Sources */ = {isa = PBXBuildFile; fileRef = 22352BC114C6FD260031F5DD /* KSCSSWriter.m */; };
		9FC4243E15F5801E001B9220 /* KSXMLWriterDOMAdaptor.m in Sources */ = {isa = PBXBuildFile; fileRef = 22352BC414C6FD260031F5DD /* KSXMLWriterDOMAdaptor.m */; };
		9FC4243F15F5801E001B9220 /* KSHTMLWriter.m in Sources */ = {isa = PBXBuildFile; fileRef = 22352BC814C6FD260031F5DD /* KSHTMLWriter.m */; };
		9FC4244015F5801E001B9220 /* KSStringXMLEntityEscaping.m in Sources */ = {isa = PBXBuildFile; fileRef = 22352BCA14C6FD260031F5DD /* KSStringXMLEntityEscaping.m */; };
		9FC4244115F5801E001B9220 /* KSBufferedWriter.m in Sources */ = {isa = PBXBuildFile; fileRef = 22C1943314C6FE9D009A4406 /* KSBufferedWriter.m */; };
		9FC4244215F5801E001B9220 /* KSForwardingWriter.m in Sources */ = {isa = PBXBuildFile; fileRef = 22C1943514C6FE9D009A4406 /* KSForwardingWriter.m */; };
		9FC4244315F5801E001B9220 /* KSMutableDataWriter.m in Sources */ = {isa = PBXBuildFile; fileRef = 22C1943714C6FE9D009A4406 /* KSMutableDataWriter.m */; };
		9FC4244415F5801E001B9220 /* KSOutputStreamWriter.m in Sources */ = {isa = PBXBuildFile; fileRef = 22C1943914C6FE9D009A4406 /* KSOutputStreamWriter.m */; };
		9FC4244515F5801E001B9220 /* KSStringWriter.m in Sources */ = {isa = PBXBuildFile; fileRef = 22C1943B14C6FE9D009A4406 /* KSStringWriter.m */; };
		9FC4244615F5801E001B9220 /* KSWriter.m in Sources */ = {isa = PBXBuildFile; fileRef = 22C1943D14C6FE9D009A4406 /* KSWriter.m */; };
		9FC4244715F5801E001B9220 /* KSXMLAttributes.m in Sources */ = {isa = PBXBuildFile; fileRef = 22352BCD14C6FD260031F5DD /* KSXMLAttributes.m */; };
		9FC4244815F5801E001B9220 /* KSXMLWriter.m in Sources */ = {isa = PBXBuildFile; fileRef = 22352BCF14C6FD260031F5DD /* KSXMLWriter.m */; };
		9FC4244915F5802C001B9220 /* WebKit.framework in Frameworks */ = {isa = PBXBuildFile; fileRef = 22C1948714C709A1009A4406 /* WebKit.framework */; };
		9FC4244A15F5804A001B9220 /* KSCSSWriter.h in Headers */ = {isa = PBXBuildFile; fileRef = 22352BC014C6FD260031F5DD /* KSCSSWriter.h */; settings = {ATTRIBUTES = (Public, ); }; };
		9FC4244B15F5804A001B9220 /* KSXMLWriterDOMAdaptor.h in Headers */ = {isa = PBXBuildFile; fileRef = 22352BC314C6FD260031F5DD /* KSXMLWriterDOMAdaptor.h */; settings = {ATTRIBUTES = (Public, ); }; };
		9FC4244C15F5804A001B9220 /* KSHTMLWriter.h in Headers */ = {isa = PBXBuildFile; fileRef = 22352BC714C6FD260031F5DD /* KSHTMLWriter.h */; settings = {ATTRIBUTES = (Public, ); }; };
		9FC4244D15F5804A001B9220 /* KSStringXMLEntityEscaping.h in Headers */ = {isa = PBXBuildFile; fileRef = 22352BC914C6FD260031F5DD /* KSStringXMLEntityEscaping.h */; settings = {ATTRIBUTES = (Public, ); }; };
		9FC4244E15F5804A001B9220 /* KSBufferedWriter.h in Headers */ = {isa = PBXBuildFile; fileRef = 22C1943214C6FE9D009A4406 /* KSBufferedWriter.h */; settings = {ATTRIBUTES = (Public, ); }; };
		9FC4244F15F5804A001B9220 /* KSForwardingWriter.h in Headers */ = {isa = PBXBuildFile; fileRef = 22C1943414C6FE9D009A4406 /* KSForwardingWriter.h */; settings = {ATTRIBUTES = (Public, ); }; };
		9FC4245015F5804A001B9220 /* KSMutableDataWriter.h in Headers */ = {isa = PBXBuildFile; fileRef = 22C1943614C6FE9D009A4406 /* KSMutableDataWriter.h */; settings = {ATTRIBUTES = (Public, ); }; };
		9FC4245115F5804A001B9220 /* KSOutputStreamWriter.h in Headers */ = {isa = PBXBuildFile; fileRef = 22C1943814C6FE9D009A4406 /* KSOutputStreamWriter.h */; settings = {ATTRIBUTES = (Public, ); }; };
		9FC4245215F5804A001B9220 /* KSStringWriter.h in Headers */ = {isa = PBXBuildFile; fileRef = 22C1943A14C6FE9D009A4406 /* KSStringWriter.h */; settings = {ATTRIBUTES = (Public, ); }; };
		9FC4245315F5804A001B9220 /* KSWriter.h in Headers */ = {isa = PBXBuildFile; fileRef = 22C1943C14C6FE9D009A4406 /* KSWriter.h */; settings = {ATTRIBUTES = (Public, ); }; };
		9FC4245415F5804A001B9220 /* KSXMLAttributes.h in Headers */ = {isa = PBXBuildFile; fileRef = 22352BCC14C6FD260031F5DD /* KSXMLAttributes.h */; settings = {ATTRIBUTES = (Public, ); }; };
		9FC4245515F5804A001B9220 /* KSXMLWriter.h in Headers */ = {isa = PBXBuildFile; fileRef = 22352BCE14C6FD260031F5DD /* KSXMLWriter.h */; settings = {ATTRIBUTES = (Public, ); }; };
		9FC4245615F58067001B9220 /* KSHTMLWriterFramework.h in Headers */ = {isa = PBXBuildFile; fileRef = 9FC4243615F57A0F001B9220 /* KSHTMLWriterFramework.h */; settings = {ATTRIBUTES = (Public, ); }; };
		9FC4245715F5806E001B9220 /* KSHTMLWriterFramework.m in Sources */ = {isa = PBXBuildFile; fileRef = 9FC4243715F57A0F001B9220 /* KSHTMLWriterFramework.m */; };
/* End PBXBuildFile section */

/* Begin PBXContainerItemProxy section */
		22352BA814C6FCB00031F5DD /* PBXContainerItemProxy */ = {
			isa = PBXContainerItemProxy;
			containerPortal = 22352B8714C6FCAF0031F5DD /* Project object */;
			proxyType = 1;
			remoteGlobalIDString = 22352B8F14C6FCB00031F5DD;
			remoteInfo = KSHTMLWriter;
		};
/* End PBXContainerItemProxy section */

/* Begin PBXFileReference section */
		22222CB514F7E97F00210FBD /* KSHTMLWriterNormalSnippetTests.m */ = {isa = PBXFileReference; fileEncoding = 4; lastKnownFileType = sourcecode.c.objc; path = KSHTMLWriterNormalSnippetTests.m; sourceTree = "<group>"; };
		22222CB614F7E97F00210FBD /* KSHTMLWriterPrettyPrintSnippetTests.m */ = {isa = PBXFileReference; fileEncoding = 4; lastKnownFileType = sourcecode.c.objc; path = KSHTMLWriterPrettyPrintSnippetTests.m; sourceTree = "<group>"; };
		22222CB714F7E97F00210FBD /* KSHTMLWriterSnippetTests.h */ = {isa = PBXFileReference; fileEncoding = 4; lastKnownFileType = sourcecode.c.h; path = KSHTMLWriterSnippetTests.h; sourceTree = "<group>"; };
		223269E614FA8125003055A2 /* ECParameterisedTestCase.h */ = {isa = PBXFileReference; fileEncoding = 4; lastKnownFileType = sourcecode.c.h; path = ECParameterisedTestCase.h; sourceTree = "<group>"; };
		223269E714FA8125003055A2 /* ECParameterisedTestCase.m */ = {isa = PBXFileReference; fileEncoding = 4; lastKnownFileType = sourcecode.c.objc; path = ECParameterisedTestCase.m; sourceTree = "<group>"; };
		22352B9014C6FCB00031F5DD /* libKSHTMLWriter.a */ = {isa = PBXFileReference; explicitFileType = archive.ar; includeInIndex = 0; path = libKSHTMLWriter.a; sourceTree = BUILT_PRODUCTS_DIR; };
		22352B9314C6FCB00031F5DD /* Cocoa.framework */ = {isa = PBXFileReference; lastKnownFileType = wrapper.framework; name = Cocoa.framework; path = System/Library/Frameworks/Cocoa.framework; sourceTree = SDKROOT; };
		22352B9614C6FCB00031F5DD /* AppKit.framework */ = {isa = PBXFileReference; lastKnownFileType = wrapper.framework; name = AppKit.framework; path = System/Library/Frameworks/AppKit.framework; sourceTree = SDKROOT; };
		22352B9714C6FCB00031F5DD /* CoreData.framework */ = {isa = PBXFileReference; lastKnownFileType = wrapper.framework; name = CoreData.framework; path = System/Library/Frameworks/CoreData.framework; sourceTree = SDKROOT; };
		22352B9814C6FCB00031F5DD /* Foundation.framework */ = {isa = PBXFileReference; lastKnownFileType = wrapper.framework; name = Foundation.framework; path = System/Library/Frameworks/Foundation.framework; sourceTree = SDKROOT; };
		22352BA414C6FCB00031F5DD /* KSHTMLWriterTests.octest */ = {isa = PBXFileReference; explicitFileType = wrapper.cfbundle; includeInIndex = 0; path = KSHTMLWriterTests.octest; sourceTree = BUILT_PRODUCTS_DIR; };
		22352BA514C6FCB00031F5DD /* SenTestingKit.framework */ = {isa = PBXFileReference; lastKnownFileType = wrapper.framework; name = SenTestingKit.framework; path = Library/Frameworks/SenTestingKit.framework; sourceTree = DEVELOPER_DIR; };
		22352BC014C6FD260031F5DD /* KSCSSWriter.h */ = {isa = PBXFileReference; fileEncoding = 4; lastKnownFileType = sourcecode.c.h; path = KSCSSWriter.h; sourceTree = "<group>"; };
		22352BC114C6FD260031F5DD /* KSCSSWriter.m */ = {isa = PBXFileReference; fileEncoding = 4; lastKnownFileType = sourcecode.c.objc; path = KSCSSWriter.m; sourceTree = "<group>"; };
		22352BC314C6FD260031F5DD /* KSXMLWriterDOMAdaptor.h */ = {isa = PBXFileReference; fileEncoding = 4; lastKnownFileType = sourcecode.c.h; path = KSXMLWriterDOMAdaptor.h; sourceTree = "<group>"; };
		22352BC414C6FD260031F5DD /* KSXMLWriterDOMAdaptor.m */ = {isa = PBXFileReference; fileEncoding = 4; lastKnownFileType = sourcecode.c.objc; path = KSXMLWriterDOMAdaptor.m; sourceTree = "<group>"; };
		22352BC714C6FD260031F5DD /* KSHTMLWriter.h */ = {isa = PBXFileReference; fileEncoding = 4; lastKnownFileType = sourcecode.c.h; path = KSHTMLWriter.h; sourceTree = SOURCE_ROOT; };
		22352BC814C6FD260031F5DD /* KSHTMLWriter.m */ = {isa = PBXFileReference; fileEncoding = 4; lastKnownFileType = sourcecode.c.objc; path = KSHTMLWriter.m; sourceTree = SOURCE_ROOT; };
		22352BC914C6FD260031F5DD /* KSStringXMLEntityEscaping.h */ = {isa = PBXFileReference; fileEncoding = 4; lastKnownFileType = sourcecode.c.h; path = KSStringXMLEntityEscaping.h; sourceTree = SOURCE_ROOT; };
		22352BCA14C6FD260031F5DD /* KSStringXMLEntityEscaping.m */ = {isa = PBXFileReference; fileEncoding = 4; lastKnownFileType = sourcecode.c.objc; path = KSStringXMLEntityEscaping.m; sourceTree = SOURCE_ROOT; };
		22352BCC14C6FD260031F5DD /* KSXMLAttributes.h */ = {isa = PBXFileReference; fileEncoding = 4; lastKnownFileType = sourcecode.c.h; path = KSXMLAttributes.h; sourceTree = SOURCE_ROOT; };
		22352BCD14C6FD260031F5DD /* KSXMLAttributes.m */ = {isa = PBXFileReference; fileEncoding = 4; lastKnownFileType = sourcecode.c.objc; path = KSXMLAttributes.m; sourceTree = SOURCE_ROOT; };
		22352BCE14C6FD260031F5DD /* KSXMLWriter.h */ = {isa = PBXFileReference; fileEncoding = 4; lastKnownFileType = sourcecode.c.h; path = KSXMLWriter.h; sourceTree = SOURCE_ROOT; };
		22352BCF14C6FD260031F5DD /* KSXMLWriter.m */ = {isa = PBXFileReference; fileEncoding = 4; lastKnownFileType = sourcecode.c.objc; path = KSXMLWriter.m; sourceTree = SOURCE_ROOT; };
		22352BD014C6FD260031F5DD /* README.mdown */ = {isa = PBXFileReference; fileEncoding = 4; lastKnownFileType = text; path = README.mdown; sourceTree = SOURCE_ROOT; };
		2291487B14CD7A0A00EFB4AB /* README.mdown */ = {isa = PBXFileReference; lastKnownFileType = text; path = README.mdown; sourceTree = "<group>"; };
		22C18C0314D3001700AE57DA /* test.sh */ = {isa = PBXFileReference; lastKnownFileType = text.script.sh; path = test.sh; sourceTree = "<group>"; };
		22C1943214C6FE9D009A4406 /* KSBufferedWriter.h */ = {isa = PBXFileReference; fileEncoding = 4; lastKnownFileType = sourcecode.c.h; path = KSBufferedWriter.h; sourceTree = "<group>"; };
		22C1943314C6FE9D009A4406 /* KSBufferedWriter.m */ = {isa = PBXFileReference; fileEncoding = 4; lastKnownFileType = sourcecode.c.objc; path = KSBufferedWriter.m; sourceTree = "<group>"; };
		22C1943414C6FE9D009A4406 /* KSForwardingWriter.h */ = {isa = PBXFileReference; fileEncoding = 4; lastKnownFileType = sourcecode.c.h; path = KSForwardingWriter.h; sourceTree = "<group>"; };
		22C1943514C6FE9D009A4406 /* KSForwardingWriter.m */ = {isa = PBXFileReference; fileEncoding = 4; lastKnownFileType = sourcecode.c.objc; path = KSForwardingWriter.m; sourceTree = "<group>"; };
		22C1943614C6FE9D009A4406 /* KSMutableDataWriter.h */ = {isa = PBXFileReference; fileEncoding = 4; lastKnownFileType = sourcecode.c.h; path = KSMutableDataWriter.h; sourceTree = "<group>"; };
		22C1943714C6FE9D009A4406 /* KSMutableDataWriter.m */ = {isa = PBXFileReference; fileEncoding = 4; lastKnownFileType = sourcecode.c.objc; path = KSMutableDataWriter.m; sourceTree = "<group>"; };
		22C1943814C6FE9D009A4406 /* KSOutputStreamWriter.h */ = {isa = PBXFileReference; fileEncoding = 4; lastKnownFileType = sourcecode.c.h; path = KSOutputStreamWriter.h; sourceTree = "<group>"; };
		22C1943914C6FE9D009A4406 /* KSOutputStreamWriter.m */ = {isa = PBXFileReference; fileEncoding = 4; lastKnownFileType = sourcecode.c.objc; path = KSOutputStreamWriter.m; sourceTree = "<group>"; };
		22C1943A14C6FE9D009A4406 /* KSStringWriter.h */ = {isa = PBXFileReference; fileEncoding = 4; lastKnownFileType = sourcecode.c.h; path = KSStringWriter.h; sourceTree = "<group>"; };
		22C1943B14C6FE9D009A4406 /* KSStringWriter.m */ = {isa = PBXFileReference; fileEncoding = 4; lastKnownFileType = sourcecode.c.objc; path = KSStringWriter.m; sourceTree = "<group>"; };
		22C1943C14C6FE9D009A4406 /* KSWriter.h */ = {isa = PBXFileReference; fileEncoding = 4; lastKnownFileType = sourcecode.c.h; path = KSWriter.h; sourceTree = "<group>"; };
		22C1943D14C6FE9D009A4406 /* KSWriter.m */ = {isa = PBXFileReference; fileEncoding = 4; lastKnownFileType = sourcecode.c.objc; path = KSWriter.m; sourceTree = "<group>"; };
		22C1948714C709A1009A4406 /* WebKit.framework */ = {isa = PBXFileReference; lastKnownFileType = wrapper.framework; name = WebKit.framework; path = System/Library/Frameworks/WebKit.framework; sourceTree = SDKROOT; };
		22C91F0214F7BDBC00FCFF8F /* KSHTMLWriterSnippetTests.m */ = {isa = PBXFileReference; fileEncoding = 4; lastKnownFileType = sourcecode.c.objc; path = KSHTMLWriterSnippetTests.m; sourceTree = "<group>"; };
		22C91F0414F7BDBC00FCFF8F /* KSXMLWriterCompoundTests.m */ = {isa = PBXFileReference; fileEncoding = 4; lastKnownFileType = sourcecode.c.objc; path = KSXMLWriterCompoundTests.m; sourceTree = "<group>"; };
		22C91F0514F7BDBC00FCFF8F /* KSXMLWriterTests.m */ = {isa = PBXFileReference; fileEncoding = 4; lastKnownFileType = sourcecode.c.objc; path = KSXMLWriterTests.m; sourceTree = "<group>"; };
		22C91F0B14F7BDCB00FCFF8F /* KSXMLWriterCompoundTests.plist */ = {isa = PBXFileReference; fileEncoding = 4; lastKnownFileType = text.plist.xml; path = KSXMLWriterCompoundTests.plist; sourceTree = "<group>"; };
		22C91F0C14F7BDCB00FCFF8F /* KSHTMLWriterTests.plist */ = {isa = PBXFileReference; fileEncoding = 4; lastKnownFileType = text.plist.xml; path = KSHTMLWriterTests.plist; sourceTree = "<group>"; };
		22C91F0F14F7BDCB00FCFF8F /* Simple.html */ = {isa = PBXFileReference; fileEncoding = 4; lastKnownFileType = text.html; path = Simple.html; sourceTree = "<group>"; };
		22C91F1214F7BDCB00FCFF8F /* input.html */ = {isa = PBXFileReference; fileEncoding = 4; lastKnownFileType = text.html; path = input.html; sourceTree = "<group>"; };
		22C91F1314F7BDCB00FCFF8F /* output.html */ = {isa = PBXFileReference; fileEncoding = 4; lastKnownFileType = text.html; path = output.html; sourceTree = "<group>"; };
		22C91F1514F7BDCB00FCFF8F /* input.html */ = {isa = PBXFileReference; fileEncoding = 4; lastKnownFileType = text.html; path = input.html; sourceTree = "<group>"; };
		22C91F1614F7BDCB00FCFF8F /* output.html */ = {isa = PBXFileReference; fileEncoding = 4; lastKnownFileType = text.html; path = output.html; sourceTree = "<group>"; };
		22C91F1814F7BDCB00FCFF8F /* input.html */ = {isa = PBXFileReference; fileEncoding = 4; lastKnownFileType = text.html; path = input.html; sourceTree = "<group>"; };
		22C91F1914F7BDCB00FCFF8F /* output.html */ = {isa = PBXFileReference; fileEncoding = 4; lastKnownFileType = text.html; path = output.html; sourceTree = "<group>"; };
		22C91F1B14F7BDCB00FCFF8F /* input.html */ = {isa = PBXFileReference; fileEncoding = 4; lastKnownFileType = text.html; path = input.html; sourceTree = "<group>"; };
		22C91F1C14F7BDCB00FCFF8F /* output.html */ = {isa = PBXFileReference; fileEncoding = 4; lastKnownFileType = text.html; path = output.html; sourceTree = "<group>"; };
		22C91F1E14F7BDCB00FCFF8F /* input.html */ = {isa = PBXFileReference; fileEncoding = 4; lastKnownFileType = text.html; path = input.html; sourceTree = "<group>"; };
		22C91F1F14F7BDCB00FCFF8F /* output.html */ = {isa = PBXFileReference; fileEncoding = 4; lastKnownFileType = text.html; path = output.html; sourceTree = "<group>"; };
		22C91F2114F7BDCB00FCFF8F /* input.html */ = {isa = PBXFileReference; fileEncoding = 4; lastKnownFileType = text.html; path = input.html; sourceTree = "<group>"; };
		22C91F2214F7BDCB00FCFF8F /* output.html */ = {isa = PBXFileReference; fileEncoding = 4; lastKnownFileType = text.html; path = output.html; sourceTree = "<group>"; };
		22C91F2414F7BDCB00FCFF8F /* input.html */ = {isa = PBXFileReference; fileEncoding = 4; lastKnownFileType = text.html; path = input.html; sourceTree = "<group>"; };
		22C91F2514F7BDCB00FCFF8F /* output.html */ = {isa = PBXFileReference; fileEncoding = 4; lastKnownFileType = text.html; path = output.html; sourceTree = "<group>"; };
		22C91F2714F7BDCB00FCFF8F /* input.html */ = {isa = PBXFileReference; fileEncoding = 4; lastKnownFileType = text.html; path = input.html; sourceTree = "<group>"; };
		22C91F2814F7BDCB00FCFF8F /* output.html */ = {isa = PBXFileReference; fileEncoding = 4; lastKnownFileType = text.html; path = output.html; sourceTree = "<group>"; };
		22C91F2914F7BDCB00FCFF8F /* Stub.html */ = {isa = PBXFileReference; fileEncoding = 4; lastKnownFileType = text.html; path = Stub.html; sourceTree = "<group>"; };
		22C91F4214F7BEED00FCFF8F /* ECTestCase.h */ = {isa = PBXFileReference; fileEncoding = 4; lastKnownFileType = sourcecode.c.h; path = ECTestCase.h; sourceTree = "<group>"; };
		22C91F4314F7BEED00FCFF8F /* ECTestCase.m */ = {isa = PBXFileReference; fileEncoding = 4; lastKnownFileType = sourcecode.c.objc; path = ECTestCase.m; sourceTree = "<group>"; };
		22C91F4414F7BEED00FCFF8F /* README.mdown */ = {isa = PBXFileReference; fileEncoding = 4; lastKnownFileType = text; name = README.mdown; path = ../README.mdown; sourceTree = "<group>"; };
		22C91F4614F7BEED00FCFF8F /* Test.bundle */ = {isa = PBXFileReference; lastKnownFileType = "wrapper.plug-in"; path = Test.bundle; sourceTree = "<group>"; };
		22C91F4814F7BEED00FCFF8F /* ocunit2junit.rb */ = {isa = PBXFileReference; fileEncoding = 4; lastKnownFileType = text.script.ruby; path = ocunit2junit.rb; sourceTree = "<group>"; };
		22C91F4914F7BEED00FCFF8F /* test-common.sh */ = {isa = PBXFileReference; fileEncoding = 4; lastKnownFileType = text.script.sh; path = "test-common.sh"; sourceTree = "<group>"; };
		9FC4242D15F57A0F001B9220 /* KSHTMLWriterFramework.framework */ = {isa = PBXFileReference; explicitFileType = wrapper.framework; includeInIndex = 0; path = KSHTMLWriterFramework.framework; sourceTree = BUILT_PRODUCTS_DIR; };
		9FC4243115F57A0F001B9220 /* KSHTMLWriterFramework-Info.plist */ = {isa = PBXFileReference; lastKnownFileType = text.plist.xml; path = "KSHTMLWriterFramework-Info.plist"; sourceTree = "<group>"; };
		9FC4243315F57A0F001B9220 /* en */ = {isa = PBXFileReference; lastKnownFileType = text.plist.strings; name = en; path = en.lproj/InfoPlist.strings; sourceTree = "<group>"; };
		9FC4243515F57A0F001B9220 /* KSHTMLWriterFramework-Prefix.pch */ = {isa = PBXFileReference; lastKnownFileType = sourcecode.c.h; path = "KSHTMLWriterFramework-Prefix.pch"; sourceTree = "<group>"; };
		9FC4243615F57A0F001B9220 /* KSHTMLWriterFramework.h */ = {isa = PBXFileReference; lastKnownFileType = sourcecode.c.h; path = KSHTMLWriterFramework.h; sourceTree = "<group>"; };
		9FC4243715F57A0F001B9220 /* KSHTMLWriterFramework.m */ = {isa = PBXFileReference; lastKnownFileType = sourcecode.c.objc; path = KSHTMLWriterFramework.m; sourceTree = "<group>"; };
/* End PBXFileReference section */

/* Begin PBXFrameworksBuildPhase section */
		22352B8D14C6FCB00031F5DD /* Frameworks */ = {
			isa = PBXFrameworksBuildPhase;
			buildActionMask = 2147483647;
			files = (
				22352B9414C6FCB00031F5DD /* Cocoa.framework in Frameworks */,
			);
			runOnlyForDeploymentPostprocessing = 0;
		};
		22352BA014C6FCB00031F5DD /* Frameworks */ = {
			isa = PBXFrameworksBuildPhase;
			buildActionMask = 2147483647;
			files = (
				22352BA614C6FCB00031F5DD /* SenTestingKit.framework in Frameworks */,
				22352BA714C6FCB00031F5DD /* Cocoa.framework in Frameworks */,
				22352BAA14C6FCB00031F5DD /* libKSHTMLWriter.a in Frameworks */,
				2278062214F7B4F7001205E1 /* WebKit.framework in Frameworks */,
			);
			runOnlyForDeploymentPostprocessing = 0;
		};
		9FC4242915F57A0F001B9220 /* Frameworks */ = {
			isa = PBXFrameworksBuildPhase;
			buildActionMask = 2147483647;
			files = (
				9FC4244915F5802C001B9220 /* WebKit.framework in Frameworks */,
				9FC4242E15F57A0F001B9220 /* Cocoa.framework in Frameworks */,
			);
			runOnlyForDeploymentPostprocessing = 0;
		};
/* End PBXFrameworksBuildPhase section */

/* Begin PBXGroup section */
		22352B8514C6FCAF0031F5DD = {
			isa = PBXGroup;
			children = (
				22352BD014C6FD260031F5DD /* README.mdown */,
				22352B9914C6FCB00031F5DD /* KSHTMLWriter */,
				22352BAB14C6FCB00031F5DD /* Tests */,
				9FC4242F15F57A0F001B9220 /* KSHTMLWriterFramework */,
				22352B9214C6FCB00031F5DD /* Frameworks */,
				22352B9114C6FCB00031F5DD /* Products */,
			);
			sourceTree = "<group>";
		};
		22352B9114C6FCB00031F5DD /* Products */ = {
			isa = PBXGroup;
			children = (
				22352B9014C6FCB00031F5DD /* libKSHTMLWriter.a */,
				22352BA414C6FCB00031F5DD /* KSHTMLWriterTests.octest */,
				9FC4242D15F57A0F001B9220 /* KSHTMLWriterFramework.framework */,
			);
			name = Products;
			sourceTree = "<group>";
		};
		22352B9214C6FCB00031F5DD /* Frameworks */ = {
			isa = PBXGroup;
			children = (
				22C1948714C709A1009A4406 /* WebKit.framework */,
				22352B9314C6FCB00031F5DD /* Cocoa.framework */,
				22352BA514C6FCB00031F5DD /* SenTestingKit.framework */,
				22352B9514C6FCB00031F5DD /* Other Frameworks */,
			);
			name = Frameworks;
			sourceTree = "<group>";
		};
		22352B9514C6FCB00031F5DD /* Other Frameworks */ = {
			isa = PBXGroup;
			children = (
				22352B9614C6FCB00031F5DD /* AppKit.framework */,
				22352B9714C6FCB00031F5DD /* CoreData.framework */,
				22352B9814C6FCB00031F5DD /* Foundation.framework */,
			);
			name = "Other Frameworks";
			sourceTree = "<group>";
		};
		22352B9914C6FCB00031F5DD /* KSHTMLWriter */ = {
			isa = PBXGroup;
			children = (
				22352BBF14C6FD260031F5DD /* CSS */,
				22352BC214C6FD260031F5DD /* DOM */,
				22352BC714C6FD260031F5DD /* KSHTMLWriter.h */,
				22352BC814C6FD260031F5DD /* KSHTMLWriter.m */,
				22352BC914C6FD260031F5DD /* KSStringXMLEntityEscaping.h */,
				22352BCA14C6FD260031F5DD /* KSStringXMLEntityEscaping.m */,
				22352BCB14C6FD260031F5DD /* KSWriter */,
				22352BCC14C6FD260031F5DD /* KSXMLAttributes.h */,
				22352BCD14C6FD260031F5DD /* KSXMLAttributes.m */,
				22352BCE14C6FD260031F5DD /* KSXMLWriter.h */,
				22352BCF14C6FD260031F5DD /* KSXMLWriter.m */,
			);
			path = KSHTMLWriter;
			sourceTree = "<group>";
		};
		22352BAB14C6FCB00031F5DD /* Tests */ = {
			isa = PBXGroup;
			children = (
				2291487B14CD7A0A00EFB4AB /* README.mdown */,
				22C91F0114F7BDBC00FCFF8F /* Classes */,
				22C91F0A14F7BDCB00FCFF8F /* Resources */,
				22C91F3E14F7BEED00FCFF8F /* ECUnitTests */,
				22C18C0014D3001700AE57DA /* Scripts */,
			);
			path = Tests;
			sourceTree = "<group>";
		};
		22352BBF14C6FD260031F5DD /* CSS */ = {
			isa = PBXGroup;
			children = (
				22352BC014C6FD260031F5DD /* KSCSSWriter.h */,
				22352BC114C6FD260031F5DD /* KSCSSWriter.m */,
			);
			path = CSS;
			sourceTree = SOURCE_ROOT;
		};
		22352BC214C6FD260031F5DD /* DOM */ = {
			isa = PBXGroup;
			children = (
				22352BC314C6FD260031F5DD /* KSXMLWriterDOMAdaptor.h */,
				22352BC414C6FD260031F5DD /* KSXMLWriterDOMAdaptor.m */,
			);
			path = DOM;
			sourceTree = SOURCE_ROOT;
		};
		22352BCB14C6FD260031F5DD /* KSWriter */ = {
			isa = PBXGroup;
			children = (
				22C1943214C6FE9D009A4406 /* KSBufferedWriter.h */,
				22C1943314C6FE9D009A4406 /* KSBufferedWriter.m */,
				22C1943414C6FE9D009A4406 /* KSForwardingWriter.h */,
				22C1943514C6FE9D009A4406 /* KSForwardingWriter.m */,
				22C1943614C6FE9D009A4406 /* KSMutableDataWriter.h */,
				22C1943714C6FE9D009A4406 /* KSMutableDataWriter.m */,
				22C1943814C6FE9D009A4406 /* KSOutputStreamWriter.h */,
				22C1943914C6FE9D009A4406 /* KSOutputStreamWriter.m */,
				22C1943A14C6FE9D009A4406 /* KSStringWriter.h */,
				22C1943B14C6FE9D009A4406 /* KSStringWriter.m */,
				22C1943C14C6FE9D009A4406 /* KSWriter.h */,
				22C1943D14C6FE9D009A4406 /* KSWriter.m */,
			);
			path = KSWriter;
			sourceTree = SOURCE_ROOT;
		};
		22C18C0014D3001700AE57DA /* Scripts */ = {
			isa = PBXGroup;
			children = (
				22C18C0314D3001700AE57DA /* test.sh */,
			);
			path = Scripts;
			sourceTree = "<group>";
		};
		22C91F0114F7BDBC00FCFF8F /* Classes */ = {
			isa = PBXGroup;
			children = (
				22222CB514F7E97F00210FBD /* KSHTMLWriterNormalSnippetTests.m */,
				22222CB614F7E97F00210FBD /* KSHTMLWriterPrettyPrintSnippetTests.m */,
				22222CB714F7E97F00210FBD /* KSHTMLWriterSnippetTests.h */,
				22C91F0214F7BDBC00FCFF8F /* KSHTMLWriterSnippetTests.m */,
				22C91F0414F7BDBC00FCFF8F /* KSXMLWriterCompoundTests.m */,
				22C91F0514F7BDBC00FCFF8F /* KSXMLWriterTests.m */,
			);
			path = Classes;
			sourceTree = "<group>";
		};
		22C91F0A14F7BDCB00FCFF8F /* Resources */ = {
			isa = PBXGroup;
			children = (
				22C91F0B14F7BDCB00FCFF8F /* KSXMLWriterCompoundTests.plist */,
				22C91F0C14F7BDCB00FCFF8F /* KSHTMLWriterTests.plist */,
				22C91F0D14F7BDCB00FCFF8F /* Snippets */,
				22C91F2914F7BDCB00FCFF8F /* Stub.html */,
			);
			path = Resources;
			sourceTree = "<group>";
		};
		22C91F0D14F7BDCB00FCFF8F /* Snippets */ = {
			isa = PBXGroup;
			children = (
				22C91F0E14F7BDCB00FCFF8F /* Normal */,
				22C91F1014F7BDCB00FCFF8F /* Pretty */,
			);
			path = Snippets;
			sourceTree = "<group>";
		};
		22C91F0E14F7BDCB00FCFF8F /* Normal */ = {
			isa = PBXGroup;
			children = (
				22C91F0F14F7BDCB00FCFF8F /* Simple.html */,
			);
			path = Normal;
			sourceTree = "<group>";
		};
		22C91F1014F7BDCB00FCFF8F /* Pretty */ = {
			isa = PBXGroup;
			children = (
				22C91F1114F7BDCB00FCFF8F /* DeepIndent */,
				22C91F1414F7BDCB00FCFF8F /* ExtraNewlines */,
				22C91F1714F7BDCB00FCFF8F /* Paragraphs */,
				22C91F1A14F7BDCB00FCFF8F /* WhitespaceAfter */,
				22C91F1D14F7BDCB00FCFF8F /* WhitespaceBefore */,
				22C91F2014F7BDCB00FCFF8F /* WhitespaceBeforeAfterAndInside */,
				22C91F2314F7BDCB00FCFF8F /* WhitespaceBeforeAndAfter */,
				22C91F2614F7BDCB00FCFF8F /* WhitespaceInside */,
			);
			path = Pretty;
			sourceTree = "<group>";
		};
		22C91F1114F7BDCB00FCFF8F /* DeepIndent */ = {
			isa = PBXGroup;
			children = (
				22C91F1214F7BDCB00FCFF8F /* input.html */,
				22C91F1314F7BDCB00FCFF8F /* output.html */,
			);
			path = DeepIndent;
			sourceTree = "<group>";
		};
		22C91F1414F7BDCB00FCFF8F /* ExtraNewlines */ = {
			isa = PBXGroup;
			children = (
				22C91F1514F7BDCB00FCFF8F /* input.html */,
				22C91F1614F7BDCB00FCFF8F /* output.html */,
			);
			path = ExtraNewlines;
			sourceTree = "<group>";
		};
		22C91F1714F7BDCB00FCFF8F /* Paragraphs */ = {
			isa = PBXGroup;
			children = (
				22C91F1814F7BDCB00FCFF8F /* input.html */,
				22C91F1914F7BDCB00FCFF8F /* output.html */,
			);
			path = Paragraphs;
			sourceTree = "<group>";
		};
		22C91F1A14F7BDCB00FCFF8F /* WhitespaceAfter */ = {
			isa = PBXGroup;
			children = (
				22C91F1B14F7BDCB00FCFF8F /* input.html */,
				22C91F1C14F7BDCB00FCFF8F /* output.html */,
			);
			path = WhitespaceAfter;
			sourceTree = "<group>";
		};
		22C91F1D14F7BDCB00FCFF8F /* WhitespaceBefore */ = {
			isa = PBXGroup;
			children = (
				22C91F1E14F7BDCB00FCFF8F /* input.html */,
				22C91F1F14F7BDCB00FCFF8F /* output.html */,
			);
			path = WhitespaceBefore;
			sourceTree = "<group>";
		};
		22C91F2014F7BDCB00FCFF8F /* WhitespaceBeforeAfterAndInside */ = {
			isa = PBXGroup;
			children = (
				22C91F2114F7BDCB00FCFF8F /* input.html */,
				22C91F2214F7BDCB00FCFF8F /* output.html */,
			);
			path = WhitespaceBeforeAfterAndInside;
			sourceTree = "<group>";
		};
		22C91F2314F7BDCB00FCFF8F /* WhitespaceBeforeAndAfter */ = {
			isa = PBXGroup;
			children = (
				22C91F2414F7BDCB00FCFF8F /* input.html */,
				22C91F2514F7BDCB00FCFF8F /* output.html */,
			);
			path = WhitespaceBeforeAndAfter;
			sourceTree = "<group>";
		};
		22C91F2614F7BDCB00FCFF8F /* WhitespaceInside */ = {
			isa = PBXGroup;
			children = (
				22C91F2714F7BDCB00FCFF8F /* input.html */,
				22C91F2814F7BDCB00FCFF8F /* output.html */,
			);
			path = WhitespaceInside;
			sourceTree = "<group>";
		};
		22C91F3E14F7BEED00FCFF8F /* ECUnitTests */ = {
			isa = PBXGroup;
			children = (
				22C91F4414F7BEED00FCFF8F /* README.mdown */,
				22C91F3F14F7BEED00FCFF8F /* Generic */,
				22C91F4514F7BEED00FCFF8F /* Resources */,
				22C91F4714F7BEED00FCFF8F /* Scripts */,
			);
			path = ECUnitTests;
			sourceTree = "<group>";
		};
		22C91F3F14F7BEED00FCFF8F /* Generic */ = {
			isa = PBXGroup;
			children = (
				223269E614FA8125003055A2 /* ECParameterisedTestCase.h */,
				223269E714FA8125003055A2 /* ECParameterisedTestCase.m */,
				22C91F4214F7BEED00FCFF8F /* ECTestCase.h */,
				22C91F4314F7BEED00FCFF8F /* ECTestCase.m */,
			);
			path = Generic;
			sourceTree = "<group>";
		};
		22C91F4514F7BEED00FCFF8F /* Resources */ = {
			isa = PBXGroup;
			children = (
				22C91F4614F7BEED00FCFF8F /* Test.bundle */,
			);
			path = Resources;
			sourceTree = "<group>";
		};
		22C91F4714F7BEED00FCFF8F /* Scripts */ = {
			isa = PBXGroup;
			children = (
				22C91F4814F7BEED00FCFF8F /* ocunit2junit.rb */,
				22C91F4914F7BEED00FCFF8F /* test-common.sh */,
			);
			path = Scripts;
			sourceTree = "<group>";
		};
		9FC4242F15F57A0F001B9220 /* KSHTMLWriterFramework */ = {
			isa = PBXGroup;
			children = (
				9FC4243615F57A0F001B9220 /* KSHTMLWriterFramework.h */,
				9FC4243715F57A0F001B9220 /* KSHTMLWriterFramework.m */,
				9FC4243015F57A0F001B9220 /* Supporting Files */,
			);
			path = KSHTMLWriterFramework;
			sourceTree = "<group>";
		};
		9FC4243015F57A0F001B9220 /* Supporting Files */ = {
			isa = PBXGroup;
			children = (
				9FC4243115F57A0F001B9220 /* KSHTMLWriterFramework-Info.plist */,
				9FC4243215F57A0F001B9220 /* InfoPlist.strings */,
				9FC4243515F57A0F001B9220 /* KSHTMLWriterFramework-Prefix.pch */,
			);
			name = "Supporting Files";
			sourceTree = "<group>";
		};
/* End PBXGroup section */

/* Begin PBXHeadersBuildPhase section */
		22352B8E14C6FCB00031F5DD /* Headers */ = {
			isa = PBXHeadersBuildPhase;
			buildActionMask = 2147483647;
			files = (
				22352BD114C6FD260031F5DD /* KSCSSWriter.h in Headers */,
				22352BD314C6FD260031F5DD /* KSXMLWriterDOMAdaptor.h in Headers */,
				22352BD614C6FD260031F5DD /* KSHTMLWriter.h in Headers */,
				22352BD814C6FD260031F5DD /* KSStringXMLEntityEscaping.h in Headers */,
				22352BDA14C6FD260031F5DD /* KSXMLAttributes.h in Headers */,
				22352BDC14C6FD260031F5DD /* KSXMLWriter.h in Headers */,
				22C1943E14C6FE9D009A4406 /* KSBufferedWriter.h in Headers */,
				22C1944014C6FE9D009A4406 /* KSForwardingWriter.h in Headers */,
				22C1944214C6FE9D009A4406 /* KSMutableDataWriter.h in Headers */,
				22C1944414C6FE9D009A4406 /* KSOutputStreamWriter.h in Headers */,
				22C1944614C6FE9D009A4406 /* KSStringWriter.h in Headers */,
				22C1944814C6FE9D009A4406 /* KSWriter.h in Headers */,
			);
			runOnlyForDeploymentPostprocessing = 0;
		};
		9FC4242A15F57A0F001B9220 /* Headers */ = {
			isa = PBXHeadersBuildPhase;
			buildActionMask = 2147483647;
			files = (
				9FC4245615F58067001B9220 /* KSHTMLWriterFramework.h in Headers */,
				9FC4244A15F5804A001B9220 /* KSCSSWriter.h in Headers */,
				9FC4244B15F5804A001B9220 /* KSXMLWriterDOMAdaptor.h in Headers */,
				9FC4244C15F5804A001B9220 /* KSHTMLWriter.h in Headers */,
				9FC4244D15F5804A001B9220 /* KSStringXMLEntityEscaping.h in Headers */,
				9FC4244E15F5804A001B9220 /* KSBufferedWriter.h in Headers */,
				9FC4244F15F5804A001B9220 /* KSForwardingWriter.h in Headers */,
				9FC4245015F5804A001B9220 /* KSMutableDataWriter.h in Headers */,
				9FC4245115F5804A001B9220 /* KSOutputStreamWriter.h in Headers */,
				9FC4245215F5804A001B9220 /* KSStringWriter.h in Headers */,
				9FC4245315F5804A001B9220 /* KSWriter.h in Headers */,
				9FC4245415F5804A001B9220 /* KSXMLAttributes.h in Headers */,
				9FC4245515F5804A001B9220 /* KSXMLWriter.h in Headers */,
			);
			runOnlyForDeploymentPostprocessing = 0;
		};
/* End PBXHeadersBuildPhase section */

/* Begin PBXNativeTarget section */
		22352B8F14C6FCB00031F5DD /* KSHTMLWriter */ = {
			isa = PBXNativeTarget;
			buildConfigurationList = 22352BB614C6FCB00031F5DD /* Build configuration list for PBXNativeTarget "KSHTMLWriter" */;
			buildPhases = (
				22352B8C14C6FCB00031F5DD /* Sources */,
				22352B8D14C6FCB00031F5DD /* Frameworks */,
				22352B8E14C6FCB00031F5DD /* Headers */,
			);
			buildRules = (
			);
			dependencies = (
			);
			name = KSHTMLWriter;
			productName = KSHTMLWriter;
			productReference = 22352B9014C6FCB00031F5DD /* libKSHTMLWriter.a */;
			productType = "com.apple.product-type.library.static";
		};
		22352BA314C6FCB00031F5DD /* KSHTMLWriterTests */ = {
			isa = PBXNativeTarget;
			buildConfigurationList = 22352BB914C6FCB00031F5DD /* Build configuration list for PBXNativeTarget "KSHTMLWriterTests" */;
			buildPhases = (
				22352B9F14C6FCB00031F5DD /* Sources */,
				22352BA014C6FCB00031F5DD /* Frameworks */,
				22352BA114C6FCB00031F5DD /* Resources */,
				22352BA214C6FCB00031F5DD /* ShellScript */,
			);
			buildRules = (
			);
			dependencies = (
				22352BA914C6FCB00031F5DD /* PBXTargetDependency */,
			);
			name = KSHTMLWriterTests;
			productName = KSHTMLWriterTests;
			productReference = 22352BA414C6FCB00031F5DD /* KSHTMLWriterTests.octest */;
			productType = "com.apple.product-type.bundle";
		};
		9FC4242C15F57A0F001B9220 /* KSHTMLWriterFramework */ = {
			isa = PBXNativeTarget;
			buildConfigurationList = 9FC4243B15F57A0F001B9220 /* Build configuration list for PBXNativeTarget "KSHTMLWriterFramework" */;
			buildPhases = (
				9FC4242815F57A0F001B9220 /* Sources */,
				9FC4242915F57A0F001B9220 /* Frameworks */,
				9FC4242A15F57A0F001B9220 /* Headers */,
				9FC4242B15F57A0F001B9220 /* Resources */,
			);
			buildRules = (
			);
			dependencies = (
			);
			name = KSHTMLWriterFramework;
			productName = KSHTMLWriterFramework;
			productReference = 9FC4242D15F57A0F001B9220 /* KSHTMLWriterFramework.framework */;
			productType = "com.apple.product-type.framework";
		};
/* End PBXNativeTarget section */

/* Begin PBXProject section */
		22352B8714C6FCAF0031F5DD /* Project object */ = {
			isa = PBXProject;
			attributes = {
				LastUpgradeCheck = 0430;
				ORGANIZATIONNAME = "Karelia Software";
			};
			buildConfigurationList = 22352B8A14C6FCAF0031F5DD /* Build configuration list for PBXProject "KSHTMLWriter" */;
			compatibilityVersion = "Xcode 3.2";
			developmentRegion = English;
			hasScannedForEncodings = 0;
			knownRegions = (
				en,
			);
			mainGroup = 22352B8514C6FCAF0031F5DD;
			productRefGroup = 22352B9114C6FCB00031F5DD /* Products */;
			projectDirPath = "";
			projectRoot = "";
			targets = (
				22352B8F14C6FCB00031F5DD /* KSHTMLWriter */,
				22352BA314C6FCB00031F5DD /* KSHTMLWriterTests */,
				9FC4242C15F57A0F001B9220 /* KSHTMLWriterFramework */,
			);
		};
/* End PBXProject section */

/* Begin PBXResourcesBuildPhase section */
		22352BA114C6FCB00031F5DD /* Resources */ = {
			isa = PBXResourcesBuildPhase;
			buildActionMask = 2147483647;
			files = (
				22C91F2A14F7BDCB00FCFF8F /* KSXMLWriterCompoundTests.plist in Resources */,
				22C91F2B14F7BDCB00FCFF8F /* KSHTMLWriterTests.plist in Resources */,
				22C91F2C14F7BDCB00FCFF8F /* Simple.html in Resources */,
				22C91F2D14F7BDCB00FCFF8F /* input.html in Resources */,
				22C91F2E14F7BDCB00FCFF8F /* output.html in Resources */,
				22C91F2F14F7BDCB00FCFF8F /* input.html in Resources */,
				22C91F3014F7BDCB00FCFF8F /* output.html in Resources */,
				22C91F3114F7BDCB00FCFF8F /* input.html in Resources */,
				22C91F3214F7BDCB00FCFF8F /* output.html in Resources */,
				22C91F3314F7BDCB00FCFF8F /* input.html in Resources */,
				22C91F3414F7BDCB00FCFF8F /* output.html in Resources */,
				22C91F3514F7BDCB00FCFF8F /* input.html in Resources */,
				22C91F3614F7BDCB00FCFF8F /* output.html in Resources */,
				22C91F3714F7BDCB00FCFF8F /* input.html in Resources */,
				22C91F3814F7BDCB00FCFF8F /* output.html in Resources */,
				22C91F3914F7BDCB00FCFF8F /* input.html in Resources */,
				22C91F3A14F7BDCB00FCFF8F /* output.html in Resources */,
				22C91F3B14F7BDCB00FCFF8F /* input.html in Resources */,
				22C91F3C14F7BDCB00FCFF8F /* output.html in Resources */,
				22C91F3D14F7BDCB00FCFF8F /* Stub.html in Resources */,
				22C91F4C14F7BEED00FCFF8F /* README.mdown in Resources */,
				22C91F4D14F7BEED00FCFF8F /* Test.bundle in Resources */,
				22C91F4E14F7BEED00FCFF8F /* ocunit2junit.rb in Resources */,
				22C91F4F14F7BEED00FCFF8F /* test-common.sh in Resources */,
			);
			runOnlyForDeploymentPostprocessing = 0;
		};
		9FC4242B15F57A0F001B9220 /* Resources */ = {
			isa = PBXResourcesBuildPhase;
			buildActionMask = 2147483647;
			files = (
				9FC4243415F57A0F001B9220 /* InfoPlist.strings in Resources */,
			);
			runOnlyForDeploymentPostprocessing = 0;
		};
/* End PBXResourcesBuildPhase section */

/* Begin PBXShellScriptBuildPhase section */
		22352BA214C6FCB00031F5DD /* ShellScript */ = {
			isa = PBXShellScriptBuildPhase;
			buildActionMask = 2147483647;
			files = (
			);
			inputPaths = (
			);
			outputPaths = (
			);
			runOnlyForDeploymentPostprocessing = 0;
			shellPath = /bin/sh;
			shellScript = "# Run the unit tests in this test bundle.\n\"${SYSTEM_DEVELOPER_DIR}/Tools/RunUnitTests\"\n";
			showEnvVarsInLog = 0;
		};
/* End PBXShellScriptBuildPhase section */

/* Begin PBXSourcesBuildPhase section */
		22352B8C14C6FCB00031F5DD /* Sources */ = {
			isa = PBXSourcesBuildPhase;
			buildActionMask = 2147483647;
			files = (
				22352BD214C6FD260031F5DD /* KSCSSWriter.m in Sources */,
				22352BD414C6FD260031F5DD /* KSXMLWriterDOMAdaptor.m in Sources */,
				22352BD714C6FD260031F5DD /* KSHTMLWriter.m in Sources */,
				22352BD914C6FD260031F5DD /* KSStringXMLEntityEscaping.m in Sources */,
				22352BDB14C6FD260031F5DD /* KSXMLAttributes.m in Sources */,
				22352BDD14C6FD260031F5DD /* KSXMLWriter.m in Sources */,
				22C1943F14C6FE9D009A4406 /* KSBufferedWriter.m in Sources */,
				22C1944114C6FE9D009A4406 /* KSForwardingWriter.m in Sources */,
				22C1944314C6FE9D009A4406 /* KSMutableDataWriter.m in Sources */,
				22C1944514C6FE9D009A4406 /* KSOutputStreamWriter.m in Sources */,
				22C1944714C6FE9D009A4406 /* KSStringWriter.m in Sources */,
				22C1944914C6FE9D009A4406 /* KSWriter.m in Sources */,
			);
			runOnlyForDeploymentPostprocessing = 0;
		};
		22352B9F14C6FCB00031F5DD /* Sources */ = {
			isa = PBXSourcesBuildPhase;
			buildActionMask = 2147483647;
			files = (
				22F1017414D1C6DB006E2E95 /* KSWriter.m in Sources */,
				22C91F0614F7BDBC00FCFF8F /* KSHTMLWriterSnippetTests.m in Sources */,
				22C91F0814F7BDBC00FCFF8F /* KSXMLWriterCompoundTests.m in Sources */,
				22C91F0914F7BDBC00FCFF8F /* KSXMLWriterTests.m in Sources */,
				22C91F4B14F7BEED00FCFF8F /* ECTestCase.m in Sources */,
				22222CB814F7E97F00210FBD /* KSHTMLWriterNormalSnippetTests.m in Sources */,
				22222CB914F7E97F00210FBD /* KSHTMLWriterPrettyPrintSnippetTests.m in Sources */,
				223269E814FA8125003055A2 /* ECParameterisedTestCase.m in Sources */,
			);
			runOnlyForDeploymentPostprocessing = 0;
		};
		9FC4242815F57A0F001B9220 /* Sources */ = {
			isa = PBXSourcesBuildPhase;
			buildActionMask = 2147483647;
			files = (
				9FC4245715F5806E001B9220 /* KSHTMLWriterFramework.m in Sources */,
				9FC4243D15F5801E001B9220 /* KSCSSWriter.m in Sources */,
				9FC4243E15F5801E001B9220 /* KSXMLWriterDOMAdaptor.m in Sources */,
				9FC4243F15F5801E001B9220 /* KSHTMLWriter.m in Sources */,
				9FC4244015F5801E001B9220 /* KSStringXMLEntityEscaping.m in Sources */,
				9FC4244115F5801E001B9220 /* KSBufferedWriter.m in Sources */,
				9FC4244215F5801E001B9220 /* KSForwardingWriter.m in Sources */,
				9FC4244315F5801E001B9220 /* KSMutableDataWriter.m in Sources */,
				9FC4244415F5801E001B9220 /* KSOutputStreamWriter.m in Sources */,
				9FC4244515F5801E001B9220 /* KSStringWriter.m in Sources */,
				9FC4244615F5801E001B9220 /* KSWriter.m in Sources */,
				9FC4244715F5801E001B9220 /* KSXMLAttributes.m in Sources */,
				9FC4244815F5801E001B9220 /* KSXMLWriter.m in Sources */,
			);
			runOnlyForDeploymentPostprocessing = 0;
		};
/* End PBXSourcesBuildPhase section */

/* Begin PBXTargetDependency section */
		22352BA914C6FCB00031F5DD /* PBXTargetDependency */ = {
			isa = PBXTargetDependency;
			target = 22352B8F14C6FCB00031F5DD /* KSHTMLWriter */;
			targetProxy = 22352BA814C6FCB00031F5DD /* PBXContainerItemProxy */;
		};
/* End PBXTargetDependency section */

/* Begin PBXVariantGroup section */
		9FC4243215F57A0F001B9220 /* InfoPlist.strings */ = {
			isa = PBXVariantGroup;
			children = (
				9FC4243315F57A0F001B9220 /* en */,
			);
			name = InfoPlist.strings;
			sourceTree = "<group>";
		};
/* End PBXVariantGroup section */

/* Begin XCBuildConfiguration section */
		22352BB414C6FCB00031F5DD /* Debug */ = {
			isa = XCBuildConfiguration;
			buildSettings = {
				ALWAYS_SEARCH_USER_PATHS = NO;
				ARCHS = "$(ARCHS_STANDARD_32_64_BIT)";
				COPY_PHASE_STRIP = NO;
				GCC_C_LANGUAGE_STANDARD = gnu99;
				GCC_DYNAMIC_NO_PIC = NO;
				GCC_ENABLE_OBJC_EXCEPTIONS = YES;
				GCC_OPTIMIZATION_LEVEL = 0;
				GCC_PREPROCESSOR_DEFINITIONS = (
					"DEBUG=1",
					"$(inherited)",
				);
				GCC_SYMBOLS_PRIVATE_EXTERN = NO;
				GCC_TREAT_WARNINGS_AS_ERRORS = YES;
				GCC_VERSION = "";
				GCC_WARN_64_TO_32_BIT_CONVERSION = YES;
				GCC_WARN_ABOUT_MISSING_PROTOTYPES = YES;
				GCC_WARN_ABOUT_RETURN_TYPE = YES;
				GCC_WARN_UNDECLARED_SELECTOR = YES;
				GCC_WARN_UNINITIALIZED_AUTOS = YES;
				GCC_WARN_UNUSED_VARIABLE = YES;
				MACOSX_DEPLOYMENT_TARGET = 10.6;
				ONLY_ACTIVE_ARCH = YES;
				RUN_CLANG_STATIC_ANALYZER = YES;
				SDKROOT = macosx;
			};
			name = Debug;
		};
		22352BB514C6FCB00031F5DD /* Release */ = {
			isa = XCBuildConfiguration;
			buildSettings = {
				ALWAYS_SEARCH_USER_PATHS = NO;
				ARCHS = "$(ARCHS_STANDARD_32_64_BIT)";
				COPY_PHASE_STRIP = YES;
				DEBUG_INFORMATION_FORMAT = "dwarf-with-dsym";
				GCC_C_LANGUAGE_STANDARD = gnu99;
				GCC_ENABLE_OBJC_EXCEPTIONS = YES;
				GCC_TREAT_WARNINGS_AS_ERRORS = YES;
				GCC_VERSION = "";
				GCC_WARN_64_TO_32_BIT_CONVERSION = YES;
				GCC_WARN_ABOUT_MISSING_PROTOTYPES = YES;
				GCC_WARN_ABOUT_RETURN_TYPE = YES;
				GCC_WARN_UNDECLARED_SELECTOR = YES;
				GCC_WARN_UNINITIALIZED_AUTOS = YES;
				GCC_WARN_UNUSED_VARIABLE = YES;
				MACOSX_DEPLOYMENT_TARGET = 10.6;
				RUN_CLANG_STATIC_ANALYZER = YES;
				SDKROOT = macosx;
			};
			name = Release;
		};
		22352BB714C6FCB00031F5DD /* Debug */ = {
			isa = XCBuildConfiguration;
			buildSettings = {
				OTHER_LDFLAGS = "-ObjC";
				PRODUCT_NAME = "$(TARGET_NAME)";
			};
			name = Debug;
		};
		22352BB814C6FCB00031F5DD /* Release */ = {
			isa = XCBuildConfiguration;
			buildSettings = {
				OTHER_LDFLAGS = "-ObjC";
				PRODUCT_NAME = "$(TARGET_NAME)";
			};
			name = Release;
		};
		22352BBA14C6FCB00031F5DD /* Debug */ = {
			isa = XCBuildConfiguration;
			buildSettings = {
				FRAMEWORK_SEARCH_PATHS = "$(DEVELOPER_LIBRARY_DIR)/Frameworks";
				INFOPLIST_FILE = Tests/Resources/KSHTMLWriterTests.plist;
				PRODUCT_NAME = "$(TARGET_NAME)";
				WRAPPER_EXTENSION = octest;
			};
			name = Debug;
		};
		22352BBB14C6FCB00031F5DD /* Release */ = {
			isa = XCBuildConfiguration;
			buildSettings = {
				FRAMEWORK_SEARCH_PATHS = "$(DEVELOPER_LIBRARY_DIR)/Frameworks";
				INFOPLIST_FILE = Tests/Resources/KSHTMLWriterTests.plist;
				PRODUCT_NAME = "$(TARGET_NAME)";
				WRAPPER_EXTENSION = octest;
			};
			name = Release;
		};
		9FC4243915F57A0F001B9220 /* Debug */ = {
			isa = XCBuildConfiguration;
			buildSettings = {
				CLANG_CXX_LANGUAGE_STANDARD = "gnu++0x";
				CLANG_WARN__DUPLICATE_METHOD_MATCH = YES;
				COMBINE_HIDPI_IMAGES = YES;
				DYLIB_COMPATIBILITY_VERSION = 1;
				DYLIB_CURRENT_VERSION = 1;
				FRAMEWORK_VERSION = A;
				GCC_PRECOMPILE_PREFIX_HEADER = YES;
				GCC_PREFIX_HEADER = "KSHTMLWriterFramework/KSHTMLWriterFramework-Prefix.pch";
				INFOPLIST_FILE = "KSHTMLWriterFramework/KSHTMLWriterFramework-Info.plist";
				INSTALL_PATH = "@executable_path/../Frameworks/";
				PRODUCT_NAME = "$(TARGET_NAME)";
				WRAPPER_EXTENSION = framework;
			};
			name = Debug;
		};
		9FC4243A15F57A0F001B9220 /* Release */ = {
			isa = XCBuildConfiguration;
			buildSettings = {
				CLANG_CXX_LANGUAGE_STANDARD = "gnu++0x";
				CLANG_WARN__DUPLICATE_METHOD_MATCH = YES;
				COMBINE_HIDPI_IMAGES = YES;
				DYLIB_COMPATIBILITY_VERSION = 1;
				DYLIB_CURRENT_VERSION = 1;
				FRAMEWORK_VERSION = A;
				GCC_PRECOMPILE_PREFIX_HEADER = YES;
				GCC_PREFIX_HEADER = "KSHTMLWriterFramework/KSHTMLWriterFramework-Prefix.pch";
				INFOPLIST_FILE = "KSHTMLWriterFramework/KSHTMLWriterFramework-Info.plist";
				INSTALL_PATH = "@executable_path/../Frameworks/";
				PRODUCT_NAME = "$(TARGET_NAME)";
				WRAPPER_EXTENSION = framework;
			};
			name = Release;
		};
/* End XCBuildConfiguration section */

/* Begin XCConfigurationList section */
		22352B8A14C6FCAF0031F5DD /* Build configuration list for PBXProject "KSHTMLWriter" */ = {
			isa = XCConfigurationList;
			buildConfigurations = (
				22352BB414C6FCB00031F5DD /* Debug */,
				22352BB514C6FCB00031F5DD /* Release */,
			);
			defaultConfigurationIsVisible = 0;
			defaultConfigurationName = Release;
		};
		22352BB614C6FCB00031F5DD /* Build configuration list for PBXNativeTarget "KSHTMLWriter" */ = {
			isa = XCConfigurationList;
			buildConfigurations = (
				22352BB714C6FCB00031F5DD /* Debug */,
				22352BB814C6FCB00031F5DD /* Release */,
			);
			defaultConfigurationIsVisible = 0;
			defaultConfigurationName = Release;
		};
		22352BB914C6FCB00031F5DD /* Build configuration list for PBXNativeTarget "KSHTMLWriterTests" */ = {
			isa = XCConfigurationList;
			buildConfigurations = (
				22352BBA14C6FCB00031F5DD /* Debug */,
				22352BBB14C6FCB00031F5DD /* Release */,
			);
			defaultConfigurationIsVisible = 0;
			defaultConfigurationName = Release;
		};
		9FC4243B15F57A0F001B9220 /* Build configuration list for PBXNativeTarget "KSHTMLWriterFramework" */ = {
			isa = XCConfigurationList;
			buildConfigurations = (
				9FC4243915F57A0F001B9220 /* Debug */,
				9FC4243A15F57A0F001B9220 /* Release */,
			);
			defaultConfigurationIsVisible = 0;
			defaultConfigurationName = Release;
		};
/* End XCConfigurationList section */
	};
	rootObject = 22352B8714C6FCAF0031F5DD /* Project object */;
}
