// !$*UTF8*$!
{
	archiveVersion = 1;
	classes = {
	};
	objectVersion = 46;
	objects = {

/* Begin PBXBuildFile section */
		22352BD214C6FD260031F5DD /* KSCSSWriter.m in Sources */ = {isa = PBXBuildFile; fileRef = 22352BC114C6FD260031F5DD /* KSCSSWriter.m */; };
		22352BD714C6FD260031F5DD /* KSHTMLWriter.m in Sources */ = {isa = PBXBuildFile; fileRef = 22352BC814C6FD260031F5DD /* KSHTMLWriter.m */; };
		22352BD914C6FD260031F5DD /* KSStringXMLEntityEscaping.m in Sources */ = {isa = PBXBuildFile; fileRef = 22352BCA14C6FD260031F5DD /* KSStringXMLEntityEscaping.m */; };
		22352BDB14C6FD260031F5DD /* KSXMLAttributes.m in Sources */ = {isa = PBXBuildFile; fileRef = 22352BCD14C6FD260031F5DD /* KSXMLAttributes.m */; };
		22352BDD14C6FD260031F5DD /* KSXMLWriter.m in Sources */ = {isa = PBXBuildFile; fileRef = 22352BCF14C6FD260031F5DD /* KSXMLWriter.m */; };
		270C256E173C0E2E00358BFD /* Foundation.framework in Frameworks */ = {isa = PBXBuildFile; fileRef = 22352B9814C6FCB00031F5DD /* Foundation.framework */; };
		27724EA3173C3E41008787DA /* KSHTMLWriter.h in CopyFiles */ = {isa = PBXBuildFile; fileRef = 22352BC714C6FD260031F5DD /* KSHTMLWriter.h */; };
		27724EA4173C3E41008787DA /* KSStringXMLEntityEscaping.h in CopyFiles */ = {isa = PBXBuildFile; fileRef = 22352BC914C6FD260031F5DD /* KSStringXMLEntityEscaping.h */; };
		27724EA6173C3E41008787DA /* KSXMLAttributes.h in CopyFiles */ = {isa = PBXBuildFile; fileRef = 22352BCC14C6FD260031F5DD /* KSXMLAttributes.h */; };
		27724EA7173C3E41008787DA /* KSXMLWriter.h in CopyFiles */ = {isa = PBXBuildFile; fileRef = 22352BCE14C6FD260031F5DD /* KSXMLWriter.h */; };
		27961685180356F800D9B950 /* KSCSSWriter.h in CopyFiles */ = {isa = PBXBuildFile; fileRef = 22352BC014C6FD260031F5DD /* KSCSSWriter.h */; };
		27CF37CE1B024EE000DEABC4 /* KSHTMLWriterFramework_Tests.m in Sources */ = {isa = PBXBuildFile; fileRef = 27CF37CD1B024EE000DEABC4 /* KSHTMLWriterFramework_Tests.m */; };
		27CF37CF1B024EE000DEABC4 /* KSHTMLWriterFramework.framework in Frameworks */ = {isa = PBXBuildFile; fileRef = 9FC4242D15F57A0F001B9220 /* KSHTMLWriterFramework.framework */; };
		27CF37D51B024FE600DEABC4 /* KSXMLWriterTests.m in Sources */ = {isa = PBXBuildFile; fileRef = 22C91F0514F7BDBC00FCFF8F /* KSXMLWriterTests.m */; };
		27CF37D61B02535800DEABC4 /* KSXMLWriterCompoundTests.m in Sources */ = {isa = PBXBuildFile; fileRef = 22C91F0414F7BDBC00FCFF8F /* KSXMLWriterCompoundTests.m */; };
		27CF37D71B0253AB00DEABC4 /* ECParameterisedTestCase.m in Sources */ = {isa = PBXBuildFile; fileRef = 223269E714FA8125003055A2 /* ECParameterisedTestCase.m */; settings = {COMPILER_FLAGS = "-fno-objc-arc"; }; };
		27CF37D81B02546000DEABC4 /* ECTestCase.m in Sources */ = {isa = PBXBuildFile; fileRef = 22C91F4314F7BEED00FCFF8F /* ECTestCase.m */; };
		27CF37D91B02551100DEABC4 /* KSXMLWriterCompoundTests.plist in Resources */ = {isa = PBXBuildFile; fileRef = 22C91F0B14F7BDCB00FCFF8F /* KSXMLWriterCompoundTests.plist */; };
		27CF37DB1B02566200DEABC4 /* KSHTMLWriterSnippetTests.m in Sources */ = {isa = PBXBuildFile; fileRef = 22C91F0214F7BDBC00FCFF8F /* KSHTMLWriterSnippetTests.m */; };
		27CF37DC1B02570A00DEABC4 /* KSHTMLWriterPrettyPrintSnippetTests.m in Sources */ = {isa = PBXBuildFile; fileRef = 22222CB614F7E97F00210FBD /* KSHTMLWriterPrettyPrintSnippetTests.m */; };
		27CF37DD1B02571B00DEABC4 /* KSHTMLWriterNormalSnippetTests.m in Sources */ = {isa = PBXBuildFile; fileRef = 22222CB514F7E97F00210FBD /* KSHTMLWriterNormalSnippetTests.m */; };
		27CF37DF1B02572F00DEABC4 /* Stub.html in Resources */ = {isa = PBXBuildFile; fileRef = 22C91F2914F7BDCB00FCFF8F /* Stub.html */; };
		27E32EB61B0340B5002ED4A2 /* KSWriter.framework in Frameworks */ = {isa = PBXBuildFile; fileRef = 27CF37B71B024BBC00DEABC4 /* KSWriter.framework */; };
		27E32EFC1B0383F0002ED4A2 /* Stringification.testdata in Resources */ = {isa = PBXBuildFile; fileRef = 27E32EFB1B0383F0002ED4A2 /* Stringification.testdata */; };
		27E32F001B038415002ED4A2 /* StringificationTests.m in Sources */ = {isa = PBXBuildFile; fileRef = 27E32EFF1B038415002ED4A2 /* StringificationTests.m */; };
		9FC4242E15F57A0F001B9220 /* Cocoa.framework in Frameworks */ = {isa = PBXBuildFile; fileRef = 22352B9314C6FCB00031F5DD /* Cocoa.framework */; };
		9FC4243415F57A0F001B9220 /* InfoPlist.strings in Resources */ = {isa = PBXBuildFile; fileRef = 9FC4243215F57A0F001B9220 /* InfoPlist.strings */; };
		9FC4243D15F5801E001B9220 /* KSCSSWriter.m in Sources */ = {isa = PBXBuildFile; fileRef = 22352BC114C6FD260031F5DD /* KSCSSWriter.m */; };
		9FC4243F15F5801E001B9220 /* KSHTMLWriter.m in Sources */ = {isa = PBXBuildFile; fileRef = 22352BC814C6FD260031F5DD /* KSHTMLWriter.m */; };
		9FC4244015F5801E001B9220 /* KSStringXMLEntityEscaping.m in Sources */ = {isa = PBXBuildFile; fileRef = 22352BCA14C6FD260031F5DD /* KSStringXMLEntityEscaping.m */; };
		9FC4244715F5801E001B9220 /* KSXMLAttributes.m in Sources */ = {isa = PBXBuildFile; fileRef = 22352BCD14C6FD260031F5DD /* KSXMLAttributes.m */; };
		9FC4244815F5801E001B9220 /* KSXMLWriter.m in Sources */ = {isa = PBXBuildFile; fileRef = 22352BCF14C6FD260031F5DD /* KSXMLWriter.m */; };
		9FC4244A15F5804A001B9220 /* KSCSSWriter.h in Headers */ = {isa = PBXBuildFile; fileRef = 22352BC014C6FD260031F5DD /* KSCSSWriter.h */; settings = {ATTRIBUTES = (Public, ); }; };
		9FC4244C15F5804A001B9220 /* KSHTMLWriter.h in Headers */ = {isa = PBXBuildFile; fileRef = 22352BC714C6FD260031F5DD /* KSHTMLWriter.h */; settings = {ATTRIBUTES = (Public, ); }; };
		9FC4244D15F5804A001B9220 /* KSStringXMLEntityEscaping.h in Headers */ = {isa = PBXBuildFile; fileRef = 22352BC914C6FD260031F5DD /* KSStringXMLEntityEscaping.h */; settings = {ATTRIBUTES = (Public, ); }; };
		9FC4245415F5804A001B9220 /* KSXMLAttributes.h in Headers */ = {isa = PBXBuildFile; fileRef = 22352BCC14C6FD260031F5DD /* KSXMLAttributes.h */; settings = {ATTRIBUTES = (Public, ); }; };
		9FC4245515F5804A001B9220 /* KSXMLWriter.h in Headers */ = {isa = PBXBuildFile; fileRef = 22352BCE14C6FD260031F5DD /* KSXMLWriter.h */; settings = {ATTRIBUTES = (Public, ); }; };
		9FC4245615F58067001B9220 /* KSHTMLWriterFramework.h in Headers */ = {isa = PBXBuildFile; fileRef = 9FC4243615F57A0F001B9220 /* KSHTMLWriterFramework.h */; settings = {ATTRIBUTES = (Public, ); }; };
		9FC4245715F5806E001B9220 /* KSHTMLWriterFramework.m in Sources */ = {isa = PBXBuildFile; fileRef = 9FC4243715F57A0F001B9220 /* KSHTMLWriterFramework.m */; };
/* End PBXBuildFile section */

/* Begin PBXContainerItemProxy section */
		27CF37B61B024BBC00DEABC4 /* PBXContainerItemProxy */ = {
			isa = PBXContainerItemProxy;
			containerPortal = 27CF37B11B024BBC00DEABC4 /* KSWriter.xcodeproj */;
			proxyType = 2;
			remoteGlobalIDString = 22352B9014C6FCB00031F5DD;
			remoteInfo = KSWriter;
		};
		27CF37C11B024C9800DEABC4 /* PBXContainerItemProxy */ = {
			isa = PBXContainerItemProxy;
			containerPortal = 27CF37B11B024BBC00DEABC4 /* KSWriter.xcodeproj */;
			proxyType = 2;
			remoteGlobalIDString = 27CF379C1B023A6B00DEABC4;
			remoteInfo = KSWWriterTests;
		};
		27CF37D01B024EE000DEABC4 /* PBXContainerItemProxy */ = {
			isa = PBXContainerItemProxy;
			containerPortal = 22352B8714C6FCAF0031F5DD /* Project object */;
			proxyType = 1;
			remoteGlobalIDString = 9FC4242C15F57A0F001B9220;
			remoteInfo = KSHTMLWriterFramework;
		};
		27E32EB41B03402D002ED4A2 /* PBXContainerItemProxy */ = {
			isa = PBXContainerItemProxy;
			containerPortal = 27CF37B11B024BBC00DEABC4 /* KSWriter.xcodeproj */;
			proxyType = 1;
			remoteGlobalIDString = 27CF37911B023A6B00DEABC4;
			remoteInfo = KSWriter;
		};
/* End PBXContainerItemProxy section */

/* Begin PBXCopyFilesBuildPhase section */
		270C2A5A173C3CE200358BFD /* CopyFiles */ = {
			isa = PBXCopyFilesBuildPhase;
			buildActionMask = 2147483647;
			dstPath = "include/${PRODUCT_NAME}";
			dstSubfolderSpec = 16;
			files = (
				27961685180356F800D9B950 /* KSCSSWriter.h in CopyFiles */,
				27724EA3173C3E41008787DA /* KSHTMLWriter.h in CopyFiles */,
				27724EA4173C3E41008787DA /* KSStringXMLEntityEscaping.h in CopyFiles */,
				27724EA6173C3E41008787DA /* KSXMLAttributes.h in CopyFiles */,
				27724EA7173C3E41008787DA /* KSXMLWriter.h in CopyFiles */,
			);
			runOnlyForDeploymentPostprocessing = 0;
		};
/* End PBXCopyFilesBuildPhase section */

/* Begin PBXFileReference section */
		22222CB514F7E97F00210FBD /* KSHTMLWriterNormalSnippetTests.m */ = {isa = PBXFileReference; fileEncoding = 4; lastKnownFileType = sourcecode.c.objc; path = KSHTMLWriterNormalSnippetTests.m; sourceTree = "<group>"; };
		22222CB614F7E97F00210FBD /* KSHTMLWriterPrettyPrintSnippetTests.m */ = {isa = PBXFileReference; fileEncoding = 4; lastKnownFileType = sourcecode.c.objc; path = KSHTMLWriterPrettyPrintSnippetTests.m; sourceTree = "<group>"; };
		22222CB714F7E97F00210FBD /* KSHTMLWriterSnippetTests.h */ = {isa = PBXFileReference; fileEncoding = 4; lastKnownFileType = sourcecode.c.h; path = KSHTMLWriterSnippetTests.h; sourceTree = "<group>"; };
		223269E614FA8125003055A2 /* ECParameterisedTestCase.h */ = {isa = PBXFileReference; fileEncoding = 4; lastKnownFileType = sourcecode.c.h; path = ECParameterisedTestCase.h; sourceTree = "<group>"; };
		223269E714FA8125003055A2 /* ECParameterisedTestCase.m */ = {isa = PBXFileReference; fileEncoding = 4; lastKnownFileType = sourcecode.c.objc; path = ECParameterisedTestCase.m; sourceTree = "<group>"; };
		22352B9014C6FCB00031F5DD /* libKSHTMLWriter.a */ = {isa = PBXFileReference; explicitFileType = archive.ar; includeInIndex = 0; path = libKSHTMLWriter.a; sourceTree = BUILT_PRODUCTS_DIR; };
		22352B9314C6FCB00031F5DD /* Cocoa.framework */ = {isa = PBXFileReference; lastKnownFileType = wrapper.framework; name = Cocoa.framework; path = System/Library/Frameworks/Cocoa.framework; sourceTree = SDKROOT; };
		22352B9614C6FCB00031F5DD /* AppKit.framework */ = {isa = PBXFileReference; lastKnownFileType = wrapper.framework; name = AppKit.framework; path = System/Library/Frameworks/AppKit.framework; sourceTree = SDKROOT; };
		22352B9714C6FCB00031F5DD /* CoreData.framework */ = {isa = PBXFileReference; lastKnownFileType = wrapper.framework; name = CoreData.framework; path = System/Library/Frameworks/CoreData.framework; sourceTree = SDKROOT; };
		22352B9814C6FCB00031F5DD /* Foundation.framework */ = {isa = PBXFileReference; lastKnownFileType = wrapper.framework; name = Foundation.framework; path = System/Library/Frameworks/Foundation.framework; sourceTree = SDKROOT; };
		22352BA514C6FCB00031F5DD /* SenTestingKit.framework */ = {isa = PBXFileReference; lastKnownFileType = wrapper.framework; name = SenTestingKit.framework; path = Library/Frameworks/SenTestingKit.framework; sourceTree = DEVELOPER_DIR; };
		22352BC014C6FD260031F5DD /* KSCSSWriter.h */ = {isa = PBXFileReference; fileEncoding = 4; lastKnownFileType = sourcecode.c.h; path = KSCSSWriter.h; sourceTree = "<group>"; };
		22352BC114C6FD260031F5DD /* KSCSSWriter.m */ = {isa = PBXFileReference; fileEncoding = 4; lastKnownFileType = sourcecode.c.objc; path = KSCSSWriter.m; sourceTree = "<group>"; };
		22352BC314C6FD260031F5DD /* KSXMLWriterDOMAdaptor.h */ = {isa = PBXFileReference; fileEncoding = 4; lastKnownFileType = sourcecode.c.h; path = KSXMLWriterDOMAdaptor.h; sourceTree = "<group>"; };
		22352BC414C6FD260031F5DD /* KSXMLWriterDOMAdaptor.m */ = {isa = PBXFileReference; fileEncoding = 4; lastKnownFileType = sourcecode.c.objc; path = KSXMLWriterDOMAdaptor.m; sourceTree = "<group>"; };
		22352BC714C6FD260031F5DD /* KSHTMLWriter.h */ = {isa = PBXFileReference; fileEncoding = 4; lastKnownFileType = sourcecode.c.h; path = KSHTMLWriter.h; sourceTree = SOURCE_ROOT; };
		22352BC814C6FD260031F5DD /* KSHTMLWriter.m */ = {isa = PBXFileReference; fileEncoding = 4; lastKnownFileType = sourcecode.c.objc; path = KSHTMLWriter.m; sourceTree = SOURCE_ROOT; };
		22352BC914C6FD260031F5DD /* KSStringXMLEntityEscaping.h */ = {isa = PBXFileReference; fileEncoding = 4; lastKnownFileType = sourcecode.c.h; path = KSStringXMLEntityEscaping.h; sourceTree = SOURCE_ROOT; };
		22352BCA14C6FD260031F5DD /* KSStringXMLEntityEscaping.m */ = {isa = PBXFileReference; fileEncoding = 4; lastKnownFileType = sourcecode.c.objc; path = KSStringXMLEntityEscaping.m; sourceTree = SOURCE_ROOT; };
		22352BCC14C6FD260031F5DD /* KSXMLAttributes.h */ = {isa = PBXFileReference; fileEncoding = 4; lastKnownFileType = sourcecode.c.h; path = KSXMLAttributes.h; sourceTree = SOURCE_ROOT; };
		22352BCD14C6FD260031F5DD /* KSXMLAttributes.m */ = {isa = PBXFileReference; fileEncoding = 4; lastKnownFileType = sourcecode.c.objc; path = KSXMLAttributes.m; sourceTree = SOURCE_ROOT; };
		22352BCE14C6FD260031F5DD /* KSXMLWriter.h */ = {isa = PBXFileReference; fileEncoding = 4; lastKnownFileType = sourcecode.c.h; path = KSXMLWriter.h; sourceTree = SOURCE_ROOT; };
		22352BCF14C6FD260031F5DD /* KSXMLWriter.m */ = {isa = PBXFileReference; fileEncoding = 4; lastKnownFileType = sourcecode.c.objc; path = KSXMLWriter.m; sourceTree = SOURCE_ROOT; };
		22352BD014C6FD260031F5DD /* README.mdown */ = {isa = PBXFileReference; fileEncoding = 4; lastKnownFileType = text; path = README.mdown; sourceTree = SOURCE_ROOT; };
		2291487B14CD7A0A00EFB4AB /* README.mdown */ = {isa = PBXFileReference; lastKnownFileType = text; path = README.mdown; sourceTree = "<group>"; };
		22C18C0314D3001700AE57DA /* test.sh */ = {isa = PBXFileReference; lastKnownFileType = text.script.sh; path = test.sh; sourceTree = "<group>"; };
		22C1948714C709A1009A4406 /* WebKit.framework */ = {isa = PBXFileReference; lastKnownFileType = wrapper.framework; name = WebKit.framework; path = System/Library/Frameworks/WebKit.framework; sourceTree = SDKROOT; };
		22C91F0214F7BDBC00FCFF8F /* KSHTMLWriterSnippetTests.m */ = {isa = PBXFileReference; fileEncoding = 4; lastKnownFileType = sourcecode.c.objc; path = KSHTMLWriterSnippetTests.m; sourceTree = "<group>"; };
		22C91F0414F7BDBC00FCFF8F /* KSXMLWriterCompoundTests.m */ = {isa = PBXFileReference; fileEncoding = 4; lastKnownFileType = sourcecode.c.objc; path = KSXMLWriterCompoundTests.m; sourceTree = "<group>"; };
		22C91F0514F7BDBC00FCFF8F /* KSXMLWriterTests.m */ = {isa = PBXFileReference; fileEncoding = 4; lastKnownFileType = sourcecode.c.objc; path = KSXMLWriterTests.m; sourceTree = "<group>"; };
		22C91F0B14F7BDCB00FCFF8F /* KSXMLWriterCompoundTests.plist */ = {isa = PBXFileReference; fileEncoding = 4; lastKnownFileType = text.plist.xml; path = KSXMLWriterCompoundTests.plist; sourceTree = "<group>"; };
		22C91F0C14F7BDCB00FCFF8F /* KSHTMLWriterTests.plist */ = {isa = PBXFileReference; fileEncoding = 4; lastKnownFileType = text.plist.xml; path = KSHTMLWriterTests.plist; sourceTree = "<group>"; };
		22C91F2914F7BDCB00FCFF8F /* Stub.html */ = {isa = PBXFileReference; fileEncoding = 4; lastKnownFileType = text.html; path = Stub.html; sourceTree = "<group>"; };
		22C91F4214F7BEED00FCFF8F /* ECTestCase.h */ = {isa = PBXFileReference; fileEncoding = 4; lastKnownFileType = sourcecode.c.h; path = ECTestCase.h; sourceTree = "<group>"; };
		22C91F4314F7BEED00FCFF8F /* ECTestCase.m */ = {isa = PBXFileReference; fileEncoding = 4; lastKnownFileType = sourcecode.c.objc; path = ECTestCase.m; sourceTree = "<group>"; };
		22C91F4414F7BEED00FCFF8F /* README.mdown */ = {isa = PBXFileReference; fileEncoding = 4; lastKnownFileType = text; name = README.mdown; path = ../README.mdown; sourceTree = "<group>"; };
		22C91F4614F7BEED00FCFF8F /* Test.bundle */ = {isa = PBXFileReference; lastKnownFileType = "wrapper.plug-in"; path = Test.bundle; sourceTree = "<group>"; };
		22C91F4814F7BEED00FCFF8F /* ocunit2junit.rb */ = {isa = PBXFileReference; fileEncoding = 4; lastKnownFileType = text.script.ruby; path = ocunit2junit.rb; sourceTree = "<group>"; };
		22C91F4914F7BEED00FCFF8F /* test-common.sh */ = {isa = PBXFileReference; fileEncoding = 4; lastKnownFileType = text.script.sh; path = "test-common.sh"; sourceTree = "<group>"; };
		27CF37B11B024BBC00DEABC4 /* KSWriter.xcodeproj */ = {isa = PBXFileReference; lastKnownFileType = "wrapper.pb-project"; name = KSWriter.xcodeproj; path = KSWriter/KSWriter.xcodeproj; sourceTree = "<group>"; };
		27CF37C91B024EE000DEABC4 /* KSHTMLWriterFramework Tests.xctest */ = {isa = PBXFileReference; explicitFileType = wrapper.cfbundle; includeInIndex = 0; path = "KSHTMLWriterFramework Tests.xctest"; sourceTree = BUILT_PRODUCTS_DIR; };
		27CF37CC1B024EE000DEABC4 /* Info.plist */ = {isa = PBXFileReference; lastKnownFileType = text.plist.xml; path = Info.plist; sourceTree = "<group>"; };
		27CF37CD1B024EE000DEABC4 /* KSHTMLWriterFramework_Tests.m */ = {isa = PBXFileReference; lastKnownFileType = sourcecode.c.objc; path = KSHTMLWriterFramework_Tests.m; sourceTree = "<group>"; };
		27E32EFB1B0383F0002ED4A2 /* Stringification.testdata */ = {isa = PBXFileReference; fileEncoding = 4; lastKnownFileType = text; path = Stringification.testdata; sourceTree = "<group>"; };
		27E32EFF1B038415002ED4A2 /* StringificationTests.m */ = {isa = PBXFileReference; fileEncoding = 4; lastKnownFileType = sourcecode.c.objc; path = StringificationTests.m; sourceTree = "<group>"; };
		9FC4242D15F57A0F001B9220 /* KSHTMLWriterFramework.framework */ = {isa = PBXFileReference; explicitFileType = wrapper.framework; includeInIndex = 0; path = KSHTMLWriterFramework.framework; sourceTree = BUILT_PRODUCTS_DIR; };
		9FC4243115F57A0F001B9220 /* KSHTMLWriterFramework-Info.plist */ = {isa = PBXFileReference; lastKnownFileType = text.plist.xml; path = "KSHTMLWriterFramework-Info.plist"; sourceTree = "<group>"; };
		9FC4243315F57A0F001B9220 /* en */ = {isa = PBXFileReference; lastKnownFileType = text.plist.strings; name = en; path = en.lproj/InfoPlist.strings; sourceTree = "<group>"; };
		9FC4243515F57A0F001B9220 /* KSHTMLWriterFramework-Prefix.pch */ = {isa = PBXFileReference; lastKnownFileType = sourcecode.c.h; path = "KSHTMLWriterFramework-Prefix.pch"; sourceTree = "<group>"; };
		9FC4243615F57A0F001B9220 /* KSHTMLWriterFramework.h */ = {isa = PBXFileReference; lastKnownFileType = sourcecode.c.h; path = KSHTMLWriterFramework.h; sourceTree = "<group>"; };
		9FC4243715F57A0F001B9220 /* KSHTMLWriterFramework.m */ = {isa = PBXFileReference; lastKnownFileType = sourcecode.c.objc; path = KSHTMLWriterFramework.m; sourceTree = "<group>"; };
/* End PBXFileReference section */

/* Begin PBXFrameworksBuildPhase section */
		22352B8D14C6FCB00031F5DD /* Frameworks */ = {
			isa = PBXFrameworksBuildPhase;
			buildActionMask = 2147483647;
			files = (
				270C256E173C0E2E00358BFD /* Foundation.framework in Frameworks */,
			);
			runOnlyForDeploymentPostprocessing = 0;
		};
		27CF37C61B024EE000DEABC4 /* Frameworks */ = {
			isa = PBXFrameworksBuildPhase;
			buildActionMask = 2147483647;
			files = (
				27CF37CF1B024EE000DEABC4 /* KSHTMLWriterFramework.framework in Frameworks */,
			);
			runOnlyForDeploymentPostprocessing = 0;
		};
		9FC4242915F57A0F001B9220 /* Frameworks */ = {
			isa = PBXFrameworksBuildPhase;
			buildActionMask = 2147483647;
			files = (
				27E32EB61B0340B5002ED4A2 /* KSWriter.framework in Frameworks */,
				9FC4242E15F57A0F001B9220 /* Cocoa.framework in Frameworks */,
			);
			runOnlyForDeploymentPostprocessing = 0;
		};
/* End PBXFrameworksBuildPhase section */

/* Begin PBXGroup section */
		22352B8514C6FCAF0031F5DD = {
			isa = PBXGroup;
			children = (
				22352BD014C6FD260031F5DD /* README.mdown */,
				22352B9914C6FCB00031F5DD /* KSHTMLWriter */,
				22352BAB14C6FCB00031F5DD /* Tests */,
				9FC4242F15F57A0F001B9220 /* KSHTMLWriterFramework */,
				27CF37CA1B024EE000DEABC4 /* KSHTMLWriterFramework Tests */,
				22352B9214C6FCB00031F5DD /* Frameworks */,
				22352B9114C6FCB00031F5DD /* Products */,
			);
			sourceTree = "<group>";
		};
		22352B9114C6FCB00031F5DD /* Products */ = {
			isa = PBXGroup;
			children = (
				22352B9014C6FCB00031F5DD /* libKSHTMLWriter.a */,
				9FC4242D15F57A0F001B9220 /* KSHTMLWriterFramework.framework */,
				27CF37C91B024EE000DEABC4 /* KSHTMLWriterFramework Tests.xctest */,
			);
			name = Products;
			sourceTree = "<group>";
		};
		22352B9214C6FCB00031F5DD /* Frameworks */ = {
			isa = PBXGroup;
			children = (
				27CF37B11B024BBC00DEABC4 /* KSWriter.xcodeproj */,
				22C1948714C709A1009A4406 /* WebKit.framework */,
				22352B9314C6FCB00031F5DD /* Cocoa.framework */,
				22352BA514C6FCB00031F5DD /* SenTestingKit.framework */,
				22352B9514C6FCB00031F5DD /* Other Frameworks */,
			);
			name = Frameworks;
			sourceTree = "<group>";
		};
		22352B9514C6FCB00031F5DD /* Other Frameworks */ = {
			isa = PBXGroup;
			children = (
				22352B9614C6FCB00031F5DD /* AppKit.framework */,
				22352B9714C6FCB00031F5DD /* CoreData.framework */,
				22352B9814C6FCB00031F5DD /* Foundation.framework */,
			);
			name = "Other Frameworks";
			sourceTree = "<group>";
		};
		22352B9914C6FCB00031F5DD /* KSHTMLWriter */ = {
			isa = PBXGroup;
			children = (
				22352BBF14C6FD260031F5DD /* CSS */,
				22352BC214C6FD260031F5DD /* DOM */,
				22352BC714C6FD260031F5DD /* KSHTMLWriter.h */,
				22352BC814C6FD260031F5DD /* KSHTMLWriter.m */,
				22352BC914C6FD260031F5DD /* KSStringXMLEntityEscaping.h */,
				22352BCA14C6FD260031F5DD /* KSStringXMLEntityEscaping.m */,
				22352BCC14C6FD260031F5DD /* KSXMLAttributes.h */,
				22352BCD14C6FD260031F5DD /* KSXMLAttributes.m */,
				22352BCE14C6FD260031F5DD /* KSXMLWriter.h */,
				22352BCF14C6FD260031F5DD /* KSXMLWriter.m */,
			);
			path = KSHTMLWriter;
			sourceTree = "<group>";
		};
		22352BAB14C6FCB00031F5DD /* Tests */ = {
			isa = PBXGroup;
			children = (
				2291487B14CD7A0A00EFB4AB /* README.mdown */,
				22C91F0114F7BDBC00FCFF8F /* Classes */,
				27E32EFE1B0383F7002ED4A2 /* Stringification */,
				22C91F0A14F7BDCB00FCFF8F /* Resources */,
				22C91F3E14F7BEED00FCFF8F /* ECUnitTests */,
				22C18C0014D3001700AE57DA /* Scripts */,
			);
			path = Tests;
			sourceTree = "<group>";
		};
		22352BBF14C6FD260031F5DD /* CSS */ = {
			isa = PBXGroup;
			children = (
				22352BC014C6FD260031F5DD /* KSCSSWriter.h */,
				22352BC114C6FD260031F5DD /* KSCSSWriter.m */,
			);
			path = CSS;
			sourceTree = SOURCE_ROOT;
		};
		22352BC214C6FD260031F5DD /* DOM */ = {
			isa = PBXGroup;
			children = (
				22352BC314C6FD260031F5DD /* KSXMLWriterDOMAdaptor.h */,
				22352BC414C6FD260031F5DD /* KSXMLWriterDOMAdaptor.m */,
			);
			path = DOM;
			sourceTree = SOURCE_ROOT;
		};
		22C18C0014D3001700AE57DA /* Scripts */ = {
			isa = PBXGroup;
			children = (
				22C18C0314D3001700AE57DA /* test.sh */,
			);
			path = Scripts;
			sourceTree = "<group>";
		};
		22C91F0114F7BDBC00FCFF8F /* Classes */ = {
			isa = PBXGroup;
			children = (
				22222CB514F7E97F00210FBD /* KSHTMLWriterNormalSnippetTests.m */,
				22222CB614F7E97F00210FBD /* KSHTMLWriterPrettyPrintSnippetTests.m */,
				22222CB714F7E97F00210FBD /* KSHTMLWriterSnippetTests.h */,
				22C91F0214F7BDBC00FCFF8F /* KSHTMLWriterSnippetTests.m */,
				22C91F0414F7BDBC00FCFF8F /* KSXMLWriterCompoundTests.m */,
				22C91F0514F7BDBC00FCFF8F /* KSXMLWriterTests.m */,
			);
			path = Classes;
			sourceTree = "<group>";
		};
		22C91F0A14F7BDCB00FCFF8F /* Resources */ = {
			isa = PBXGroup;
			children = (
				22C91F0B14F7BDCB00FCFF8F /* KSXMLWriterCompoundTests.plist */,
				22C91F0C14F7BDCB00FCFF8F /* KSHTMLWriterTests.plist */,
				22C91F2914F7BDCB00FCFF8F /* Stub.html */,
			);
			path = Resources;
			sourceTree = "<group>";
		};
		22C91F3E14F7BEED00FCFF8F /* ECUnitTests */ = {
			isa = PBXGroup;
			children = (
				22C91F4414F7BEED00FCFF8F /* README.mdown */,
				22C91F3F14F7BEED00FCFF8F /* Generic */,
				22C91F4514F7BEED00FCFF8F /* Resources */,
				22C91F4714F7BEED00FCFF8F /* Scripts */,
			);
			path = ECUnitTests;
			sourceTree = "<group>";
		};
		22C91F3F14F7BEED00FCFF8F /* Generic */ = {
			isa = PBXGroup;
			children = (
				223269E614FA8125003055A2 /* ECParameterisedTestCase.h */,
				223269E714FA8125003055A2 /* ECParameterisedTestCase.m */,
				22C91F4214F7BEED00FCFF8F /* ECTestCase.h */,
				22C91F4314F7BEED00FCFF8F /* ECTestCase.m */,
			);
			path = Generic;
			sourceTree = "<group>";
		};
		22C91F4514F7BEED00FCFF8F /* Resources */ = {
			isa = PBXGroup;
			children = (
				22C91F4614F7BEED00FCFF8F /* Test.bundle */,
			);
			path = Resources;
			sourceTree = "<group>";
		};
		22C91F4714F7BEED00FCFF8F /* Scripts */ = {
			isa = PBXGroup;
			children = (
				22C91F4814F7BEED00FCFF8F /* ocunit2junit.rb */,
				22C91F4914F7BEED00FCFF8F /* test-common.sh */,
			);
			path = Scripts;
			sourceTree = "<group>";
		};
		27CF37B21B024BBC00DEABC4 /* Products */ = {
			isa = PBXGroup;
			children = (
				27CF37B71B024BBC00DEABC4 /* KSWriter.framework */,
				27CF37C21B024C9800DEABC4 /* KSWWriterTests.xctest */,
			);
			name = Products;
			sourceTree = "<group>";
		};
		27CF37CA1B024EE000DEABC4 /* KSHTMLWriterFramework Tests */ = {
			isa = PBXGroup;
			children = (
				27CF37CD1B024EE000DEABC4 /* KSHTMLWriterFramework_Tests.m */,
				27CF37CB1B024EE000DEABC4 /* Supporting Files */,
			);
			name = "KSHTMLWriterFramework Tests";
			path = Tests;
			sourceTree = "<group>";
		};
		27CF37CB1B024EE000DEABC4 /* Supporting Files */ = {
			isa = PBXGroup;
			children = (
				27CF37CC1B024EE000DEABC4 /* Info.plist */,
			);
			name = "Supporting Files";
			sourceTree = "<group>";
		};
		27E32EFE1B0383F7002ED4A2 /* Stringification */ = {
			isa = PBXGroup;
			children = (
				27E32EFB1B0383F0002ED4A2 /* Stringification.testdata */,
				27E32EFF1B038415002ED4A2 /* StringificationTests.m */,
			);
			name = Stringification;
			sourceTree = "<group>";
		};
		9FC4242F15F57A0F001B9220 /* KSHTMLWriterFramework */ = {
			isa = PBXGroup;
			children = (
				9FC4243615F57A0F001B9220 /* KSHTMLWriterFramework.h */,
				9FC4243715F57A0F001B9220 /* KSHTMLWriterFramework.m */,
				9FC4243015F57A0F001B9220 /* Supporting Files */,
			);
			path = KSHTMLWriterFramework;
			sourceTree = "<group>";
		};
		9FC4243015F57A0F001B9220 /* Supporting Files */ = {
			isa = PBXGroup;
			children = (
				9FC4243115F57A0F001B9220 /* KSHTMLWriterFramework-Info.plist */,
				9FC4243215F57A0F001B9220 /* InfoPlist.strings */,
				9FC4243515F57A0F001B9220 /* KSHTMLWriterFramework-Prefix.pch */,
			);
			name = "Supporting Files";
			sourceTree = "<group>";
		};
/* End PBXGroup section */

/* Begin PBXHeadersBuildPhase section */
		9FC4242A15F57A0F001B9220 /* Headers */ = {
			isa = PBXHeadersBuildPhase;
			buildActionMask = 2147483647;
			files = (
				9FC4245615F58067001B9220 /* KSHTMLWriterFramework.h in Headers */,
				9FC4244A15F5804A001B9220 /* KSCSSWriter.h in Headers */,
				9FC4244C15F5804A001B9220 /* KSHTMLWriter.h in Headers */,
				9FC4244D15F5804A001B9220 /* KSStringXMLEntityEscaping.h in Headers */,
				9FC4245415F5804A001B9220 /* KSXMLAttributes.h in Headers */,
				9FC4245515F5804A001B9220 /* KSXMLWriter.h in Headers */,
			);
			runOnlyForDeploymentPostprocessing = 0;
		};
/* End PBXHeadersBuildPhase section */

/* Begin PBXNativeTarget section */
		22352B8F14C6FCB00031F5DD /* KSHTMLWriter */ = {
			isa = PBXNativeTarget;
			buildConfigurationList = 22352BB614C6FCB00031F5DD /* Build configuration list for PBXNativeTarget "KSHTMLWriter" */;
			buildPhases = (
				279616AA1803602600D9B950 /* Update Submodules */,
				22352B8C14C6FCB00031F5DD /* Sources */,
				22352B8D14C6FCB00031F5DD /* Frameworks */,
				270C2A5A173C3CE200358BFD /* CopyFiles */,
			);
			buildRules = (
			);
			dependencies = (
			);
			name = KSHTMLWriter;
			productName = KSHTMLWriter;
			productReference = 22352B9014C6FCB00031F5DD /* libKSHTMLWriter.a */;
			productType = "com.apple.product-type.library.static";
		};
		27CF37C81B024EE000DEABC4 /* KSHTMLWriterFramework Tests */ = {
			isa = PBXNativeTarget;
			buildConfigurationList = 27CF37D21B024EE000DEABC4 /* Build configuration list for PBXNativeTarget "KSHTMLWriterFramework Tests" */;
			buildPhases = (
				27CF37C51B024EE000DEABC4 /* Sources */,
				27CF37C61B024EE000DEABC4 /* Frameworks */,
				27CF37C71B024EE000DEABC4 /* Resources */,
			);
			buildRules = (
			);
			dependencies = (
				27CF37D11B024EE000DEABC4 /* PBXTargetDependency */,
			);
			name = "KSHTMLWriterFramework Tests";
			productName = "KSHTMLWriterFramework Tests";
			productReference = 27CF37C91B024EE000DEABC4 /* KSHTMLWriterFramework Tests.xctest */;
			productType = "com.apple.product-type.bundle.unit-test";
		};
		9FC4242C15F57A0F001B9220 /* KSHTMLWriterFramework */ = {
			isa = PBXNativeTarget;
			buildConfigurationList = 9FC4243B15F57A0F001B9220 /* Build configuration list for PBXNativeTarget "KSHTMLWriterFramework" */;
			buildPhases = (
				9FC4242815F57A0F001B9220 /* Sources */,
				9FC4242915F57A0F001B9220 /* Frameworks */,
				9FC4242A15F57A0F001B9220 /* Headers */,
				9FC4242B15F57A0F001B9220 /* Resources */,
			);
			buildRules = (
			);
			dependencies = (
				27E32EB51B03402D002ED4A2 /* PBXTargetDependency */,
			);
			name = KSHTMLWriterFramework;
			productName = KSHTMLWriterFramework;
			productReference = 9FC4242D15F57A0F001B9220 /* KSHTMLWriterFramework.framework */;
			productType = "com.apple.product-type.framework";
		};
/* End PBXNativeTarget section */

/* Begin PBXProject section */
		22352B8714C6FCAF0031F5DD /* Project object */ = {
			isa = PBXProject;
			attributes = {
				LastTestingUpgradeCheck = 0630;
				LastUpgradeCheck = 0630;
				ORGANIZATIONNAME = "Karelia Software";
				TargetAttributes = {
					27CF37C81B024EE000DEABC4 = {
						CreatedOnToolsVersion = 6.3.1;
					};
				};
			};
			buildConfigurationList = 22352B8A14C6FCAF0031F5DD /* Build configuration list for PBXProject "KSHTMLWriter" */;
			compatibilityVersion = "Xcode 3.2";
			developmentRegion = English;
			hasScannedForEncodings = 0;
			knownRegions = (
				en,
			);
			mainGroup = 22352B8514C6FCAF0031F5DD;
			productRefGroup = 22352B9114C6FCB00031F5DD /* Products */;
			projectDirPath = "";
			projectReferences = (
				{
					ProductGroup = 27CF37B21B024BBC00DEABC4 /* Products */;
					ProjectRef = 27CF37B11B024BBC00DEABC4 /* KSWriter.xcodeproj */;
				},
			);
			projectRoot = "";
			targets = (
				22352B8F14C6FCB00031F5DD /* KSHTMLWriter */,
				9FC4242C15F57A0F001B9220 /* KSHTMLWriterFramework */,
				27CF37C81B024EE000DEABC4 /* KSHTMLWriterFramework Tests */,
			);
		};
/* End PBXProject section */

/* Begin PBXReferenceProxy section */
		27CF37B71B024BBC00DEABC4 /* KSWriter.framework */ = {
			isa = PBXReferenceProxy;
			fileType = wrapper.framework;
			path = KSWriter.framework;
			remoteRef = 27CF37B61B024BBC00DEABC4 /* PBXContainerItemProxy */;
			sourceTree = BUILT_PRODUCTS_DIR;
		};
		27CF37C21B024C9800DEABC4 /* KSWWriterTests.xctest */ = {
			isa = PBXReferenceProxy;
			fileType = wrapper.cfbundle;
			path = KSWWriterTests.xctest;
			remoteRef = 27CF37C11B024C9800DEABC4 /* PBXContainerItemProxy */;
			sourceTree = BUILT_PRODUCTS_DIR;
		};
/* End PBXReferenceProxy section */

/* Begin PBXResourcesBuildPhase section */
		27CF37C71B024EE000DEABC4 /* Resources */ = {
			isa = PBXResourcesBuildPhase;
			buildActionMask = 2147483647;
			files = (
				27E32EFC1B0383F0002ED4A2 /* Stringification.testdata in Resources */,
				27CF37D91B02551100DEABC4 /* KSXMLWriterCompoundTests.plist in Resources */,
				27CF37DF1B02572F00DEABC4 /* Stub.html in Resources */,
			);
			runOnlyForDeploymentPostprocessing = 0;
		};
		9FC4242B15F57A0F001B9220 /* Resources */ = {
			isa = PBXResourcesBuildPhase;
			buildActionMask = 2147483647;
			files = (
				9FC4243415F57A0F001B9220 /* InfoPlist.strings in Resources */,
			);
			runOnlyForDeploymentPostprocessing = 0;
		};
/* End PBXResourcesBuildPhase section */

/* Begin PBXShellScriptBuildPhase section */
		279616AA1803602600D9B950 /* Update Submodules */ = {
			isa = PBXShellScriptBuildPhase;
			buildActionMask = 2147483647;
			files = (
			);
			inputPaths = (
			);
			name = "Update Submodules";
			outputPaths = (
			);
			runOnlyForDeploymentPostprocessing = 0;
			shellPath = /bin/sh;
			shellScript = "## Update Submodules\npushd \"${SRCROOT}\"\ngit submodule update --init --recursive\npopd\n";
			showEnvVarsInLog = 0;
		};
/* End PBXShellScriptBuildPhase section */

/* Begin PBXSourcesBuildPhase section */
		22352B8C14C6FCB00031F5DD /* Sources */ = {
			isa = PBXSourcesBuildPhase;
			buildActionMask = 2147483647;
			files = (
				22352BD214C6FD260031F5DD /* KSCSSWriter.m in Sources */,
				22352BD714C6FD260031F5DD /* KSHTMLWriter.m in Sources */,
				22352BD914C6FD260031F5DD /* KSStringXMLEntityEscaping.m in Sources */,
				22352BDB14C6FD260031F5DD /* KSXMLAttributes.m in Sources */,
				22352BDD14C6FD260031F5DD /* KSXMLWriter.m in Sources */,
			);
			runOnlyForDeploymentPostprocessing = 0;
		};
		27CF37C51B024EE000DEABC4 /* Sources */ = {
			isa = PBXSourcesBuildPhase;
			buildActionMask = 2147483647;
			files = (
				27CF37D81B02546000DEABC4 /* ECTestCase.m in Sources */,
				27CF37D51B024FE600DEABC4 /* KSXMLWriterTests.m in Sources */,
				27CF37D61B02535800DEABC4 /* KSXMLWriterCompoundTests.m in Sources */,
				27CF37DC1B02570A00DEABC4 /* KSHTMLWriterPrettyPrintSnippetTests.m in Sources */,
				27CF37DD1B02571B00DEABC4 /* KSHTMLWriterNormalSnippetTests.m in Sources */,
				27CF37DB1B02566200DEABC4 /* KSHTMLWriterSnippetTests.m in Sources */,
				27CF37D71B0253AB00DEABC4 /* ECParameterisedTestCase.m in Sources */,
				27E32F001B038415002ED4A2 /* StringificationTests.m in Sources */,
				27CF37CE1B024EE000DEABC4 /* KSHTMLWriterFramework_Tests.m in Sources */,
			);
			runOnlyForDeploymentPostprocessing = 0;
		};
		9FC4242815F57A0F001B9220 /* Sources */ = {
			isa = PBXSourcesBuildPhase;
			buildActionMask = 2147483647;
			files = (
				9FC4245715F5806E001B9220 /* KSHTMLWriterFramework.m in Sources */,
				9FC4243D15F5801E001B9220 /* KSCSSWriter.m in Sources */,
				9FC4243F15F5801E001B9220 /* KSHTMLWriter.m in Sources */,
				9FC4244015F5801E001B9220 /* KSStringXMLEntityEscaping.m in Sources */,
				9FC4244715F5801E001B9220 /* KSXMLAttributes.m in Sources */,
				9FC4244815F5801E001B9220 /* KSXMLWriter.m in Sources */,
			);
			runOnlyForDeploymentPostprocessing = 0;
		};
/* End PBXSourcesBuildPhase section */

/* Begin PBXTargetDependency section */
		27CF37D11B024EE000DEABC4 /* PBXTargetDependency */ = {
			isa = PBXTargetDependency;
			target = 9FC4242C15F57A0F001B9220 /* KSHTMLWriterFramework */;
			targetProxy = 27CF37D01B024EE000DEABC4 /* PBXContainerItemProxy */;
		};
		27E32EB51B03402D002ED4A2 /* PBXTargetDependency */ = {
			isa = PBXTargetDependency;
			name = KSWriter;
			targetProxy = 27E32EB41B03402D002ED4A2 /* PBXContainerItemProxy */;
		};
/* End PBXTargetDependency section */

/* Begin PBXVariantGroup section */
		9FC4243215F57A0F001B9220 /* InfoPlist.strings */ = {
			isa = PBXVariantGroup;
			children = (
				9FC4243315F57A0F001B9220 /* en */,
			);
			name = InfoPlist.strings;
			sourceTree = "<group>";
		};
/* End PBXVariantGroup section */

/* Begin XCBuildConfiguration section */
		22352BB414C6FCB00031F5DD /* Debug */ = {
			isa = XCBuildConfiguration;
			buildSettings = {
				ALWAYS_SEARCH_USER_PATHS = NO;
				COPY_PHASE_STRIP = NO;
				GCC_C_LANGUAGE_STANDARD = gnu99;
				GCC_DYNAMIC_NO_PIC = NO;
				GCC_ENABLE_OBJC_EXCEPTIONS = YES;
				GCC_OPTIMIZATION_LEVEL = 0;
				GCC_PREPROCESSOR_DEFINITIONS = (
					"DEBUG=1",
					"$(inherited)",
				);
				GCC_SYMBOLS_PRIVATE_EXTERN = NO;
				GCC_TREAT_WARNINGS_AS_ERRORS = YES;
				GCC_VERSION = "";
				GCC_WARN_64_TO_32_BIT_CONVERSION = YES;
				GCC_WARN_ABOUT_MISSING_PROTOTYPES = YES;
				GCC_WARN_ABOUT_RETURN_TYPE = YES;
				GCC_WARN_UNDECLARED_SELECTOR = YES;
				GCC_WARN_UNINITIALIZED_AUTOS = YES;
				GCC_WARN_UNUSED_VARIABLE = YES;
				MACOSX_DEPLOYMENT_TARGET = 10.6;
				ONLY_ACTIVE_ARCH = YES;
				RUN_CLANG_STATIC_ANALYZER = YES;
				SDKROOT = macosx;
				SUPPORTED_PLATFORMS = "macosx iphonesimulator iphoneos";
			};
			name = Debug;
		};
		22352BB514C6FCB00031F5DD /* Release */ = {
			isa = XCBuildConfiguration;
			buildSettings = {
				ALWAYS_SEARCH_USER_PATHS = NO;
				COPY_PHASE_STRIP = YES;
				DEBUG_INFORMATION_FORMAT = "dwarf-with-dsym";
				GCC_C_LANGUAGE_STANDARD = gnu99;
				GCC_ENABLE_OBJC_EXCEPTIONS = YES;
				GCC_TREAT_WARNINGS_AS_ERRORS = YES;
				GCC_VERSION = "";
				GCC_WARN_64_TO_32_BIT_CONVERSION = YES;
				GCC_WARN_ABOUT_MISSING_PROTOTYPES = YES;
				GCC_WARN_ABOUT_RETURN_TYPE = YES;
				GCC_WARN_UNDECLARED_SELECTOR = YES;
				GCC_WARN_UNINITIALIZED_AUTOS = YES;
				GCC_WARN_UNUSED_VARIABLE = YES;
				MACOSX_DEPLOYMENT_TARGET = 10.6;
				RUN_CLANG_STATIC_ANALYZER = YES;
				SDKROOT = macosx;
				SUPPORTED_PLATFORMS = "macosx iphonesimulator iphoneos";
			};
			name = Release;
		};
		22352BB714C6FCB00031F5DD /* Debug */ = {
			isa = XCBuildConfiguration;
			buildSettings = {
				COMBINE_HIDPI_IMAGES = YES;
				OTHER_LDFLAGS = "-ObjC";
				PRODUCT_NAME = "$(TARGET_NAME)";
				SDKROOT = iphoneos;
				SKIP_INSTALL = YES;
			};
			name = Debug;
		};
		22352BB814C6FCB00031F5DD /* Release */ = {
			isa = XCBuildConfiguration;
			buildSettings = {
				COMBINE_HIDPI_IMAGES = YES;
				OTHER_LDFLAGS = "-ObjC";
				PRODUCT_NAME = "$(TARGET_NAME)";
				SDKROOT = iphoneos;
				SKIP_INSTALL = YES;
			};
			name = Release;
		};
		27CF37D31B024EE000DEABC4 /* Debug */ = {
			isa = XCBuildConfiguration;
			buildSettings = {
				CLANG_CXX_LANGUAGE_STANDARD = "gnu++0x";
				CLANG_CXX_LIBRARY = "libc++";
				CLANG_ENABLE_MODULES = YES;
				CLANG_ENABLE_OBJC_ARC = YES;
				CLANG_WARN_BOOL_CONVERSION = YES;
				CLANG_WARN_CONSTANT_CONVERSION = YES;
				CLANG_WARN_DIRECT_OBJC_ISA_USAGE = YES_ERROR;
				CLANG_WARN_EMPTY_BODY = YES;
				CLANG_WARN_ENUM_CONVERSION = YES;
				CLANG_WARN_INT_CONVERSION = YES;
				CLANG_WARN_OBJC_ROOT_CLASS = YES_ERROR;
				CLANG_WARN_UNREACHABLE_CODE = YES;
				CLANG_WARN__DUPLICATE_METHOD_MATCH = YES;
				COMBINE_HIDPI_IMAGES = YES;
				DEBUG_INFORMATION_FORMAT = dwarf;
				ENABLE_STRICT_OBJC_MSGSEND = YES;
				FRAMEWORK_SEARCH_PATHS = (
					"$(DEVELOPER_FRAMEWORKS_DIR)",
					"$(inherited)",
				);
				GCC_NO_COMMON_BLOCKS = YES;
				GCC_PREPROCESSOR_DEFINITIONS = (
					"DEBUG=1",
					"$(inherited)",
				);
				GCC_WARN_ABOUT_RETURN_TYPE = YES_ERROR;
				GCC_WARN_UNINITIALIZED_AUTOS = YES_AGGRESSIVE;
				GCC_WARN_UNUSED_FUNCTION = YES;
				INFOPLIST_FILE = Tests/Info.plist;
				LD_RUNPATH_SEARCH_PATHS = "$(inherited) @executable_path/../Frameworks @loader_path/../Frameworks";
				MACOSX_DEPLOYMENT_TARGET = 10.10;
				MTL_ENABLE_DEBUG_INFO = YES;
				PRODUCT_NAME = "$(TARGET_NAME)";
			};
			name = Debug;
		};
		27CF37D41B024EE000DEABC4 /* Release */ = {
			isa = XCBuildConfiguration;
			buildSettings = {
				CLANG_CXX_LANGUAGE_STANDARD = "gnu++0x";
				CLANG_CXX_LIBRARY = "libc++";
				CLANG_ENABLE_MODULES = YES;
				CLANG_ENABLE_OBJC_ARC = YES;
				CLANG_WARN_BOOL_CONVERSION = YES;
				CLANG_WARN_CONSTANT_CONVERSION = YES;
				CLANG_WARN_DIRECT_OBJC_ISA_USAGE = YES_ERROR;
				CLANG_WARN_EMPTY_BODY = YES;
				CLANG_WARN_ENUM_CONVERSION = YES;
				CLANG_WARN_INT_CONVERSION = YES;
				CLANG_WARN_OBJC_ROOT_CLASS = YES_ERROR;
				CLANG_WARN_UNREACHABLE_CODE = YES;
				CLANG_WARN__DUPLICATE_METHOD_MATCH = YES;
				COMBINE_HIDPI_IMAGES = YES;
				COPY_PHASE_STRIP = NO;
				ENABLE_NS_ASSERTIONS = NO;
				ENABLE_STRICT_OBJC_MSGSEND = YES;
				FRAMEWORK_SEARCH_PATHS = (
					"$(DEVELOPER_FRAMEWORKS_DIR)",
					"$(inherited)",
				);
				GCC_NO_COMMON_BLOCKS = YES;
				GCC_WARN_ABOUT_RETURN_TYPE = YES_ERROR;
				GCC_WARN_UNINITIALIZED_AUTOS = YES_AGGRESSIVE;
				GCC_WARN_UNUSED_FUNCTION = YES;
				INFOPLIST_FILE = Tests/Info.plist;
				LD_RUNPATH_SEARCH_PATHS = "$(inherited) @executable_path/../Frameworks @loader_path/../Frameworks";
				MACOSX_DEPLOYMENT_TARGET = 10.10;
				MTL_ENABLE_DEBUG_INFO = NO;
				PRODUCT_NAME = "$(TARGET_NAME)";
			};
			name = Release;
		};
		9FC4243915F57A0F001B9220 /* Debug */ = {
			isa = XCBuildConfiguration;
			buildSettings = {
				CLANG_CXX_LANGUAGE_STANDARD = "gnu++0x";
				CLANG_ENABLE_MODULES = YES;
				CLANG_MODULES_AUTOLINK = NO;
				CLANG_WARN__DUPLICATE_METHOD_MATCH = YES;
				COMBINE_HIDPI_IMAGES = YES;
				DEFINES_MODULE = YES;
				DYLIB_COMPATIBILITY_VERSION = 1;
				DYLIB_CURRENT_VERSION = 1;
				FRAMEWORK_VERSION = A;
				GCC_PRECOMPILE_PREFIX_HEADER = YES;
				GCC_PREFIX_HEADER = "KSHTMLWriterFramework/KSHTMLWriterFramework-Prefix.pch";
				INFOPLIST_FILE = "KSHTMLWriterFramework/KSHTMLWriterFramework-Info.plist";
				INSTALL_PATH = "@executable_path/../Frameworks/";
				PRODUCT_NAME = "$(TARGET_NAME)";
				SKIP_INSTALL = YES;
				WRAPPER_EXTENSION = framework;
			};
			name = Debug;
		};
		9FC4243A15F57A0F001B9220 /* Release */ = {
			isa = XCBuildConfiguration;
			buildSettings = {
				CLANG_CXX_LANGUAGE_STANDARD = "gnu++0x";
				CLANG_ENABLE_MODULES = YES;
				CLANG_MODULES_AUTOLINK = NO;
				CLANG_WARN__DUPLICATE_METHOD_MATCH = YES;
				COMBINE_HIDPI_IMAGES = YES;
				DEFINES_MODULE = YES;
				DYLIB_COMPATIBILITY_VERSION = 1;
				DYLIB_CURRENT_VERSION = 1;
				FRAMEWORK_VERSION = A;
				GCC_PRECOMPILE_PREFIX_HEADER = YES;
				GCC_PREFIX_HEADER = "KSHTMLWriterFramework/KSHTMLWriterFramework-Prefix.pch";
				INFOPLIST_FILE = "KSHTMLWriterFramework/KSHTMLWriterFramework-Info.plist";
				INSTALL_PATH = "@executable_path/../Frameworks/";
				PRODUCT_NAME = "$(TARGET_NAME)";
				SKIP_INSTALL = YES;
				WRAPPER_EXTENSION = framework;
			};
			name = Release;
		};
/* End XCBuildConfiguration section */

/* Begin XCConfigurationList section */
		22352B8A14C6FCAF0031F5DD /* Build configuration list for PBXProject "KSHTMLWriter" */ = {
			isa = XCConfigurationList;
			buildConfigurations = (
				22352BB414C6FCB00031F5DD /* Debug */,
				22352BB514C6FCB00031F5DD /* Release */,
			);
			defaultConfigurationIsVisible = 0;
			defaultConfigurationName = Release;
		};
		22352BB614C6FCB00031F5DD /* Build configuration list for PBXNativeTarget "KSHTMLWriter" */ = {
			isa = XCConfigurationList;
			buildConfigurations = (
				22352BB714C6FCB00031F5DD /* Debug */,
				22352BB814C6FCB00031F5DD /* Release */,
			);
			defaultConfigurationIsVisible = 0;
			defaultConfigurationName = Release;
		};
		27CF37D21B024EE000DEABC4 /* Build configuration list for PBXNativeTarget "KSHTMLWriterFramework Tests" */ = {
			isa = XCConfigurationList;
			buildConfigurations = (
				27CF37D31B024EE000DEABC4 /* Debug */,
				27CF37D41B024EE000DEABC4 /* Release */,
			);
			defaultConfigurationIsVisible = 0;
			defaultConfigurationName = Release;
		};
		9FC4243B15F57A0F001B9220 /* Build configuration list for PBXNativeTarget "KSHTMLWriterFramework" */ = {
			isa = XCConfigurationList;
			buildConfigurations = (
				9FC4243915F57A0F001B9220 /* Debug */,
				9FC4243A15F57A0F001B9220 /* Release */,
			);
			defaultConfigurationIsVisible = 0;
			defaultConfigurationName = Release;
		};
/* End XCConfigurationList section */
	};
	rootObject = 22352B8714C6FCAF0031F5DD /* Project object */;
}
