// !$*UTF8*$!
{
	archiveVersion = 1;
	classes = {
	};
	objectVersion = 46;
	objects = {

/* Begin PBXBuildFile section */
		22094E5614F2928200DAF5F7 /* KSMutableDataWriterTests.m in Sources */ = {isa = PBXBuildFile; fileRef = 22094E4B14F291A400DAF5F7 /* KSMutableDataWriterTests.m */; };
		22094E5714F2928200DAF5F7 /* KSOutputStreamWriterTests.m in Sources */ = {isa = PBXBuildFile; fileRef = 22094E4C14F291A400DAF5F7 /* KSOutputStreamWriterTests.m */; };
		22094E5814F2928200DAF5F7 /* KSStringWriterTests.m in Sources */ = {isa = PBXBuildFile; fileRef = 22094E4D14F291A400DAF5F7 /* KSStringWriterTests.m */; };
		22094E5914F2928200DAF5F7 /* KSWriterTestCase.m in Sources */ = {isa = PBXBuildFile; fileRef = 22094E4F14F291A400DAF5F7 /* KSWriterTestCase.m */; };
		22094E5A14F292F500DAF5F7 /* KSWriterTestCase.m in Sources */ = {isa = PBXBuildFile; fileRef = 22094E4F14F291A400DAF5F7 /* KSWriterTestCase.m */; };
		2234292A14E93F2900FCEFD4 /* KSHTMLWriterSnippetTests.m in Sources */ = {isa = PBXBuildFile; fileRef = 2234292714E93EEC00FCEFD4 /* KSHTMLWriterSnippetTests.m */; };
		22352B9414C6FCB00031F5DD /* Cocoa.framework in Frameworks */ = {isa = PBXBuildFile; fileRef = 22352B9314C6FCB00031F5DD /* Cocoa.framework */; };
		22352BA614C6FCB00031F5DD /* SenTestingKit.framework in Frameworks */ = {isa = PBXBuildFile; fileRef = 22352BA514C6FCB00031F5DD /* SenTestingKit.framework */; };
		22352BA714C6FCB00031F5DD /* Cocoa.framework in Frameworks */ = {isa = PBXBuildFile; fileRef = 22352B9314C6FCB00031F5DD /* Cocoa.framework */; };
		22352BAA14C6FCB00031F5DD /* libKSHTMLWriter.a in Frameworks */ = {isa = PBXBuildFile; fileRef = 22352B9014C6FCB00031F5DD /* libKSHTMLWriter.a */; };
		22352BB014C6FCB00031F5DD /* InfoPlist.strings in Resources */ = {isa = PBXBuildFile; fileRef = 22352BAE14C6FCB00031F5DD /* InfoPlist.strings */; };
		22352BD114C6FD260031F5DD /* KSCSSWriter.h in Headers */ = {isa = PBXBuildFile; fileRef = 22352BC014C6FD260031F5DD /* KSCSSWriter.h */; };
		22352BD214C6FD260031F5DD /* KSCSSWriter.m in Sources */ = {isa = PBXBuildFile; fileRef = 22352BC114C6FD260031F5DD /* KSCSSWriter.m */; };
		22352BD314C6FD260031F5DD /* KSXMLWriterDOMAdaptor.h in Headers */ = {isa = PBXBuildFile; fileRef = 22352BC314C6FD260031F5DD /* KSXMLWriterDOMAdaptor.h */; };
		22352BD414C6FD260031F5DD /* KSXMLWriterDOMAdaptor.m in Sources */ = {isa = PBXBuildFile; fileRef = 22352BC414C6FD260031F5DD /* KSXMLWriterDOMAdaptor.m */; };
		22352BD514C6FD260031F5DD /* KSHTMLWriter-Prefix.pch in Headers */ = {isa = PBXBuildFile; fileRef = 22352BC614C6FD260031F5DD /* KSHTMLWriter-Prefix.pch */; };
		22352BD614C6FD260031F5DD /* KSHTMLWriter.h in Headers */ = {isa = PBXBuildFile; fileRef = 22352BC714C6FD260031F5DD /* KSHTMLWriter.h */; };
		22352BD714C6FD260031F5DD /* KSHTMLWriter.m in Sources */ = {isa = PBXBuildFile; fileRef = 22352BC814C6FD260031F5DD /* KSHTMLWriter.m */; };
		22352BD814C6FD260031F5DD /* KSStringXMLEntityEscaping.h in Headers */ = {isa = PBXBuildFile; fileRef = 22352BC914C6FD260031F5DD /* KSStringXMLEntityEscaping.h */; };
		22352BD914C6FD260031F5DD /* KSStringXMLEntityEscaping.m in Sources */ = {isa = PBXBuildFile; fileRef = 22352BCA14C6FD260031F5DD /* KSStringXMLEntityEscaping.m */; };
		22352BDA14C6FD260031F5DD /* KSXMLAttributes.h in Headers */ = {isa = PBXBuildFile; fileRef = 22352BCC14C6FD260031F5DD /* KSXMLAttributes.h */; };
		22352BDB14C6FD260031F5DD /* KSXMLAttributes.m in Sources */ = {isa = PBXBuildFile; fileRef = 22352BCD14C6FD260031F5DD /* KSXMLAttributes.m */; };
		22352BDC14C6FD260031F5DD /* KSXMLWriter.h in Headers */ = {isa = PBXBuildFile; fileRef = 22352BCE14C6FD260031F5DD /* KSXMLWriter.h */; };
		22352BDD14C6FD260031F5DD /* KSXMLWriter.m in Sources */ = {isa = PBXBuildFile; fileRef = 22352BCF14C6FD260031F5DD /* KSXMLWriter.m */; };
		228C7D2214CD74F000CC42FE /* KSXMLWriterTests.m in Sources */ = {isa = PBXBuildFile; fileRef = 228C7D2014CD74F000CC42FE /* KSXMLWriterTests.m */; };
		22C1943E14C6FE9D009A4406 /* KSBufferedWriter.h in Headers */ = {isa = PBXBuildFile; fileRef = 22C1943214C6FE9D009A4406 /* KSBufferedWriter.h */; };
		22C1943F14C6FE9D009A4406 /* KSBufferedWriter.m in Sources */ = {isa = PBXBuildFile; fileRef = 22C1943314C6FE9D009A4406 /* KSBufferedWriter.m */; };
		22C1944014C6FE9D009A4406 /* KSForwardingWriter.h in Headers */ = {isa = PBXBuildFile; fileRef = 22C1943414C6FE9D009A4406 /* KSForwardingWriter.h */; };
		22C1944114C6FE9D009A4406 /* KSForwardingWriter.m in Sources */ = {isa = PBXBuildFile; fileRef = 22C1943514C6FE9D009A4406 /* KSForwardingWriter.m */; };
		22C1944214C6FE9D009A4406 /* KSMutableDataWriter.h in Headers */ = {isa = PBXBuildFile; fileRef = 22C1943614C6FE9D009A4406 /* KSMutableDataWriter.h */; };
		22C1944314C6FE9D009A4406 /* KSMutableDataWriter.m in Sources */ = {isa = PBXBuildFile; fileRef = 22C1943714C6FE9D009A4406 /* KSMutableDataWriter.m */; };
		22C1944414C6FE9D009A4406 /* KSOutputStreamWriter.h in Headers */ = {isa = PBXBuildFile; fileRef = 22C1943814C6FE9D009A4406 /* KSOutputStreamWriter.h */; };
		22C1944514C6FE9D009A4406 /* KSOutputStreamWriter.m in Sources */ = {isa = PBXBuildFile; fileRef = 22C1943914C6FE9D009A4406 /* KSOutputStreamWriter.m */; };
		22C1944614C6FE9D009A4406 /* KSStringWriter.h in Headers */ = {isa = PBXBuildFile; fileRef = 22C1943A14C6FE9D009A4406 /* KSStringWriter.h */; };
		22C1944714C6FE9D009A4406 /* KSStringWriter.m in Sources */ = {isa = PBXBuildFile; fileRef = 22C1943B14C6FE9D009A4406 /* KSStringWriter.m */; };
		22C1944814C6FE9D009A4406 /* KSWriter.h in Headers */ = {isa = PBXBuildFile; fileRef = 22C1943C14C6FE9D009A4406 /* KSWriter.h */; };
		22C1944914C6FE9D009A4406 /* KSWriter.m in Sources */ = {isa = PBXBuildFile; fileRef = 22C1943D14C6FE9D009A4406 /* KSWriter.m */; };
		22C1945414C7012F009A4406 /* Cocoa.framework in Frameworks */ = {isa = PBXBuildFile; fileRef = 22352B9314C6FCB00031F5DD /* Cocoa.framework */; };
		22C1945A14C70130009A4406 /* InfoPlist.strings in Resources */ = {isa = PBXBuildFile; fileRef = 22C1945814C70130009A4406 /* InfoPlist.strings */; };
		22C1945C14C70130009A4406 /* main.m in Sources */ = {isa = PBXBuildFile; fileRef = 22C1945B14C70130009A4406 /* main.m */; };
		22C1946014C70130009A4406 /* Credits.rtf in Resources */ = {isa = PBXBuildFile; fileRef = 22C1945E14C70130009A4406 /* Credits.rtf */; };
		22C1946314C70130009A4406 /* AppDelegate.m in Sources */ = {isa = PBXBuildFile; fileRef = 22C1946214C70130009A4406 /* AppDelegate.m */; };
		22C1946614C70130009A4406 /* MainMenu.xib in Resources */ = {isa = PBXBuildFile; fileRef = 22C1946414C70130009A4406 /* MainMenu.xib */; };
		22C1946D14C70130009A4406 /* SenTestingKit.framework in Frameworks */ = {isa = PBXBuildFile; fileRef = 22352BA514C6FCB00031F5DD /* SenTestingKit.framework */; };
		22C1946E14C70130009A4406 /* Cocoa.framework in Frameworks */ = {isa = PBXBuildFile; fileRef = 22352B9314C6FCB00031F5DD /* Cocoa.framework */; };
		22C1947614C70130009A4406 /* InfoPlist.strings in Resources */ = {isa = PBXBuildFile; fileRef = 22C1947414C70130009A4406 /* InfoPlist.strings */; };
		22C1947914C70130009A4406 /* KSHTMLWriterWebkitTestShellTests.m in Sources */ = {isa = PBXBuildFile; fileRef = 22C1947814C70130009A4406 /* KSHTMLWriterWebkitTestShellTests.m */; };
		22C1948414C70604009A4406 /* Stub.html in Resources */ = {isa = PBXBuildFile; fileRef = 22C1948214C70604009A4406 /* Stub.html */; };
		22C1948814C709A1009A4406 /* WebKit.framework in Frameworks */ = {isa = PBXBuildFile; fileRef = 22C1948714C709A1009A4406 /* WebKit.framework */; };
		22C1948F14C7173A009A4406 /* StubWindowController.m in Sources */ = {isa = PBXBuildFile; fileRef = 22C1948E14C7173A009A4406 /* StubWindowController.m */; };
		22C1949214C71774009A4406 /* StubWindow.xib in Resources */ = {isa = PBXBuildFile; fileRef = 22C1949014C71774009A4406 /* StubWindow.xib */; };
		22C194AA14C72D87009A4406 /* Snippets in Resources */ = {isa = PBXBuildFile; fileRef = 22C194A914C72D87009A4406 /* Snippets */; };
		22C194AB14C73063009A4406 /* libKSHTMLWriter.a in Frameworks */ = {isa = PBXBuildFile; fileRef = 22352B9014C6FCB00031F5DD /* libKSHTMLWriter.a */; };
		22C194AC14C7307E009A4406 /* libKSHTMLWriter.a in Frameworks */ = {isa = PBXBuildFile; fileRef = 22352B9014C6FCB00031F5DD /* libKSHTMLWriter.a */; };
		22C194AD14C73090009A4406 /* WebKit.framework in Frameworks */ = {isa = PBXBuildFile; fileRef = 22C1948714C709A1009A4406 /* WebKit.framework */; };
		22F1017414D1C6DB006E2E95 /* KSWriter.m in Sources */ = {isa = PBXBuildFile; fileRef = 22C1943D14C6FE9D009A4406 /* KSWriter.m */; };
		22F1017614D2E4D0006E2E95 /* KSXMLWriterCompoundTests.m in Sources */ = {isa = PBXBuildFile; fileRef = 22F1017514D2E4D0006E2E95 /* KSXMLWriterCompoundTests.m */; };
		22F1017814D2E665006E2E95 /* Compound Tests.plist in Resources */ = {isa = PBXBuildFile; fileRef = 22F1017714D2E665006E2E95 /* Compound Tests.plist */; };
/* End PBXBuildFile section */

/* Begin PBXContainerItemProxy section */
		22352BA814C6FCB00031F5DD /* PBXContainerItemProxy */ = {
			isa = PBXContainerItemProxy;
			containerPortal = 22352B8714C6FCAF0031F5DD /* Project object */;
			proxyType = 1;
			remoteGlobalIDString = 22352B8F14C6FCB00031F5DD;
			remoteInfo = KSHTMLWriter;
		};
		22C1946F14C70130009A4406 /* PBXContainerItemProxy */ = {
			isa = PBXContainerItemProxy;
			containerPortal = 22352B8714C6FCAF0031F5DD /* Project object */;
			proxyType = 1;
			remoteGlobalIDString = 22C1945114C7012F009A4406;
			remoteInfo = KSHTMLWriterWebkitTestShell;
		};
		22C1948514C70996009A4406 /* PBXContainerItemProxy */ = {
			isa = PBXContainerItemProxy;
			containerPortal = 22352B8714C6FCAF0031F5DD /* Project object */;
			proxyType = 1;
			remoteGlobalIDString = 22352B8F14C6FCB00031F5DD;
			remoteInfo = KSHTMLWriter;
		};
/* End PBXContainerItemProxy section */

/* Begin PBXFileReference section */
		22094E4814F291A400DAF5F7 /* Compound Tests.plist */ = {isa = PBXFileReference; lastKnownFileType = text.plist.xml; path = "Compound Tests.plist"; sourceTree = "<group>"; };
		22094E4A14F291A400DAF5F7 /* en */ = {isa = PBXFileReference; lastKnownFileType = text.plist.strings; name = en; path = en.lproj/InfoPlist.strings; sourceTree = "<group>"; };
		22094E4B14F291A400DAF5F7 /* KSMutableDataWriterTests.m */ = {isa = PBXFileReference; lastKnownFileType = sourcecode.c.objc; path = KSMutableDataWriterTests.m; sourceTree = "<group>"; };
		22094E4C14F291A400DAF5F7 /* KSOutputStreamWriterTests.m */ = {isa = PBXFileReference; lastKnownFileType = sourcecode.c.objc; path = KSOutputStreamWriterTests.m; sourceTree = "<group>"; };
		22094E4D14F291A400DAF5F7 /* KSStringWriterTests.m */ = {isa = PBXFileReference; lastKnownFileType = sourcecode.c.objc; path = KSStringWriterTests.m; sourceTree = "<group>"; };
		22094E4E14F291A400DAF5F7 /* KSWriterTestCase.h */ = {isa = PBXFileReference; lastKnownFileType = sourcecode.c.h; path = KSWriterTestCase.h; sourceTree = "<group>"; };
		22094E4F14F291A400DAF5F7 /* KSWriterTestCase.m */ = {isa = PBXFileReference; lastKnownFileType = sourcecode.c.objc; path = KSWriterTestCase.m; sourceTree = "<group>"; };
		22094E5014F291A400DAF5F7 /* KSWriterTests-Info.plist */ = {isa = PBXFileReference; lastKnownFileType = text.plist.xml; path = "KSWriterTests-Info.plist"; sourceTree = "<group>"; };
		22094E5214F291A400DAF5F7 /* ocunit2junit.rb */ = {isa = PBXFileReference; lastKnownFileType = text.script.ruby; path = ocunit2junit.rb; sourceTree = "<group>"; };
		22094E5314F291A400DAF5F7 /* test.sh */ = {isa = PBXFileReference; lastKnownFileType = text.script.sh; path = test.sh; sourceTree = "<group>"; };
		2234292714E93EEC00FCEFD4 /* KSHTMLWriterSnippetTests.m */ = {isa = PBXFileReference; fileEncoding = 4; lastKnownFileType = sourcecode.c.objc; path = KSHTMLWriterSnippetTests.m; sourceTree = "<group>"; };
		22352B9014C6FCB00031F5DD /* libKSHTMLWriter.a */ = {isa = PBXFileReference; explicitFileType = archive.ar; includeInIndex = 0; path = libKSHTMLWriter.a; sourceTree = BUILT_PRODUCTS_DIR; };
		22352B9314C6FCB00031F5DD /* Cocoa.framework */ = {isa = PBXFileReference; lastKnownFileType = wrapper.framework; name = Cocoa.framework; path = System/Library/Frameworks/Cocoa.framework; sourceTree = SDKROOT; };
		22352B9614C6FCB00031F5DD /* AppKit.framework */ = {isa = PBXFileReference; lastKnownFileType = wrapper.framework; name = AppKit.framework; path = System/Library/Frameworks/AppKit.framework; sourceTree = SDKROOT; };
		22352B9714C6FCB00031F5DD /* CoreData.framework */ = {isa = PBXFileReference; lastKnownFileType = wrapper.framework; name = CoreData.framework; path = System/Library/Frameworks/CoreData.framework; sourceTree = SDKROOT; };
		22352B9814C6FCB00031F5DD /* Foundation.framework */ = {isa = PBXFileReference; lastKnownFileType = wrapper.framework; name = Foundation.framework; path = System/Library/Frameworks/Foundation.framework; sourceTree = SDKROOT; };
		22352BA414C6FCB00031F5DD /* KSHTMLWriterTests.octest */ = {isa = PBXFileReference; explicitFileType = wrapper.cfbundle; includeInIndex = 0; path = KSHTMLWriterTests.octest; sourceTree = BUILT_PRODUCTS_DIR; };
		22352BA514C6FCB00031F5DD /* SenTestingKit.framework */ = {isa = PBXFileReference; lastKnownFileType = wrapper.framework; name = SenTestingKit.framework; path = Library/Frameworks/SenTestingKit.framework; sourceTree = DEVELOPER_DIR; };
		22352BAD14C6FCB00031F5DD /* KSHTMLWriterTests-Info.plist */ = {isa = PBXFileReference; lastKnownFileType = text.plist.xml; path = "KSHTMLWriterTests-Info.plist"; sourceTree = "<group>"; };
		22352BAF14C6FCB00031F5DD /* en */ = {isa = PBXFileReference; lastKnownFileType = text.plist.strings; name = en; path = en.lproj/InfoPlist.strings; sourceTree = "<group>"; };
		22352BC014C6FD260031F5DD /* KSCSSWriter.h */ = {isa = PBXFileReference; fileEncoding = 4; lastKnownFileType = sourcecode.c.h; path = KSCSSWriter.h; sourceTree = "<group>"; };
		22352BC114C6FD260031F5DD /* KSCSSWriter.m */ = {isa = PBXFileReference; fileEncoding = 4; lastKnownFileType = sourcecode.c.objc; path = KSCSSWriter.m; sourceTree = "<group>"; };
		22352BC314C6FD260031F5DD /* KSXMLWriterDOMAdaptor.h */ = {isa = PBXFileReference; fileEncoding = 4; lastKnownFileType = sourcecode.c.h; path = KSXMLWriterDOMAdaptor.h; sourceTree = "<group>"; };
		22352BC414C6FD260031F5DD /* KSXMLWriterDOMAdaptor.m */ = {isa = PBXFileReference; fileEncoding = 4; lastKnownFileType = sourcecode.c.objc; path = KSXMLWriterDOMAdaptor.m; sourceTree = "<group>"; };
		22352BC614C6FD260031F5DD /* KSHTMLWriter-Prefix.pch */ = {isa = PBXFileReference; fileEncoding = 4; lastKnownFileType = sourcecode.c.h; path = "KSHTMLWriter-Prefix.pch"; sourceTree = SOURCE_ROOT; };
		22352BC714C6FD260031F5DD /* KSHTMLWriter.h */ = {isa = PBXFileReference; fileEncoding = 4; lastKnownFileType = sourcecode.c.h; path = KSHTMLWriter.h; sourceTree = SOURCE_ROOT; };
		22352BC814C6FD260031F5DD /* KSHTMLWriter.m */ = {isa = PBXFileReference; fileEncoding = 4; lastKnownFileType = sourcecode.c.objc; path = KSHTMLWriter.m; sourceTree = SOURCE_ROOT; };
		22352BC914C6FD260031F5DD /* KSStringXMLEntityEscaping.h */ = {isa = PBXFileReference; fileEncoding = 4; lastKnownFileType = sourcecode.c.h; path = KSStringXMLEntityEscaping.h; sourceTree = SOURCE_ROOT; };
		22352BCA14C6FD260031F5DD /* KSStringXMLEntityEscaping.m */ = {isa = PBXFileReference; fileEncoding = 4; lastKnownFileType = sourcecode.c.objc; path = KSStringXMLEntityEscaping.m; sourceTree = SOURCE_ROOT; };
		22352BCC14C6FD260031F5DD /* KSXMLAttributes.h */ = {isa = PBXFileReference; fileEncoding = 4; lastKnownFileType = sourcecode.c.h; path = KSXMLAttributes.h; sourceTree = SOURCE_ROOT; };
		22352BCD14C6FD260031F5DD /* KSXMLAttributes.m */ = {isa = PBXFileReference; fileEncoding = 4; lastKnownFileType = sourcecode.c.objc; path = KSXMLAttributes.m; sourceTree = SOURCE_ROOT; };
		22352BCE14C6FD260031F5DD /* KSXMLWriter.h */ = {isa = PBXFileReference; fileEncoding = 4; lastKnownFileType = sourcecode.c.h; path = KSXMLWriter.h; sourceTree = SOURCE_ROOT; };
		22352BCF14C6FD260031F5DD /* KSXMLWriter.m */ = {isa = PBXFileReference; fileEncoding = 4; lastKnownFileType = sourcecode.c.objc; path = KSXMLWriter.m; sourceTree = SOURCE_ROOT; };
		22352BD014C6FD260031F5DD /* README.mdown */ = {isa = PBXFileReference; fileEncoding = 4; lastKnownFileType = text; path = README.mdown; sourceTree = SOURCE_ROOT; };
		224EBE8C14F2974C0051B7BB /* README.mdown */ = {isa = PBXFileReference; lastKnownFileType = text; path = README.mdown; sourceTree = "<group>"; };
		228C7D2014CD74F000CC42FE /* KSXMLWriterTests.m */ = {isa = PBXFileReference; fileEncoding = 4; lastKnownFileType = sourcecode.c.objc; path = KSXMLWriterTests.m; sourceTree = "<group>"; };
		2291487B14CD7A0A00EFB4AB /* README.mdown */ = {isa = PBXFileReference; lastKnownFileType = text; name = README.mdown; path = Tests/README.mdown; sourceTree = "<group>"; };
		22C18C0114D3001700AE57DA /* ocunit2junit.rb */ = {isa = PBXFileReference; lastKnownFileType = text.script.ruby; path = ocunit2junit.rb; sourceTree = "<group>"; };
		22C18C0314D3001700AE57DA /* test.sh */ = {isa = PBXFileReference; lastKnownFileType = text.script.sh; path = test.sh; sourceTree = "<group>"; };
		22C1943214C6FE9D009A4406 /* KSBufferedWriter.h */ = {isa = PBXFileReference; fileEncoding = 4; lastKnownFileType = sourcecode.c.h; path = KSBufferedWriter.h; sourceTree = "<group>"; };
		22C1943314C6FE9D009A4406 /* KSBufferedWriter.m */ = {isa = PBXFileReference; fileEncoding = 4; lastKnownFileType = sourcecode.c.objc; path = KSBufferedWriter.m; sourceTree = "<group>"; };
		22C1943414C6FE9D009A4406 /* KSForwardingWriter.h */ = {isa = PBXFileReference; fileEncoding = 4; lastKnownFileType = sourcecode.c.h; path = KSForwardingWriter.h; sourceTree = "<group>"; };
		22C1943514C6FE9D009A4406 /* KSForwardingWriter.m */ = {isa = PBXFileReference; fileEncoding = 4; lastKnownFileType = sourcecode.c.objc; path = KSForwardingWriter.m; sourceTree = "<group>"; };
		22C1943614C6FE9D009A4406 /* KSMutableDataWriter.h */ = {isa = PBXFileReference; fileEncoding = 4; lastKnownFileType = sourcecode.c.h; path = KSMutableDataWriter.h; sourceTree = "<group>"; };
		22C1943714C6FE9D009A4406 /* KSMutableDataWriter.m */ = {isa = PBXFileReference; fileEncoding = 4; lastKnownFileType = sourcecode.c.objc; path = KSMutableDataWriter.m; sourceTree = "<group>"; };
		22C1943814C6FE9D009A4406 /* KSOutputStreamWriter.h */ = {isa = PBXFileReference; fileEncoding = 4; lastKnownFileType = sourcecode.c.h; path = KSOutputStreamWriter.h; sourceTree = "<group>"; };
		22C1943914C6FE9D009A4406 /* KSOutputStreamWriter.m */ = {isa = PBXFileReference; fileEncoding = 4; lastKnownFileType = sourcecode.c.objc; path = KSOutputStreamWriter.m; sourceTree = "<group>"; };
		22C1943A14C6FE9D009A4406 /* KSStringWriter.h */ = {isa = PBXFileReference; fileEncoding = 4; lastKnownFileType = sourcecode.c.h; path = KSStringWriter.h; sourceTree = "<group>"; };
		22C1943B14C6FE9D009A4406 /* KSStringWriter.m */ = {isa = PBXFileReference; fileEncoding = 4; lastKnownFileType = sourcecode.c.objc; path = KSStringWriter.m; sourceTree = "<group>"; };
		22C1943C14C6FE9D009A4406 /* KSWriter.h */ = {isa = PBXFileReference; fileEncoding = 4; lastKnownFileType = sourcecode.c.h; path = KSWriter.h; sourceTree = "<group>"; };
		22C1943D14C6FE9D009A4406 /* KSWriter.m */ = {isa = PBXFileReference; fileEncoding = 4; lastKnownFileType = sourcecode.c.objc; path = KSWriter.m; sourceTree = "<group>"; };
		22C1945214C7012F009A4406 /* KSHTMLWriterWebkitTestShell.app */ = {isa = PBXFileReference; explicitFileType = wrapper.application; includeInIndex = 0; path = KSHTMLWriterWebkitTestShell.app; sourceTree = BUILT_PRODUCTS_DIR; };
		22C1945714C70130009A4406 /* KSHTMLWriterWebkitTestShell-Info.plist */ = {isa = PBXFileReference; lastKnownFileType = text.plist.xml; path = "KSHTMLWriterWebkitTestShell-Info.plist"; sourceTree = "<group>"; };
		22C1945914C70130009A4406 /* en */ = {isa = PBXFileReference; lastKnownFileType = text.plist.strings; name = en; path = en.lproj/InfoPlist.strings; sourceTree = "<group>"; };
		22C1945B14C70130009A4406 /* main.m */ = {isa = PBXFileReference; lastKnownFileType = sourcecode.c.objc; path = main.m; sourceTree = "<group>"; };
		22C1945D14C70130009A4406 /* KSHTMLWriterWebkitTestShell-Prefix.pch */ = {isa = PBXFileReference; lastKnownFileType = sourcecode.c.h; path = "KSHTMLWriterWebkitTestShell-Prefix.pch"; sourceTree = "<group>"; };
		22C1945F14C70130009A4406 /* en */ = {isa = PBXFileReference; lastKnownFileType = text.rtf; name = en; path = en.lproj/Credits.rtf; sourceTree = "<group>"; };
		22C1946114C70130009A4406 /* AppDelegate.h */ = {isa = PBXFileReference; lastKnownFileType = sourcecode.c.h; path = AppDelegate.h; sourceTree = "<group>"; };
		22C1946214C70130009A4406 /* AppDelegate.m */ = {isa = PBXFileReference; lastKnownFileType = sourcecode.c.objc; path = AppDelegate.m; sourceTree = "<group>"; };
		22C1946514C70130009A4406 /* en */ = {isa = PBXFileReference; lastKnownFileType = file.xib; name = en; path = en.lproj/MainMenu.xib; sourceTree = "<group>"; };
		22C1946C14C70130009A4406 /* KSHTMLWriterWebkitTestShellTests.octest */ = {isa = PBXFileReference; explicitFileType = wrapper.cfbundle; includeInIndex = 0; path = KSHTMLWriterWebkitTestShellTests.octest; sourceTree = BUILT_PRODUCTS_DIR; };
		22C1947314C70130009A4406 /* KSHTMLWriterWebkitTestShellTests-Info.plist */ = {isa = PBXFileReference; lastKnownFileType = text.plist.xml; path = "KSHTMLWriterWebkitTestShellTests-Info.plist"; sourceTree = "<group>"; };
		22C1947514C70130009A4406 /* en */ = {isa = PBXFileReference; lastKnownFileType = text.plist.strings; name = en; path = en.lproj/InfoPlist.strings; sourceTree = "<group>"; };
		22C1947814C70130009A4406 /* KSHTMLWriterWebkitTestShellTests.m */ = {isa = PBXFileReference; lastKnownFileType = sourcecode.c.objc; path = KSHTMLWriterWebkitTestShellTests.m; sourceTree = "<group>"; };
		22C1948314C70604009A4406 /* en */ = {isa = PBXFileReference; lastKnownFileType = text.html; name = en; path = en.lproj/Stub.html; sourceTree = "<group>"; };
		22C1948714C709A1009A4406 /* WebKit.framework */ = {isa = PBXFileReference; lastKnownFileType = wrapper.framework; name = WebKit.framework; path = System/Library/Frameworks/WebKit.framework; sourceTree = SDKROOT; };
		22C1948D14C7173A009A4406 /* StubWindowController.h */ = {isa = PBXFileReference; fileEncoding = 4; lastKnownFileType = sourcecode.c.h; path = StubWindowController.h; sourceTree = "<group>"; };
		22C1948E14C7173A009A4406 /* StubWindowController.m */ = {isa = PBXFileReference; fileEncoding = 4; lastKnownFileType = sourcecode.c.objc; path = StubWindowController.m; sourceTree = "<group>"; };
		22C1949114C71774009A4406 /* en */ = {isa = PBXFileReference; lastKnownFileType = file.xib; name = en; path = en.lproj/StubWindow.xib; sourceTree = "<group>"; };
		22C194A914C72D87009A4406 /* Snippets */ = {isa = PBXFileReference; lastKnownFileType = folder; path = Snippets; sourceTree = "<group>"; };
		22F1017514D2E4D0006E2E95 /* KSXMLWriterCompoundTests.m */ = {isa = PBXFileReference; fileEncoding = 4; lastKnownFileType = sourcecode.c.objc; path = KSXMLWriterCompoundTests.m; sourceTree = "<group>"; };
		22F1017714D2E665006E2E95 /* Compound Tests.plist */ = {isa = PBXFileReference; fileEncoding = 4; lastKnownFileType = text.plist.xml; path = "Compound Tests.plist"; sourceTree = "<group>"; };
/* End PBXFileReference section */

/* Begin PBXFrameworksBuildPhase section */
		22352B8D14C6FCB00031F5DD /* Frameworks */ = {
			isa = PBXFrameworksBuildPhase;
			buildActionMask = 2147483647;
			files = (
				22352B9414C6FCB00031F5DD /* Cocoa.framework in Frameworks */,
			);
			runOnlyForDeploymentPostprocessing = 0;
		};
		22352BA014C6FCB00031F5DD /* Frameworks */ = {
			isa = PBXFrameworksBuildPhase;
			buildActionMask = 2147483647;
			files = (
				22352BA614C6FCB00031F5DD /* SenTestingKit.framework in Frameworks */,
				22352BA714C6FCB00031F5DD /* Cocoa.framework in Frameworks */,
				22352BAA14C6FCB00031F5DD /* libKSHTMLWriter.a in Frameworks */,
			);
			runOnlyForDeploymentPostprocessing = 0;
		};
		22C1944F14C7012F009A4406 /* Frameworks */ = {
			isa = PBXFrameworksBuildPhase;
			buildActionMask = 2147483647;
			files = (
				22C194AB14C73063009A4406 /* libKSHTMLWriter.a in Frameworks */,
				22C1948814C709A1009A4406 /* WebKit.framework in Frameworks */,
				22C1945414C7012F009A4406 /* Cocoa.framework in Frameworks */,
			);
			runOnlyForDeploymentPostprocessing = 0;
		};
		22C1946814C70130009A4406 /* Frameworks */ = {
			isa = PBXFrameworksBuildPhase;
			buildActionMask = 2147483647;
			files = (
				22C194AD14C73090009A4406 /* WebKit.framework in Frameworks */,
				22C194AC14C7307E009A4406 /* libKSHTMLWriter.a in Frameworks */,
				22C1946D14C70130009A4406 /* SenTestingKit.framework in Frameworks */,
				22C1946E14C70130009A4406 /* Cocoa.framework in Frameworks */,
			);
			runOnlyForDeploymentPostprocessing = 0;
		};
/* End PBXFrameworksBuildPhase section */

/* Begin PBXGroup section */
		22094E4614F291A400DAF5F7 /* Tests */ = {
			isa = PBXGroup;
			children = (
				224EBE8C14F2974C0051B7BB /* README.mdown */,
				22094E4714F291A400DAF5F7 /* KSWriterTests */,
				22094E5114F291A400DAF5F7 /* Scripts */,
			);
			path = Tests;
			sourceTree = "<group>";
		};
		22094E4714F291A400DAF5F7 /* KSWriterTests */ = {
			isa = PBXGroup;
			children = (
				22094E4814F291A400DAF5F7 /* Compound Tests.plist */,
				22094E4914F291A400DAF5F7 /* InfoPlist.strings */,
				22094E4B14F291A400DAF5F7 /* KSMutableDataWriterTests.m */,
				22094E4C14F291A400DAF5F7 /* KSOutputStreamWriterTests.m */,
				22094E4D14F291A400DAF5F7 /* KSStringWriterTests.m */,
				22094E4E14F291A400DAF5F7 /* KSWriterTestCase.h */,
				22094E4F14F291A400DAF5F7 /* KSWriterTestCase.m */,
				22094E5014F291A400DAF5F7 /* KSWriterTests-Info.plist */,
			);
			path = KSWriterTests;
			sourceTree = "<group>";
		};
		22094E5114F291A400DAF5F7 /* Scripts */ = {
			isa = PBXGroup;
			children = (
				22094E5214F291A400DAF5F7 /* ocunit2junit.rb */,
				22094E5314F291A400DAF5F7 /* test.sh */,
			);
			path = Scripts;
			sourceTree = "<group>";
		};
		22352B8514C6FCAF0031F5DD = {
			isa = PBXGroup;
			children = (
				22352BD014C6FD260031F5DD /* README.mdown */,
				22352B9914C6FCB00031F5DD /* KSHTMLWriter */,
				228C7D2314CD76F200CC42FE /* Tests */,
				22352B9214C6FCB00031F5DD /* Frameworks */,
				22352B9114C6FCB00031F5DD /* Products */,
			);
			sourceTree = "<group>";
		};
		22352B9114C6FCB00031F5DD /* Products */ = {
			isa = PBXGroup;
			children = (
				22352B9014C6FCB00031F5DD /* libKSHTMLWriter.a */,
				22352BA414C6FCB00031F5DD /* KSHTMLWriterTests.octest */,
				22C1945214C7012F009A4406 /* KSHTMLWriterWebkitTestShell.app */,
				22C1946C14C70130009A4406 /* KSHTMLWriterWebkitTestShellTests.octest */,
			);
			name = Products;
			sourceTree = "<group>";
		};
		22352B9214C6FCB00031F5DD /* Frameworks */ = {
			isa = PBXGroup;
			children = (
				22C1948714C709A1009A4406 /* WebKit.framework */,
				22352B9314C6FCB00031F5DD /* Cocoa.framework */,
				22352BA514C6FCB00031F5DD /* SenTestingKit.framework */,
				22352B9514C6FCB00031F5DD /* Other Frameworks */,
			);
			name = Frameworks;
			sourceTree = "<group>";
		};
		22352B9514C6FCB00031F5DD /* Other Frameworks */ = {
			isa = PBXGroup;
			children = (
				22352B9614C6FCB00031F5DD /* AppKit.framework */,
				22352B9714C6FCB00031F5DD /* CoreData.framework */,
				22352B9814C6FCB00031F5DD /* Foundation.framework */,
			);
			name = "Other Frameworks";
			sourceTree = "<group>";
		};
		22352B9914C6FCB00031F5DD /* KSHTMLWriter */ = {
			isa = PBXGroup;
			children = (
				22352BBF14C6FD260031F5DD /* CSS */,
				22352BC214C6FD260031F5DD /* DOM */,
				22352BC714C6FD260031F5DD /* KSHTMLWriter.h */,
				22352BC814C6FD260031F5DD /* KSHTMLWriter.m */,
				22352BC914C6FD260031F5DD /* KSStringXMLEntityEscaping.h */,
				22352BCA14C6FD260031F5DD /* KSStringXMLEntityEscaping.m */,
				22352BCB14C6FD260031F5DD /* KSWriter */,
				22352BCC14C6FD260031F5DD /* KSXMLAttributes.h */,
				22352BCD14C6FD260031F5DD /* KSXMLAttributes.m */,
				22352BCE14C6FD260031F5DD /* KSXMLWriter.h */,
				22352BCF14C6FD260031F5DD /* KSXMLWriter.m */,
				22352B9A14C6FCB00031F5DD /* Supporting Files */,
			);
			path = KSHTMLWriter;
			sourceTree = "<group>";
		};
		22352B9A14C6FCB00031F5DD /* Supporting Files */ = {
			isa = PBXGroup;
			children = (
				22352BC614C6FD260031F5DD /* KSHTMLWriter-Prefix.pch */,
			);
			name = "Supporting Files";
			sourceTree = "<group>";
		};
		22352BAB14C6FCB00031F5DD /* KSHTMLWriterTests */ = {
			isa = PBXGroup;
			children = (
				22F1017514D2E4D0006E2E95 /* KSXMLWriterCompoundTests.m */,
				228C7D2014CD74F000CC42FE /* KSXMLWriterTests.m */,
				22352BAC14C6FCB00031F5DD /* Supporting Files */,
			);
			name = KSHTMLWriterTests;
			path = Tests/KSHTMLWriterTests;
			sourceTree = "<group>";
		};
		22352BAC14C6FCB00031F5DD /* Supporting Files */ = {
			isa = PBXGroup;
			children = (
				22352BAD14C6FCB00031F5DD /* KSHTMLWriterTests-Info.plist */,
				22F1017714D2E665006E2E95 /* Compound Tests.plist */,
				22352BAE14C6FCB00031F5DD /* InfoPlist.strings */,
			);
			name = "Supporting Files";
			sourceTree = "<group>";
		};
		22352BBF14C6FD260031F5DD /* CSS */ = {
			isa = PBXGroup;
			children = (
				22352BC014C6FD260031F5DD /* KSCSSWriter.h */,
				22352BC114C6FD260031F5DD /* KSCSSWriter.m */,
			);
			path = CSS;
			sourceTree = SOURCE_ROOT;
		};
		22352BC214C6FD260031F5DD /* DOM */ = {
			isa = PBXGroup;
			children = (
				22352BC314C6FD260031F5DD /* KSXMLWriterDOMAdaptor.h */,
				22352BC414C6FD260031F5DD /* KSXMLWriterDOMAdaptor.m */,
			);
			path = DOM;
			sourceTree = SOURCE_ROOT;
		};
		22352BCB14C6FD260031F5DD /* KSWriter */ = {
			isa = PBXGroup;
			children = (
				22C1943214C6FE9D009A4406 /* KSBufferedWriter.h */,
				22C1943314C6FE9D009A4406 /* KSBufferedWriter.m */,
				22C1943414C6FE9D009A4406 /* KSForwardingWriter.h */,
				22C1943514C6FE9D009A4406 /* KSForwardingWriter.m */,
				22C1943614C6FE9D009A4406 /* KSMutableDataWriter.h */,
				22C1943714C6FE9D009A4406 /* KSMutableDataWriter.m */,
				22C1943814C6FE9D009A4406 /* KSOutputStreamWriter.h */,
				22C1943914C6FE9D009A4406 /* KSOutputStreamWriter.m */,
				22C1943A14C6FE9D009A4406 /* KSStringWriter.h */,
				22C1943B14C6FE9D009A4406 /* KSStringWriter.m */,
				22C1943C14C6FE9D009A4406 /* KSWriter.h */,
				22C1943D14C6FE9D009A4406 /* KSWriter.m */,
				22094E4614F291A400DAF5F7 /* Tests */,
			);
			path = KSWriter;
			sourceTree = SOURCE_ROOT;
		};
		228C7D2314CD76F200CC42FE /* Tests */ = {
			isa = PBXGroup;
			children = (
				2291487B14CD7A0A00EFB4AB /* README.mdown */,
				22352BAB14C6FCB00031F5DD /* KSHTMLWriterTests */,
				22C1947114C70130009A4406 /* KSHTMLWriterWebkitTestShellTests */,
				22C1945514C70130009A4406 /* KSHTMLWriterWebkitTestShell */,
				22C18C0014D3001700AE57DA /* Scripts */,
			);
			name = Tests;
			sourceTree = "<group>";
		};
		22C18C0014D3001700AE57DA /* Scripts */ = {
			isa = PBXGroup;
			children = (
				22C18C0114D3001700AE57DA /* ocunit2junit.rb */,
				22C18C0314D3001700AE57DA /* test.sh */,
			);
			name = Scripts;
			path = Tests/Scripts;
			sourceTree = "<group>";
		};
		22C1945514C70130009A4406 /* KSHTMLWriterWebkitTestShell */ = {
			isa = PBXGroup;
			children = (
				22C1946114C70130009A4406 /* AppDelegate.h */,
				22C1946214C70130009A4406 /* AppDelegate.m */,
				22C1948D14C7173A009A4406 /* StubWindowController.h */,
				22C1948E14C7173A009A4406 /* StubWindowController.m */,
				22C1946414C70130009A4406 /* MainMenu.xib */,
				22C1949014C71774009A4406 /* StubWindow.xib */,
				22C1948214C70604009A4406 /* Stub.html */,
				22C194A914C72D87009A4406 /* Snippets */,
				22C1945614C70130009A4406 /* Supporting Files */,
			);
			name = KSHTMLWriterWebkitTestShell;
			path = Tests/KSHTMLWriterWebkitTestShell;
			sourceTree = "<group>";
		};
		22C1945614C70130009A4406 /* Supporting Files */ = {
			isa = PBXGroup;
			children = (
				22C1945714C70130009A4406 /* KSHTMLWriterWebkitTestShell-Info.plist */,
				22C1945814C70130009A4406 /* InfoPlist.strings */,
				22C1945B14C70130009A4406 /* main.m */,
				22C1945D14C70130009A4406 /* KSHTMLWriterWebkitTestShell-Prefix.pch */,
				22C1945E14C70130009A4406 /* Credits.rtf */,
			);
			name = "Supporting Files";
			sourceTree = "<group>";
		};
		22C1947114C70130009A4406 /* KSHTMLWriterWebkitTestShellTests */ = {
			isa = PBXGroup;
			children = (
				22C1947814C70130009A4406 /* KSHTMLWriterWebkitTestShellTests.m */,
				2234292714E93EEC00FCEFD4 /* KSHTMLWriterSnippetTests.m */,
				22C1947214C70130009A4406 /* Supporting Files */,
			);
			name = KSHTMLWriterWebkitTestShellTests;
			path = Tests/KSHTMLWriterWebkitTestShellTests;
			sourceTree = "<group>";
		};
		22C1947214C70130009A4406 /* Supporting Files */ = {
			isa = PBXGroup;
			children = (
				22C1947314C70130009A4406 /* KSHTMLWriterWebkitTestShellTests-Info.plist */,
				22C1947414C70130009A4406 /* InfoPlist.strings */,
			);
			name = "Supporting Files";
			sourceTree = "<group>";
		};
/* End PBXGroup section */

/* Begin PBXHeadersBuildPhase section */
		22352B8E14C6FCB00031F5DD /* Headers */ = {
			isa = PBXHeadersBuildPhase;
			buildActionMask = 2147483647;
			files = (
				22352BD114C6FD260031F5DD /* KSCSSWriter.h in Headers */,
				22352BD314C6FD260031F5DD /* KSXMLWriterDOMAdaptor.h in Headers */,
				22352BD514C6FD260031F5DD /* KSHTMLWriter-Prefix.pch in Headers */,
				22352BD614C6FD260031F5DD /* KSHTMLWriter.h in Headers */,
				22352BD814C6FD260031F5DD /* KSStringXMLEntityEscaping.h in Headers */,
				22352BDA14C6FD260031F5DD /* KSXMLAttributes.h in Headers */,
				22352BDC14C6FD260031F5DD /* KSXMLWriter.h in Headers */,
				22C1943E14C6FE9D009A4406 /* KSBufferedWriter.h in Headers */,
				22C1944014C6FE9D009A4406 /* KSForwardingWriter.h in Headers */,
				22C1944214C6FE9D009A4406 /* KSMutableDataWriter.h in Headers */,
				22C1944414C6FE9D009A4406 /* KSOutputStreamWriter.h in Headers */,
				22C1944614C6FE9D009A4406 /* KSStringWriter.h in Headers */,
				22C1944814C6FE9D009A4406 /* KSWriter.h in Headers */,
			);
			runOnlyForDeploymentPostprocessing = 0;
		};
/* End PBXHeadersBuildPhase section */

/* Begin PBXNativeTarget section */
		22352B8F14C6FCB00031F5DD /* KSHTMLWriter */ = {
			isa = PBXNativeTarget;
			buildConfigurationList = 22352BB614C6FCB00031F5DD /* Build configuration list for PBXNativeTarget "KSHTMLWriter" */;
			buildPhases = (
				22352B8C14C6FCB00031F5DD /* Sources */,
				22352B8D14C6FCB00031F5DD /* Frameworks */,
				22352B8E14C6FCB00031F5DD /* Headers */,
			);
			buildRules = (
			);
			dependencies = (
			);
			name = KSHTMLWriter;
			productName = KSHTMLWriter;
			productReference = 22352B9014C6FCB00031F5DD /* libKSHTMLWriter.a */;
			productType = "com.apple.product-type.library.static";
		};
		22352BA314C6FCB00031F5DD /* KSHTMLWriterTests */ = {
			isa = PBXNativeTarget;
			buildConfigurationList = 22352BB914C6FCB00031F5DD /* Build configuration list for PBXNativeTarget "KSHTMLWriterTests" */;
			buildPhases = (
				22352B9F14C6FCB00031F5DD /* Sources */,
				22352BA014C6FCB00031F5DD /* Frameworks */,
				22352BA114C6FCB00031F5DD /* Resources */,
				22352BA214C6FCB00031F5DD /* ShellScript */,
			);
			buildRules = (
			);
			dependencies = (
				22352BA914C6FCB00031F5DD /* PBXTargetDependency */,
			);
			name = KSHTMLWriterTests;
			productName = KSHTMLWriterTests;
			productReference = 22352BA414C6FCB00031F5DD /* KSHTMLWriterTests.octest */;
			productType = "com.apple.product-type.bundle";
		};
		22C1945114C7012F009A4406 /* KSHTMLWriterWebkitTestShell */ = {
			isa = PBXNativeTarget;
			buildConfigurationList = 22C1947A14C70130009A4406 /* Build configuration list for PBXNativeTarget "KSHTMLWriterWebkitTestShell" */;
			buildPhases = (
				22C1944E14C7012F009A4406 /* Sources */,
				22C1944F14C7012F009A4406 /* Frameworks */,
				22C1945014C7012F009A4406 /* Resources */,
			);
			buildRules = (
			);
			dependencies = (
				22C1948614C70996009A4406 /* PBXTargetDependency */,
			);
			name = KSHTMLWriterWebkitTestShell;
			productName = KSHTMLWriterWebkitTestShell;
			productReference = 22C1945214C7012F009A4406 /* KSHTMLWriterWebkitTestShell.app */;
			productType = "com.apple.product-type.application";
		};
		22C1946B14C70130009A4406 /* KSHTMLWriterWebkitTestShellTests */ = {
			isa = PBXNativeTarget;
			buildConfigurationList = 22C1947D14C70130009A4406 /* Build configuration list for PBXNativeTarget "KSHTMLWriterWebkitTestShellTests" */;
			buildPhases = (
				22C1946714C70130009A4406 /* Sources */,
				22C1946814C70130009A4406 /* Frameworks */,
				22C1946914C70130009A4406 /* Resources */,
				22C1946A14C70130009A4406 /* ShellScript */,
			);
			buildRules = (
			);
			dependencies = (
				22C1947014C70130009A4406 /* PBXTargetDependency */,
			);
			name = KSHTMLWriterWebkitTestShellTests;
			productName = KSHTMLWriterWebkitTestShellTests;
			productReference = 22C1946C14C70130009A4406 /* KSHTMLWriterWebkitTestShellTests.octest */;
			productType = "com.apple.product-type.bundle";
		};
/* End PBXNativeTarget section */

/* Begin PBXProject section */
		22352B8714C6FCAF0031F5DD /* Project object */ = {
			isa = PBXProject;
			attributes = {
				LastUpgradeCheck = 0430;
				ORGANIZATIONNAME = "Karelia Software";
			};
			buildConfigurationList = 22352B8A14C6FCAF0031F5DD /* Build configuration list for PBXProject "KSHTMLWriter" */;
			compatibilityVersion = "Xcode 3.2";
			developmentRegion = English;
			hasScannedForEncodings = 0;
			knownRegions = (
				en,
			);
			mainGroup = 22352B8514C6FCAF0031F5DD;
			productRefGroup = 22352B9114C6FCB00031F5DD /* Products */;
			projectDirPath = "";
			projectRoot = "";
			targets = (
				22352B8F14C6FCB00031F5DD /* KSHTMLWriter */,
				22352BA314C6FCB00031F5DD /* KSHTMLWriterTests */,
				22C1945114C7012F009A4406 /* KSHTMLWriterWebkitTestShell */,
				22C1946B14C70130009A4406 /* KSHTMLWriterWebkitTestShellTests */,
			);
		};
/* End PBXProject section */

/* Begin PBXResourcesBuildPhase section */
		22352BA114C6FCB00031F5DD /* Resources */ = {
			isa = PBXResourcesBuildPhase;
			buildActionMask = 2147483647;
			files = (
				22352BB014C6FCB00031F5DD /* InfoPlist.strings in Resources */,
				22F1017814D2E665006E2E95 /* Compound Tests.plist in Resources */,
			);
			runOnlyForDeploymentPostprocessing = 0;
		};
		22C1945014C7012F009A4406 /* Resources */ = {
			isa = PBXResourcesBuildPhase;
			buildActionMask = 2147483647;
			files = (
				22C1945A14C70130009A4406 /* InfoPlist.strings in Resources */,
				22C1946014C70130009A4406 /* Credits.rtf in Resources */,
				22C1946614C70130009A4406 /* MainMenu.xib in Resources */,
				22C1948414C70604009A4406 /* Stub.html in Resources */,
				22C1949214C71774009A4406 /* StubWindow.xib in Resources */,
				22C194AA14C72D87009A4406 /* Snippets in Resources */,
			);
			runOnlyForDeploymentPostprocessing = 0;
		};
		22C1946914C70130009A4406 /* Resources */ = {
			isa = PBXResourcesBuildPhase;
			buildActionMask = 2147483647;
			files = (
				22C1947614C70130009A4406 /* InfoPlist.strings in Resources */,
			);
			runOnlyForDeploymentPostprocessing = 0;
		};
/* End PBXResourcesBuildPhase section */

/* Begin PBXShellScriptBuildPhase section */
		22352BA214C6FCB00031F5DD /* ShellScript */ = {
			isa = PBXShellScriptBuildPhase;
			buildActionMask = 2147483647;
			files = (
			);
			inputPaths = (
			);
			outputPaths = (
			);
			runOnlyForDeploymentPostprocessing = 0;
			shellPath = /bin/sh;
			shellScript = "# Run the unit tests in this test bundle.\n\"${SYSTEM_DEVELOPER_DIR}/Tools/RunUnitTests\"\n";
			showEnvVarsInLog = 0;
		};
		22C1946A14C70130009A4406 /* ShellScript */ = {
			isa = PBXShellScriptBuildPhase;
			buildActionMask = 2147483647;
			files = (
			);
			inputPaths = (
			);
			outputPaths = (
			);
			runOnlyForDeploymentPostprocessing = 0;
			shellPath = /bin/sh;
			shellScript = "# Run the unit tests in this test bundle.\n\"${SYSTEM_DEVELOPER_DIR}/Tools/RunUnitTests\"\n";
			showEnvVarsInLog = 0;
		};
/* End PBXShellScriptBuildPhase section */

/* Begin PBXSourcesBuildPhase section */
		22352B8C14C6FCB00031F5DD /* Sources */ = {
			isa = PBXSourcesBuildPhase;
			buildActionMask = 2147483647;
			files = (
				22352BD214C6FD260031F5DD /* KSCSSWriter.m in Sources */,
				22352BD414C6FD260031F5DD /* KSXMLWriterDOMAdaptor.m in Sources */,
				22352BD714C6FD260031F5DD /* KSHTMLWriter.m in Sources */,
				22352BD914C6FD260031F5DD /* KSStringXMLEntityEscaping.m in Sources */,
				22352BDB14C6FD260031F5DD /* KSXMLAttributes.m in Sources */,
				22352BDD14C6FD260031F5DD /* KSXMLWriter.m in Sources */,
				22C1943F14C6FE9D009A4406 /* KSBufferedWriter.m in Sources */,
				22C1944114C6FE9D009A4406 /* KSForwardingWriter.m in Sources */,
				22C1944314C6FE9D009A4406 /* KSMutableDataWriter.m in Sources */,
				22C1944514C6FE9D009A4406 /* KSOutputStreamWriter.m in Sources */,
				22C1944714C6FE9D009A4406 /* KSStringWriter.m in Sources */,
				22C1944914C6FE9D009A4406 /* KSWriter.m in Sources */,
			);
			runOnlyForDeploymentPostprocessing = 0;
		};
		22352B9F14C6FCB00031F5DD /* Sources */ = {
			isa = PBXSourcesBuildPhase;
			buildActionMask = 2147483647;
			files = (
				228C7D2214CD74F000CC42FE /* KSXMLWriterTests.m in Sources */,
				22F1017414D1C6DB006E2E95 /* KSWriter.m in Sources */,
				22F1017614D2E4D0006E2E95 /* KSXMLWriterCompoundTests.m in Sources */,
				22094E5614F2928200DAF5F7 /* KSMutableDataWriterTests.m in Sources */,
				22094E5714F2928200DAF5F7 /* KSOutputStreamWriterTests.m in Sources */,
				22094E5814F2928200DAF5F7 /* KSStringWriterTests.m in Sources */,
				22094E5914F2928200DAF5F7 /* KSWriterTestCase.m in Sources */,
			);
			runOnlyForDeploymentPostprocessing = 0;
		};
		22C1944E14C7012F009A4406 /* Sources */ = {
			isa = PBXSourcesBuildPhase;
			buildActionMask = 2147483647;
			files = (
				22C1945C14C70130009A4406 /* main.m in Sources */,
				22C1946314C70130009A4406 /* AppDelegate.m in Sources */,
				22C1948F14C7173A009A4406 /* StubWindowController.m in Sources */,
			);
			runOnlyForDeploymentPostprocessing = 0;
		};
		22C1946714C70130009A4406 /* Sources */ = {
			isa = PBXSourcesBuildPhase;
			buildActionMask = 2147483647;
			files = (
				22C1947914C70130009A4406 /* KSHTMLWriterWebkitTestShellTests.m in Sources */,
				2234292A14E93F2900FCEFD4 /* KSHTMLWriterSnippetTests.m in Sources */,
				22094E5A14F292F500DAF5F7 /* KSWriterTestCase.m in Sources */,
			);
			runOnlyForDeploymentPostprocessing = 0;
		};
/* End PBXSourcesBuildPhase section */

/* Begin PBXTargetDependency section */
		22352BA914C6FCB00031F5DD /* PBXTargetDependency */ = {
			isa = PBXTargetDependency;
			target = 22352B8F14C6FCB00031F5DD /* KSHTMLWriter */;
			targetProxy = 22352BA814C6FCB00031F5DD /* PBXContainerItemProxy */;
		};
		22C1947014C70130009A4406 /* PBXTargetDependency */ = {
			isa = PBXTargetDependency;
			target = 22C1945114C7012F009A4406 /* KSHTMLWriterWebkitTestShell */;
			targetProxy = 22C1946F14C70130009A4406 /* PBXContainerItemProxy */;
		};
		22C1948614C70996009A4406 /* PBXTargetDependency */ = {
			isa = PBXTargetDependency;
			target = 22352B8F14C6FCB00031F5DD /* KSHTMLWriter */;
			targetProxy = 22C1948514C70996009A4406 /* PBXContainerItemProxy */;
		};
/* End PBXTargetDependency section */

/* Begin PBXVariantGroup section */
		22094E4914F291A400DAF5F7 /* InfoPlist.strings */ = {
			isa = PBXVariantGroup;
			children = (
				22094E4A14F291A400DAF5F7 /* en */,
			);
			name = InfoPlist.strings;
			sourceTree = "<group>";
		};
		22352BAE14C6FCB00031F5DD /* InfoPlist.strings */ = {
			isa = PBXVariantGroup;
			children = (
				22352BAF14C6FCB00031F5DD /* en */,
			);
			name = InfoPlist.strings;
			sourceTree = "<group>";
		};
		22C1945814C70130009A4406 /* InfoPlist.strings */ = {
			isa = PBXVariantGroup;
			children = (
				22C1945914C70130009A4406 /* en */,
			);
			name = InfoPlist.strings;
			sourceTree = "<group>";
		};
		22C1945E14C70130009A4406 /* Credits.rtf */ = {
			isa = PBXVariantGroup;
			children = (
				22C1945F14C70130009A4406 /* en */,
			);
			name = Credits.rtf;
			sourceTree = "<group>";
		};
		22C1946414C70130009A4406 /* MainMenu.xib */ = {
			isa = PBXVariantGroup;
			children = (
				22C1946514C70130009A4406 /* en */,
			);
			name = MainMenu.xib;
			sourceTree = "<group>";
		};
		22C1947414C70130009A4406 /* InfoPlist.strings */ = {
			isa = PBXVariantGroup;
			children = (
				22C1947514C70130009A4406 /* en */,
			);
			name = InfoPlist.strings;
			sourceTree = "<group>";
		};
		22C1948214C70604009A4406 /* Stub.html */ = {
			isa = PBXVariantGroup;
			children = (
				22C1948314C70604009A4406 /* en */,
			);
			name = Stub.html;
			sourceTree = "<group>";
		};
		22C1949014C71774009A4406 /* StubWindow.xib */ = {
			isa = PBXVariantGroup;
			children = (
				22C1949114C71774009A4406 /* en */,
			);
			name = StubWindow.xib;
			sourceTree = "<group>";
		};
/* End PBXVariantGroup section */

/* Begin XCBuildConfiguration section */
		22352BB414C6FCB00031F5DD /* Debug */ = {
			isa = XCBuildConfiguration;
			buildSettings = {
				ALWAYS_SEARCH_USER_PATHS = NO;
				ARCHS = "$(ARCHS_STANDARD_64_BIT)";
				COPY_PHASE_STRIP = NO;
				GCC_C_LANGUAGE_STANDARD = gnu99;
				GCC_DYNAMIC_NO_PIC = NO;
				GCC_ENABLE_OBJC_EXCEPTIONS = YES;
				GCC_OPTIMIZATION_LEVEL = 0;
				GCC_PREPROCESSOR_DEFINITIONS = (
					"DEBUG=1",
					"$(inherited)",
				);
				GCC_SYMBOLS_PRIVATE_EXTERN = NO;
				GCC_TREAT_WARNINGS_AS_ERRORS = YES;
				GCC_VERSION = "";
				GCC_WARN_64_TO_32_BIT_CONVERSION = YES;
				GCC_WARN_ABOUT_MISSING_PROTOTYPES = YES;
				GCC_WARN_ABOUT_RETURN_TYPE = YES;
				GCC_WARN_UNDECLARED_SELECTOR = YES;
				GCC_WARN_UNINITIALIZED_AUTOS = YES;
				GCC_WARN_UNUSED_VARIABLE = YES;
				MACOSX_DEPLOYMENT_TARGET = 10.7;
				ONLY_ACTIVE_ARCH = YES;
				RUN_CLANG_STATIC_ANALYZER = YES;
				SDKROOT = macosx;
			};
			name = Debug;
		};
		22352BB514C6FCB00031F5DD /* Release */ = {
			isa = XCBuildConfiguration;
			buildSettings = {
				ALWAYS_SEARCH_USER_PATHS = NO;
				ARCHS = "$(ARCHS_STANDARD_64_BIT)";
				COPY_PHASE_STRIP = YES;
				DEBUG_INFORMATION_FORMAT = "dwarf-with-dsym";
				GCC_C_LANGUAGE_STANDARD = gnu99;
				GCC_ENABLE_OBJC_EXCEPTIONS = YES;
				GCC_TREAT_WARNINGS_AS_ERRORS = YES;
				GCC_VERSION = "";
				GCC_WARN_64_TO_32_BIT_CONVERSION = YES;
				GCC_WARN_ABOUT_MISSING_PROTOTYPES = YES;
				GCC_WARN_ABOUT_RETURN_TYPE = YES;
				GCC_WARN_UNDECLARED_SELECTOR = YES;
				GCC_WARN_UNINITIALIZED_AUTOS = YES;
				GCC_WARN_UNUSED_VARIABLE = YES;
				MACOSX_DEPLOYMENT_TARGET = 10.7;
				RUN_CLANG_STATIC_ANALYZER = YES;
				SDKROOT = macosx;
			};
			name = Release;
		};
		22352BB714C6FCB00031F5DD /* Debug */ = {
			isa = XCBuildConfiguration;
			buildSettings = {
				GCC_PRECOMPILE_PREFIX_HEADER = YES;
				GCC_PREFIX_HEADER = "KSHTMLWriter-Prefix.pch";
				OTHER_LDFLAGS = "-ObjC";
				PRODUCT_NAME = "$(TARGET_NAME)";
			};
			name = Debug;
		};
		22352BB814C6FCB00031F5DD /* Release */ = {
			isa = XCBuildConfiguration;
			buildSettings = {
				GCC_PRECOMPILE_PREFIX_HEADER = YES;
				GCC_PREFIX_HEADER = "KSHTMLWriter-Prefix.pch";
				OTHER_LDFLAGS = "-ObjC";
				PRODUCT_NAME = "$(TARGET_NAME)";
			};
			name = Release;
		};
		22352BBA14C6FCB00031F5DD /* Debug */ = {
			isa = XCBuildConfiguration;
			buildSettings = {
				FRAMEWORK_SEARCH_PATHS = "$(DEVELOPER_LIBRARY_DIR)/Frameworks";
				GCC_PRECOMPILE_PREFIX_HEADER = YES;
				GCC_PREFIX_HEADER = "KSHTMLWriter-Prefix.pch";
				INFOPLIST_FILE = "Tests/KSHTMLWriterTests/KSHTMLWriterTests-Info.plist";
				PRODUCT_NAME = "$(TARGET_NAME)";
				WRAPPER_EXTENSION = octest;
			};
			name = Debug;
		};
		22352BBB14C6FCB00031F5DD /* Release */ = {
			isa = XCBuildConfiguration;
			buildSettings = {
				FRAMEWORK_SEARCH_PATHS = "$(DEVELOPER_LIBRARY_DIR)/Frameworks";
				GCC_PRECOMPILE_PREFIX_HEADER = YES;
				GCC_PREFIX_HEADER = "KSHTMLWriter-Prefix.pch";
				INFOPLIST_FILE = "Tests/KSHTMLWriterTests/KSHTMLWriterTests-Info.plist";
				PRODUCT_NAME = "$(TARGET_NAME)";
				WRAPPER_EXTENSION = octest;
			};
			name = Release;
		};
		22C1947B14C70130009A4406 /* Debug */ = {
			isa = XCBuildConfiguration;
			buildSettings = {
				GCC_PRECOMPILE_PREFIX_HEADER = YES;
				GCC_PREFIX_HEADER = "Tests/KSHTMLWriterWebkitTestShell/KSHTMLWriterWebkitTestShell-Prefix.pch";
				INFOPLIST_FILE = "Tests/KSHTMLWriterWebkitTestShell/KSHTMLWriterWebkitTestShell-Info.plist";
				PRODUCT_NAME = "$(TARGET_NAME)";
				WRAPPER_EXTENSION = app;
			};
			name = Debug;
		};
		22C1947C14C70130009A4406 /* Release */ = {
			isa = XCBuildConfiguration;
			buildSettings = {
				GCC_PRECOMPILE_PREFIX_HEADER = YES;
				GCC_PREFIX_HEADER = "Tests/KSHTMLWriterWebkitTestShell/KSHTMLWriterWebkitTestShell-Prefix.pch";
				INFOPLIST_FILE = "Tests/KSHTMLWriterWebkitTestShell/KSHTMLWriterWebkitTestShell-Info.plist";
				PRODUCT_NAME = "$(TARGET_NAME)";
				WRAPPER_EXTENSION = app;
			};
			name = Release;
		};
		22C1947E14C70130009A4406 /* Debug */ = {
			isa = XCBuildConfiguration;
			buildSettings = {
				BUNDLE_LOADER = "$(BUILT_PRODUCTS_DIR)/KSHTMLWriterWebkitTestShell.app/Contents/MacOS/KSHTMLWriterWebkitTestShell";
				FRAMEWORK_SEARCH_PATHS = "$(DEVELOPER_LIBRARY_DIR)/Frameworks";
				GCC_PRECOMPILE_PREFIX_HEADER = YES;
				GCC_PREFIX_HEADER = "Tests/KSHTMLWriterWebkitTestShell/KSHTMLWriterWebkitTestShell-Prefix.pch";
				INFOPLIST_FILE = "Tests/KSHTMLWriterWebkitTestShellTests/KSHTMLWriterWebkitTestShellTests-Info.plist";
				PRODUCT_NAME = "$(TARGET_NAME)";
				TEST_HOST = "$(BUNDLE_LOADER)";
				WRAPPER_EXTENSION = octest;
			};
			name = Debug;
		};
		22C1947F14C70130009A4406 /* Release */ = {
			isa = XCBuildConfiguration;
			buildSettings = {
				BUNDLE_LOADER = "$(BUILT_PRODUCTS_DIR)/KSHTMLWriterWebkitTestShell.app/Contents/MacOS/KSHTMLWriterWebkitTestShell";
				FRAMEWORK_SEARCH_PATHS = "$(DEVELOPER_LIBRARY_DIR)/Frameworks";
				GCC_PRECOMPILE_PREFIX_HEADER = YES;
				GCC_PREFIX_HEADER = "Tests/KSHTMLWriterWebkitTestShell/KSHTMLWriterWebkitTestShell-Prefix.pch";
				INFOPLIST_FILE = "Tests/KSHTMLWriterWebkitTestShellTests/KSHTMLWriterWebkitTestShellTests-Info.plist";
				PRODUCT_NAME = "$(TARGET_NAME)";
				TEST_HOST = "$(BUNDLE_LOADER)";
				WRAPPER_EXTENSION = octest;
			};
			name = Release;
		};
/* End XCBuildConfiguration section */

/* Begin XCConfigurationList section */
		22352B8A14C6FCAF0031F5DD /* Build configuration list for PBXProject "KSHTMLWriter" */ = {
			isa = XCConfigurationList;
			buildConfigurations = (
				22352BB414C6FCB00031F5DD /* Debug */,
				22352BB514C6FCB00031F5DD /* Release */,
			);
			defaultConfigurationIsVisible = 0;
			defaultConfigurationName = Release;
		};
		22352BB614C6FCB00031F5DD /* Build configuration list for PBXNativeTarget "KSHTMLWriter" */ = {
			isa = XCConfigurationList;
			buildConfigurations = (
				22352BB714C6FCB00031F5DD /* Debug */,
				22352BB814C6FCB00031F5DD /* Release */,
			);
			defaultConfigurationIsVisible = 0;
			defaultConfigurationName = Release;
		};
		22352BB914C6FCB00031F5DD /* Build configuration list for PBXNativeTarget "KSHTMLWriterTests" */ = {
			isa = XCConfigurationList;
			buildConfigurations = (
				22352BBA14C6FCB00031F5DD /* Debug */,
				22352BBB14C6FCB00031F5DD /* Release */,
			);
			defaultConfigurationIsVisible = 0;
			defaultConfigurationName = Release;
		};
		22C1947A14C70130009A4406 /* Build configuration list for PBXNativeTarget "KSHTMLWriterWebkitTestShell" */ = {
			isa = XCConfigurationList;
			buildConfigurations = (
				22C1947B14C70130009A4406 /* Debug */,
				22C1947C14C70130009A4406 /* Release */,
			);
			defaultConfigurationIsVisible = 0;
			defaultConfigurationName = Release;
		};
		22C1947D14C70130009A4406 /* Build configuration list for PBXNativeTarget "KSHTMLWriterWebkitTestShellTests" */ = {
			isa = XCConfigurationList;
			buildConfigurations = (
				22C1947E14C70130009A4406 /* Debug */,
				22C1947F14C70130009A4406 /* Release */,
			);
			defaultConfigurationIsVisible = 0;
			defaultConfigurationName = Release;
		};
/* End XCConfigurationList section */
	};
	rootObject = 22352B8714C6FCAF0031F5DD /* Project object */;
}
